
Microsoft Visual Studio Solution File, Format Version 10.00
# Visual Studio 2008
Project("{FAE04EC0-301F-11D3-BF4B-00C04F79EFBC}") = "FluentAspect.Sample.CF", "FluentAspect.Sample\FluentAspect.Sample.CF.csproj", "{8CB7699F-6B65-414E-B15F-19FEE6A31BB6}"
EndProject
Project("{FAE04EC0-301F-11D3-BF4B-00C04F79EFBC}") = "FluentAspect.Core.CF", "FluentAspect.Core\FluentAspect.Core.CF.csproj", "{C7767C6F-3874-4D30-989E-D6A15F737FD0}"
EndProject
Project("{FAE04EC0-301F-11D3-BF4B-00C04F79EFBC}") = "FluentAspect.Core", "FluentAspect.Core\FluentAspect.Core.csproj", "{D9877E16-93EF-4B3C-B671-8BE39BC41D94}"
EndProject
Project("{FAE04EC0-301F-11D3-BF4B-00C04F79EFBC}") = "FluentAspect.Sample", "FluentAspect.Sample\FluentAspect.Sample.csproj", "{6E481F61-CF92-4881-8F88-46C83B3018F7}"
EndProject
Project("{FAE04EC0-301F-11D3-BF4B-00C04F79EFBC}") = "FluentAspect.Weaver", "FluentAspect.Weaver\FluentAspect.Weaver.csproj", "{28912034-8A56-4B8E-BAA1-02C50149CA68}"
EndProject
Project("{FAE04EC0-301F-11D3-BF4B-00C04F79EFBC}") = "FluentAspect.Weaver.Tests", "FluentAspect.Weaver.Tests\FluentAspect.Weaver.Tests.csproj", "{2158446B-9E58-4E9D-BDC4-27A5A90365D1}"
EndProject
Project("{2150E333-8FDC-42A3-9474-1A3956D46DE8}") = "Libs", "Libs", "{AD2CC209-7B86-4925-94A7-4F200AE44E4B}"
EndProject
Project("{FAE04EC0-301F-11D3-BF4B-00C04F79EFBC}") = "Mono.Cecil", "..\lib\cecil-master\Mono.Cecil.csproj", "{D68133BD-1E63-496E-9EDE-4FBDBF77B486}"
EndProject
Project("{FAE04EC0-301F-11D3-BF4B-00C04F79EFBC}") = "Mono.Cecil.Pdb", "..\lib\cecil-master\symbols\pdb\Mono.Cecil.Pdb.csproj", "{63E6915C-7EA4-4D76-AB28-0D7191EEA626}"
EndProject
Project("{FAE04EC0-301F-11D3-BF4B-00C04F79EFBC}") = "Mono.Cecil.Mdb", "..\lib\cecil-master\symbols\mdb\Mono.Cecil.Mdb.csproj", "{8559DD7F-A16F-46D0-A05A-9139FAEBA8FD}"
EndProject
Project("{FAE04EC0-301F-11D3-BF4B-00C04F79EFBC}") = "FluentAspect.Weaver.CF", "FluentAspect.Weaver\FluentAspect.Weaver.CF.csproj", "{F3174301-EBC2-4F54-A7CE-49685110ACB8}"
EndProject
Project("{FAE04EC0-301F-11D3-BF4B-00C04F79EFBC}") = "FluentAspect.Weaver.CF.Tests", "FluentAspect.Weaver.Tests\FluentAspect.Weaver.CF.Tests.csproj", "{2AFA753F-41FB-4C83-BD19-D3E32A86C3C1}"
EndProject
Project("{FAE04EC0-301F-11D3-BF4B-00C04F79EFBC}") = "FluentAspect.Weaver.Tasks", "FluentAspect.Weaver.Tasks\FluentAspect.Weaver.Tasks.csproj", "{776E1BD4-3A2A-4DE8-8534-DACA7802CBDC}"
EndProject
Global
	GlobalSection(SolutionConfigurationPlatforms) = preSolution
		Debug|Any CPU = Debug|Any CPU
		Debug|Mixed Platforms = Debug|Mixed Platforms
		Debug|x86 = Debug|x86
		net_2_0_Debug|Any CPU = net_2_0_Debug|Any CPU
		net_2_0_Debug|Mixed Platforms = net_2_0_Debug|Mixed Platforms
		net_2_0_Debug|x86 = net_2_0_Debug|x86
		net_2_0_Release|Any CPU = net_2_0_Release|Any CPU
		net_2_0_Release|Mixed Platforms = net_2_0_Release|Mixed Platforms
		net_2_0_Release|x86 = net_2_0_Release|x86
		net_3_5_Debug|Any CPU = net_3_5_Debug|Any CPU
		net_3_5_Debug|Mixed Platforms = net_3_5_Debug|Mixed Platforms
		net_3_5_Debug|x86 = net_3_5_Debug|x86
		net_3_5_Release|Any CPU = net_3_5_Release|Any CPU
		net_3_5_Release|Mixed Platforms = net_3_5_Release|Mixed Platforms
		net_3_5_Release|x86 = net_3_5_Release|x86
		net_4_0_Debug|Any CPU = net_4_0_Debug|Any CPU
		net_4_0_Debug|Mixed Platforms = net_4_0_Debug|Mixed Platforms
		net_4_0_Debug|x86 = net_4_0_Debug|x86
		net_4_0_Release|Any CPU = net_4_0_Release|Any CPU
		net_4_0_Release|Mixed Platforms = net_4_0_Release|Mixed Platforms
		net_4_0_Release|x86 = net_4_0_Release|x86
		Release|Any CPU = Release|Any CPU
		Release|Mixed Platforms = Release|Mixed Platforms
		Release|x86 = Release|x86
		silverlight_Debug|Any CPU = silverlight_Debug|Any CPU
		silverlight_Debug|Mixed Platforms = silverlight_Debug|Mixed Platforms
		silverlight_Debug|x86 = silverlight_Debug|x86
		silverlight_Release|Any CPU = silverlight_Release|Any CPU
		silverlight_Release|Mixed Platforms = silverlight_Release|Mixed Platforms
		silverlight_Release|x86 = silverlight_Release|x86
		winphone_Debug|Any CPU = winphone_Debug|Any CPU
		winphone_Debug|Mixed Platforms = winphone_Debug|Mixed Platforms
		winphone_Debug|x86 = winphone_Debug|x86
		winphone_Release|Any CPU = winphone_Release|Any CPU
		winphone_Release|Mixed Platforms = winphone_Release|Mixed Platforms
		winphone_Release|x86 = winphone_Release|x86
	EndGlobalSection
	GlobalSection(ProjectConfigurationPlatforms) = postSolution
		{8CB7699F-6B65-414E-B15F-19FEE6A31BB6}.Debug|Any CPU.ActiveCfg = Debug|Any CPU
		{8CB7699F-6B65-414E-B15F-19FEE6A31BB6}.Debug|Any CPU.Build.0 = Debug|Any CPU
		{8CB7699F-6B65-414E-B15F-19FEE6A31BB6}.Debug|Any CPU.Deploy.0 = Debug|Any CPU
		{8CB7699F-6B65-414E-B15F-19FEE6A31BB6}.Debug|Mixed Platforms.ActiveCfg = Debug|Any CPU
		{8CB7699F-6B65-414E-B15F-19FEE6A31BB6}.Debug|Mixed Platforms.Build.0 = Debug|Any CPU
		{8CB7699F-6B65-414E-B15F-19FEE6A31BB6}.Debug|Mixed Platforms.Deploy.0 = Debug|Any CPU
		{8CB7699F-6B65-414E-B15F-19FEE6A31BB6}.Debug|x86.ActiveCfg = Debug|Any CPU
		{8CB7699F-6B65-414E-B15F-19FEE6A31BB6}.net_2_0_Debug|Any CPU.ActiveCfg = Debug|Any CPU
		{8CB7699F-6B65-414E-B15F-19FEE6A31BB6}.net_2_0_Debug|Any CPU.Build.0 = Debug|Any CPU
		{8CB7699F-6B65-414E-B15F-19FEE6A31BB6}.net_2_0_Debug|Any CPU.Deploy.0 = Debug|Any CPU
		{8CB7699F-6B65-414E-B15F-19FEE6A31BB6}.net_2_0_Debug|Mixed Platforms.ActiveCfg = Debug|Any CPU
		{8CB7699F-6B65-414E-B15F-19FEE6A31BB6}.net_2_0_Debug|Mixed Platforms.Build.0 = Debug|Any CPU
		{8CB7699F-6B65-414E-B15F-19FEE6A31BB6}.net_2_0_Debug|Mixed Platforms.Deploy.0 = Debug|Any CPU
		{8CB7699F-6B65-414E-B15F-19FEE6A31BB6}.net_2_0_Debug|x86.ActiveCfg = Debug|Any CPU
		{8CB7699F-6B65-414E-B15F-19FEE6A31BB6}.net_2_0_Release|Any CPU.ActiveCfg = Release|Any CPU
		{8CB7699F-6B65-414E-B15F-19FEE6A31BB6}.net_2_0_Release|Any CPU.Build.0 = Release|Any CPU
		{8CB7699F-6B65-414E-B15F-19FEE6A31BB6}.net_2_0_Release|Any CPU.Deploy.0 = Release|Any CPU
		{8CB7699F-6B65-414E-B15F-19FEE6A31BB6}.net_2_0_Release|Mixed Platforms.ActiveCfg = Release|Any CPU
		{8CB7699F-6B65-414E-B15F-19FEE6A31BB6}.net_2_0_Release|Mixed Platforms.Build.0 = Release|Any CPU
		{8CB7699F-6B65-414E-B15F-19FEE6A31BB6}.net_2_0_Release|Mixed Platforms.Deploy.0 = Release|Any CPU
		{8CB7699F-6B65-414E-B15F-19FEE6A31BB6}.net_2_0_Release|x86.ActiveCfg = Release|Any CPU
		{8CB7699F-6B65-414E-B15F-19FEE6A31BB6}.net_3_5_Debug|Any CPU.ActiveCfg = Debug|Any CPU
		{8CB7699F-6B65-414E-B15F-19FEE6A31BB6}.net_3_5_Debug|Any CPU.Build.0 = Debug|Any CPU
		{8CB7699F-6B65-414E-B15F-19FEE6A31BB6}.net_3_5_Debug|Any CPU.Deploy.0 = Debug|Any CPU
		{8CB7699F-6B65-414E-B15F-19FEE6A31BB6}.net_3_5_Debug|Mixed Platforms.ActiveCfg = Debug|Any CPU
		{8CB7699F-6B65-414E-B15F-19FEE6A31BB6}.net_3_5_Debug|Mixed Platforms.Build.0 = Debug|Any CPU
		{8CB7699F-6B65-414E-B15F-19FEE6A31BB6}.net_3_5_Debug|Mixed Platforms.Deploy.0 = Debug|Any CPU
		{8CB7699F-6B65-414E-B15F-19FEE6A31BB6}.net_3_5_Debug|x86.ActiveCfg = Debug|Any CPU
		{8CB7699F-6B65-414E-B15F-19FEE6A31BB6}.net_3_5_Release|Any CPU.ActiveCfg = Release|Any CPU
		{8CB7699F-6B65-414E-B15F-19FEE6A31BB6}.net_3_5_Release|Any CPU.Build.0 = Release|Any CPU
		{8CB7699F-6B65-414E-B15F-19FEE6A31BB6}.net_3_5_Release|Any CPU.Deploy.0 = Release|Any CPU
		{8CB7699F-6B65-414E-B15F-19FEE6A31BB6}.net_3_5_Release|Mixed Platforms.ActiveCfg = Release|Any CPU
		{8CB7699F-6B65-414E-B15F-19FEE6A31BB6}.net_3_5_Release|Mixed Platforms.Build.0 = Release|Any CPU
		{8CB7699F-6B65-414E-B15F-19FEE6A31BB6}.net_3_5_Release|Mixed Platforms.Deploy.0 = Release|Any CPU
		{8CB7699F-6B65-414E-B15F-19FEE6A31BB6}.net_3_5_Release|x86.ActiveCfg = Release|Any CPU
		{8CB7699F-6B65-414E-B15F-19FEE6A31BB6}.net_4_0_Debug|Any CPU.ActiveCfg = Debug|Any CPU
		{8CB7699F-6B65-414E-B15F-19FEE6A31BB6}.net_4_0_Debug|Any CPU.Build.0 = Debug|Any CPU
		{8CB7699F-6B65-414E-B15F-19FEE6A31BB6}.net_4_0_Debug|Any CPU.Deploy.0 = Debug|Any CPU
		{8CB7699F-6B65-414E-B15F-19FEE6A31BB6}.net_4_0_Debug|Mixed Platforms.ActiveCfg = Debug|Any CPU
		{8CB7699F-6B65-414E-B15F-19FEE6A31BB6}.net_4_0_Debug|Mixed Platforms.Build.0 = Debug|Any CPU
		{8CB7699F-6B65-414E-B15F-19FEE6A31BB6}.net_4_0_Debug|Mixed Platforms.Deploy.0 = Debug|Any CPU
		{8CB7699F-6B65-414E-B15F-19FEE6A31BB6}.net_4_0_Debug|x86.ActiveCfg = Debug|Any CPU
		{8CB7699F-6B65-414E-B15F-19FEE6A31BB6}.net_4_0_Release|Any CPU.ActiveCfg = Release|Any CPU
		{8CB7699F-6B65-414E-B15F-19FEE6A31BB6}.net_4_0_Release|Any CPU.Build.0 = Release|Any CPU
		{8CB7699F-6B65-414E-B15F-19FEE6A31BB6}.net_4_0_Release|Any CPU.Deploy.0 = Release|Any CPU
		{8CB7699F-6B65-414E-B15F-19FEE6A31BB6}.net_4_0_Release|Mixed Platforms.ActiveCfg = Release|Any CPU
		{8CB7699F-6B65-414E-B15F-19FEE6A31BB6}.net_4_0_Release|Mixed Platforms.Build.0 = Release|Any CPU
		{8CB7699F-6B65-414E-B15F-19FEE6A31BB6}.net_4_0_Release|Mixed Platforms.Deploy.0 = Release|Any CPU
		{8CB7699F-6B65-414E-B15F-19FEE6A31BB6}.net_4_0_Release|x86.ActiveCfg = Release|Any CPU
		{8CB7699F-6B65-414E-B15F-19FEE6A31BB6}.Release|Any CPU.ActiveCfg = Release|Any CPU
		{8CB7699F-6B65-414E-B15F-19FEE6A31BB6}.Release|Any CPU.Build.0 = Release|Any CPU
		{8CB7699F-6B65-414E-B15F-19FEE6A31BB6}.Release|Any CPU.Deploy.0 = Release|Any CPU
		{8CB7699F-6B65-414E-B15F-19FEE6A31BB6}.Release|Mixed Platforms.ActiveCfg = Release|Any CPU
		{8CB7699F-6B65-414E-B15F-19FEE6A31BB6}.Release|Mixed Platforms.Build.0 = Release|Any CPU
		{8CB7699F-6B65-414E-B15F-19FEE6A31BB6}.Release|Mixed Platforms.Deploy.0 = Release|Any CPU
		{8CB7699F-6B65-414E-B15F-19FEE6A31BB6}.Release|x86.ActiveCfg = Release|Any CPU
		{8CB7699F-6B65-414E-B15F-19FEE6A31BB6}.silverlight_Debug|Any CPU.ActiveCfg = Debug|Any CPU
		{8CB7699F-6B65-414E-B15F-19FEE6A31BB6}.silverlight_Debug|Any CPU.Build.0 = Debug|Any CPU
		{8CB7699F-6B65-414E-B15F-19FEE6A31BB6}.silverlight_Debug|Any CPU.Deploy.0 = Debug|Any CPU
		{8CB7699F-6B65-414E-B15F-19FEE6A31BB6}.silverlight_Debug|Mixed Platforms.ActiveCfg = Debug|Any CPU
		{8CB7699F-6B65-414E-B15F-19FEE6A31BB6}.silverlight_Debug|Mixed Platforms.Build.0 = Debug|Any CPU
		{8CB7699F-6B65-414E-B15F-19FEE6A31BB6}.silverlight_Debug|Mixed Platforms.Deploy.0 = Debug|Any CPU
		{8CB7699F-6B65-414E-B15F-19FEE6A31BB6}.silverlight_Debug|x86.ActiveCfg = Debug|Any CPU
		{8CB7699F-6B65-414E-B15F-19FEE6A31BB6}.silverlight_Release|Any CPU.ActiveCfg = Release|Any CPU
		{8CB7699F-6B65-414E-B15F-19FEE6A31BB6}.silverlight_Release|Any CPU.Build.0 = Release|Any CPU
		{8CB7699F-6B65-414E-B15F-19FEE6A31BB6}.silverlight_Release|Any CPU.Deploy.0 = Release|Any CPU
		{8CB7699F-6B65-414E-B15F-19FEE6A31BB6}.silverlight_Release|Mixed Platforms.ActiveCfg = Release|Any CPU
		{8CB7699F-6B65-414E-B15F-19FEE6A31BB6}.silverlight_Release|Mixed Platforms.Build.0 = Release|Any CPU
		{8CB7699F-6B65-414E-B15F-19FEE6A31BB6}.silverlight_Release|Mixed Platforms.Deploy.0 = Release|Any CPU
		{8CB7699F-6B65-414E-B15F-19FEE6A31BB6}.silverlight_Release|x86.ActiveCfg = Release|Any CPU
		{8CB7699F-6B65-414E-B15F-19FEE6A31BB6}.winphone_Debug|Any CPU.ActiveCfg = Debug|Any CPU
		{8CB7699F-6B65-414E-B15F-19FEE6A31BB6}.winphone_Debug|Any CPU.Build.0 = Debug|Any CPU
		{8CB7699F-6B65-414E-B15F-19FEE6A31BB6}.winphone_Debug|Any CPU.Deploy.0 = Debug|Any CPU
		{8CB7699F-6B65-414E-B15F-19FEE6A31BB6}.winphone_Debug|Mixed Platforms.ActiveCfg = Debug|Any CPU
		{8CB7699F-6B65-414E-B15F-19FEE6A31BB6}.winphone_Debug|Mixed Platforms.Build.0 = Debug|Any CPU
		{8CB7699F-6B65-414E-B15F-19FEE6A31BB6}.winphone_Debug|Mixed Platforms.Deploy.0 = Debug|Any CPU
		{8CB7699F-6B65-414E-B15F-19FEE6A31BB6}.winphone_Debug|x86.ActiveCfg = Debug|Any CPU
		{8CB7699F-6B65-414E-B15F-19FEE6A31BB6}.winphone_Release|Any CPU.ActiveCfg = Release|Any CPU
		{8CB7699F-6B65-414E-B15F-19FEE6A31BB6}.winphone_Release|Any CPU.Build.0 = Release|Any CPU
		{8CB7699F-6B65-414E-B15F-19FEE6A31BB6}.winphone_Release|Any CPU.Deploy.0 = Release|Any CPU
		{8CB7699F-6B65-414E-B15F-19FEE6A31BB6}.winphone_Release|Mixed Platforms.ActiveCfg = Release|Any CPU
		{8CB7699F-6B65-414E-B15F-19FEE6A31BB6}.winphone_Release|Mixed Platforms.Build.0 = Release|Any CPU
		{8CB7699F-6B65-414E-B15F-19FEE6A31BB6}.winphone_Release|Mixed Platforms.Deploy.0 = Release|Any CPU
		{8CB7699F-6B65-414E-B15F-19FEE6A31BB6}.winphone_Release|x86.ActiveCfg = Release|Any CPU
		{C7767C6F-3874-4D30-989E-D6A15F737FD0}.Debug|Any CPU.ActiveCfg = Debug|Any CPU
		{C7767C6F-3874-4D30-989E-D6A15F737FD0}.Debug|Any CPU.Build.0 = Debug|Any CPU
		{C7767C6F-3874-4D30-989E-D6A15F737FD0}.Debug|Mixed Platforms.ActiveCfg = Debug|Any CPU
		{C7767C6F-3874-4D30-989E-D6A15F737FD0}.Debug|Mixed Platforms.Build.0 = Debug|Any CPU
		{C7767C6F-3874-4D30-989E-D6A15F737FD0}.Debug|x86.ActiveCfg = Debug|Any CPU
		{C7767C6F-3874-4D30-989E-D6A15F737FD0}.net_2_0_Debug|Any CPU.ActiveCfg = Debug|Any CPU
		{C7767C6F-3874-4D30-989E-D6A15F737FD0}.net_2_0_Debug|Any CPU.Build.0 = Debug|Any CPU
		{C7767C6F-3874-4D30-989E-D6A15F737FD0}.net_2_0_Debug|Mixed Platforms.ActiveCfg = Debug|Any CPU
		{C7767C6F-3874-4D30-989E-D6A15F737FD0}.net_2_0_Debug|Mixed Platforms.Build.0 = Debug|Any CPU
		{C7767C6F-3874-4D30-989E-D6A15F737FD0}.net_2_0_Debug|x86.ActiveCfg = Debug|Any CPU
		{C7767C6F-3874-4D30-989E-D6A15F737FD0}.net_2_0_Release|Any CPU.ActiveCfg = Release|Any CPU
		{C7767C6F-3874-4D30-989E-D6A15F737FD0}.net_2_0_Release|Any CPU.Build.0 = Release|Any CPU
		{C7767C6F-3874-4D30-989E-D6A15F737FD0}.net_2_0_Release|Mixed Platforms.ActiveCfg = Release|Any CPU
		{C7767C6F-3874-4D30-989E-D6A15F737FD0}.net_2_0_Release|Mixed Platforms.Build.0 = Release|Any CPU
		{C7767C6F-3874-4D30-989E-D6A15F737FD0}.net_2_0_Release|x86.ActiveCfg = Release|Any CPU
		{C7767C6F-3874-4D30-989E-D6A15F737FD0}.net_3_5_Debug|Any CPU.ActiveCfg = Debug|Any CPU
		{C7767C6F-3874-4D30-989E-D6A15F737FD0}.net_3_5_Debug|Any CPU.Build.0 = Debug|Any CPU
		{C7767C6F-3874-4D30-989E-D6A15F737FD0}.net_3_5_Debug|Mixed Platforms.ActiveCfg = Debug|Any CPU
		{C7767C6F-3874-4D30-989E-D6A15F737FD0}.net_3_5_Debug|Mixed Platforms.Build.0 = Debug|Any CPU
		{C7767C6F-3874-4D30-989E-D6A15F737FD0}.net_3_5_Debug|x86.ActiveCfg = Debug|Any CPU
		{C7767C6F-3874-4D30-989E-D6A15F737FD0}.net_3_5_Release|Any CPU.ActiveCfg = Release|Any CPU
		{C7767C6F-3874-4D30-989E-D6A15F737FD0}.net_3_5_Release|Any CPU.Build.0 = Release|Any CPU
		{C7767C6F-3874-4D30-989E-D6A15F737FD0}.net_3_5_Release|Mixed Platforms.ActiveCfg = Release|Any CPU
		{C7767C6F-3874-4D30-989E-D6A15F737FD0}.net_3_5_Release|Mixed Platforms.Build.0 = Release|Any CPU
		{C7767C6F-3874-4D30-989E-D6A15F737FD0}.net_3_5_Release|x86.ActiveCfg = Release|Any CPU
		{C7767C6F-3874-4D30-989E-D6A15F737FD0}.net_4_0_Debug|Any CPU.ActiveCfg = Debug|Any CPU
		{C7767C6F-3874-4D30-989E-D6A15F737FD0}.net_4_0_Debug|Any CPU.Build.0 = Debug|Any CPU
		{C7767C6F-3874-4D30-989E-D6A15F737FD0}.net_4_0_Debug|Mixed Platforms.ActiveCfg = Debug|Any CPU
		{C7767C6F-3874-4D30-989E-D6A15F737FD0}.net_4_0_Debug|Mixed Platforms.Build.0 = Debug|Any CPU
		{C7767C6F-3874-4D30-989E-D6A15F737FD0}.net_4_0_Debug|x86.ActiveCfg = Debug|Any CPU
		{C7767C6F-3874-4D30-989E-D6A15F737FD0}.net_4_0_Release|Any CPU.ActiveCfg = Release|Any CPU
		{C7767C6F-3874-4D30-989E-D6A15F737FD0}.net_4_0_Release|Any CPU.Build.0 = Release|Any CPU
		{C7767C6F-3874-4D30-989E-D6A15F737FD0}.net_4_0_Release|Mixed Platforms.ActiveCfg = Release|Any CPU
		{C7767C6F-3874-4D30-989E-D6A15F737FD0}.net_4_0_Release|Mixed Platforms.Build.0 = Release|Any CPU
		{C7767C6F-3874-4D30-989E-D6A15F737FD0}.net_4_0_Release|x86.ActiveCfg = Release|Any CPU
		{C7767C6F-3874-4D30-989E-D6A15F737FD0}.Release|Any CPU.ActiveCfg = Release|Any CPU
		{C7767C6F-3874-4D30-989E-D6A15F737FD0}.Release|Any CPU.Build.0 = Release|Any CPU
		{C7767C6F-3874-4D30-989E-D6A15F737FD0}.Release|Mixed Platforms.ActiveCfg = Release|Any CPU
		{C7767C6F-3874-4D30-989E-D6A15F737FD0}.Release|Mixed Platforms.Build.0 = Release|Any CPU
		{C7767C6F-3874-4D30-989E-D6A15F737FD0}.Release|x86.ActiveCfg = Release|Any CPU
		{C7767C6F-3874-4D30-989E-D6A15F737FD0}.silverlight_Debug|Any CPU.ActiveCfg = Debug|Any CPU
		{C7767C6F-3874-4D30-989E-D6A15F737FD0}.silverlight_Debug|Any CPU.Build.0 = Debug|Any CPU
		{C7767C6F-3874-4D30-989E-D6A15F737FD0}.silverlight_Debug|Mixed Platforms.ActiveCfg = Debug|Any CPU
		{C7767C6F-3874-4D30-989E-D6A15F737FD0}.silverlight_Debug|Mixed Platforms.Build.0 = Debug|Any CPU
		{C7767C6F-3874-4D30-989E-D6A15F737FD0}.silverlight_Debug|x86.ActiveCfg = Debug|Any CPU
		{C7767C6F-3874-4D30-989E-D6A15F737FD0}.silverlight_Release|Any CPU.ActiveCfg = Release|Any CPU
		{C7767C6F-3874-4D30-989E-D6A15F737FD0}.silverlight_Release|Any CPU.Build.0 = Release|Any CPU
		{C7767C6F-3874-4D30-989E-D6A15F737FD0}.silverlight_Release|Mixed Platforms.ActiveCfg = Release|Any CPU
		{C7767C6F-3874-4D30-989E-D6A15F737FD0}.silverlight_Release|Mixed Platforms.Build.0 = Release|Any CPU
		{C7767C6F-3874-4D30-989E-D6A15F737FD0}.silverlight_Release|x86.ActiveCfg = Release|Any CPU
		{C7767C6F-3874-4D30-989E-D6A15F737FD0}.winphone_Debug|Any CPU.ActiveCfg = Debug|Any CPU
		{C7767C6F-3874-4D30-989E-D6A15F737FD0}.winphone_Debug|Any CPU.Build.0 = Debug|Any CPU
		{C7767C6F-3874-4D30-989E-D6A15F737FD0}.winphone_Debug|Mixed Platforms.ActiveCfg = Debug|Any CPU
		{C7767C6F-3874-4D30-989E-D6A15F737FD0}.winphone_Debug|Mixed Platforms.Build.0 = Debug|Any CPU
		{C7767C6F-3874-4D30-989E-D6A15F737FD0}.winphone_Debug|x86.ActiveCfg = Debug|Any CPU
		{C7767C6F-3874-4D30-989E-D6A15F737FD0}.winphone_Release|Any CPU.ActiveCfg = Release|Any CPU
		{C7767C6F-3874-4D30-989E-D6A15F737FD0}.winphone_Release|Any CPU.Build.0 = Release|Any CPU
		{C7767C6F-3874-4D30-989E-D6A15F737FD0}.winphone_Release|Mixed Platforms.ActiveCfg = Release|Any CPU
		{C7767C6F-3874-4D30-989E-D6A15F737FD0}.winphone_Release|Mixed Platforms.Build.0 = Release|Any CPU
		{C7767C6F-3874-4D30-989E-D6A15F737FD0}.winphone_Release|x86.ActiveCfg = Release|Any CPU
		{D9877E16-93EF-4B3C-B671-8BE39BC41D94}.Debug|Any CPU.ActiveCfg = Debug|Any CPU
		{D9877E16-93EF-4B3C-B671-8BE39BC41D94}.Debug|Any CPU.Build.0 = Debug|Any CPU
		{D9877E16-93EF-4B3C-B671-8BE39BC41D94}.Debug|Mixed Platforms.ActiveCfg = Debug|Any CPU
		{D9877E16-93EF-4B3C-B671-8BE39BC41D94}.Debug|Mixed Platforms.Build.0 = Debug|Any CPU
		{D9877E16-93EF-4B3C-B671-8BE39BC41D94}.Debug|x86.ActiveCfg = Debug|Any CPU
		{D9877E16-93EF-4B3C-B671-8BE39BC41D94}.net_2_0_Debug|Any CPU.ActiveCfg = Debug|Any CPU
		{D9877E16-93EF-4B3C-B671-8BE39BC41D94}.net_2_0_Debug|Any CPU.Build.0 = Debug|Any CPU
		{D9877E16-93EF-4B3C-B671-8BE39BC41D94}.net_2_0_Debug|Mixed Platforms.ActiveCfg = Debug|Any CPU
		{D9877E16-93EF-4B3C-B671-8BE39BC41D94}.net_2_0_Debug|Mixed Platforms.Build.0 = Debug|Any CPU
		{D9877E16-93EF-4B3C-B671-8BE39BC41D94}.net_2_0_Debug|x86.ActiveCfg = Debug|Any CPU
		{D9877E16-93EF-4B3C-B671-8BE39BC41D94}.net_2_0_Release|Any CPU.ActiveCfg = Release|Any CPU
		{D9877E16-93EF-4B3C-B671-8BE39BC41D94}.net_2_0_Release|Any CPU.Build.0 = Release|Any CPU
		{D9877E16-93EF-4B3C-B671-8BE39BC41D94}.net_2_0_Release|Mixed Platforms.ActiveCfg = Release|Any CPU
		{D9877E16-93EF-4B3C-B671-8BE39BC41D94}.net_2_0_Release|Mixed Platforms.Build.0 = Release|Any CPU
		{D9877E16-93EF-4B3C-B671-8BE39BC41D94}.net_2_0_Release|x86.ActiveCfg = Release|Any CPU
		{D9877E16-93EF-4B3C-B671-8BE39BC41D94}.net_3_5_Debug|Any CPU.ActiveCfg = Debug|Any CPU
		{D9877E16-93EF-4B3C-B671-8BE39BC41D94}.net_3_5_Debug|Any CPU.Build.0 = Debug|Any CPU
		{D9877E16-93EF-4B3C-B671-8BE39BC41D94}.net_3_5_Debug|Mixed Platforms.ActiveCfg = Debug|Any CPU
		{D9877E16-93EF-4B3C-B671-8BE39BC41D94}.net_3_5_Debug|Mixed Platforms.Build.0 = Debug|Any CPU
		{D9877E16-93EF-4B3C-B671-8BE39BC41D94}.net_3_5_Debug|x86.ActiveCfg = Debug|Any CPU
		{D9877E16-93EF-4B3C-B671-8BE39BC41D94}.net_3_5_Release|Any CPU.ActiveCfg = Release|Any CPU
		{D9877E16-93EF-4B3C-B671-8BE39BC41D94}.net_3_5_Release|Any CPU.Build.0 = Release|Any CPU
		{D9877E16-93EF-4B3C-B671-8BE39BC41D94}.net_3_5_Release|Mixed Platforms.ActiveCfg = Release|Any CPU
		{D9877E16-93EF-4B3C-B671-8BE39BC41D94}.net_3_5_Release|Mixed Platforms.Build.0 = Release|Any CPU
		{D9877E16-93EF-4B3C-B671-8BE39BC41D94}.net_3_5_Release|x86.ActiveCfg = Release|Any CPU
		{D9877E16-93EF-4B3C-B671-8BE39BC41D94}.net_4_0_Debug|Any CPU.ActiveCfg = Debug|Any CPU
		{D9877E16-93EF-4B3C-B671-8BE39BC41D94}.net_4_0_Debug|Any CPU.Build.0 = Debug|Any CPU
		{D9877E16-93EF-4B3C-B671-8BE39BC41D94}.net_4_0_Debug|Mixed Platforms.ActiveCfg = Debug|Any CPU
		{D9877E16-93EF-4B3C-B671-8BE39BC41D94}.net_4_0_Debug|Mixed Platforms.Build.0 = Debug|Any CPU
		{D9877E16-93EF-4B3C-B671-8BE39BC41D94}.net_4_0_Debug|x86.ActiveCfg = Debug|Any CPU
		{D9877E16-93EF-4B3C-B671-8BE39BC41D94}.net_4_0_Release|Any CPU.ActiveCfg = Release|Any CPU
		{D9877E16-93EF-4B3C-B671-8BE39BC41D94}.net_4_0_Release|Any CPU.Build.0 = Release|Any CPU
		{D9877E16-93EF-4B3C-B671-8BE39BC41D94}.net_4_0_Release|Mixed Platforms.ActiveCfg = Release|Any CPU
		{D9877E16-93EF-4B3C-B671-8BE39BC41D94}.net_4_0_Release|Mixed Platforms.Build.0 = Release|Any CPU
		{D9877E16-93EF-4B3C-B671-8BE39BC41D94}.net_4_0_Release|x86.ActiveCfg = Release|Any CPU
		{D9877E16-93EF-4B3C-B671-8BE39BC41D94}.Release|Any CPU.ActiveCfg = Release|Any CPU
		{D9877E16-93EF-4B3C-B671-8BE39BC41D94}.Release|Any CPU.Build.0 = Release|Any CPU
		{D9877E16-93EF-4B3C-B671-8BE39BC41D94}.Release|Mixed Platforms.ActiveCfg = Release|Any CPU
		{D9877E16-93EF-4B3C-B671-8BE39BC41D94}.Release|Mixed Platforms.Build.0 = Release|Any CPU
		{D9877E16-93EF-4B3C-B671-8BE39BC41D94}.Release|x86.ActiveCfg = Release|Any CPU
		{D9877E16-93EF-4B3C-B671-8BE39BC41D94}.silverlight_Debug|Any CPU.ActiveCfg = Debug|Any CPU
		{D9877E16-93EF-4B3C-B671-8BE39BC41D94}.silverlight_Debug|Any CPU.Build.0 = Debug|Any CPU
		{D9877E16-93EF-4B3C-B671-8BE39BC41D94}.silverlight_Debug|Mixed Platforms.ActiveCfg = Debug|Any CPU
		{D9877E16-93EF-4B3C-B671-8BE39BC41D94}.silverlight_Debug|Mixed Platforms.Build.0 = Debug|Any CPU
		{D9877E16-93EF-4B3C-B671-8BE39BC41D94}.silverlight_Debug|x86.ActiveCfg = Debug|Any CPU
		{D9877E16-93EF-4B3C-B671-8BE39BC41D94}.silverlight_Release|Any CPU.ActiveCfg = Release|Any CPU
		{D9877E16-93EF-4B3C-B671-8BE39BC41D94}.silverlight_Release|Any CPU.Build.0 = Release|Any CPU
		{D9877E16-93EF-4B3C-B671-8BE39BC41D94}.silverlight_Release|Mixed Platforms.ActiveCfg = Release|Any CPU
		{D9877E16-93EF-4B3C-B671-8BE39BC41D94}.silverlight_Release|Mixed Platforms.Build.0 = Release|Any CPU
		{D9877E16-93EF-4B3C-B671-8BE39BC41D94}.silverlight_Release|x86.ActiveCfg = Release|Any CPU
		{D9877E16-93EF-4B3C-B671-8BE39BC41D94}.winphone_Debug|Any CPU.ActiveCfg = Debug|Any CPU
		{D9877E16-93EF-4B3C-B671-8BE39BC41D94}.winphone_Debug|Any CPU.Build.0 = Debug|Any CPU
		{D9877E16-93EF-4B3C-B671-8BE39BC41D94}.winphone_Debug|Mixed Platforms.ActiveCfg = Debug|Any CPU
		{D9877E16-93EF-4B3C-B671-8BE39BC41D94}.winphone_Debug|Mixed Platforms.Build.0 = Debug|Any CPU
		{D9877E16-93EF-4B3C-B671-8BE39BC41D94}.winphone_Debug|x86.ActiveCfg = Debug|Any CPU
		{D9877E16-93EF-4B3C-B671-8BE39BC41D94}.winphone_Release|Any CPU.ActiveCfg = Release|Any CPU
		{D9877E16-93EF-4B3C-B671-8BE39BC41D94}.winphone_Release|Any CPU.Build.0 = Release|Any CPU
		{D9877E16-93EF-4B3C-B671-8BE39BC41D94}.winphone_Release|Mixed Platforms.ActiveCfg = Release|Any CPU
		{D9877E16-93EF-4B3C-B671-8BE39BC41D94}.winphone_Release|Mixed Platforms.Build.0 = Release|Any CPU
		{D9877E16-93EF-4B3C-B671-8BE39BC41D94}.winphone_Release|x86.ActiveCfg = Release|Any CPU
		{6E481F61-CF92-4881-8F88-46C83B3018F7}.Debug|Any CPU.ActiveCfg = Debug|x86
		{6E481F61-CF92-4881-8F88-46C83B3018F7}.Debug|Mixed Platforms.ActiveCfg = Debug|x86
		{6E481F61-CF92-4881-8F88-46C83B3018F7}.Debug|Mixed Platforms.Build.0 = Debug|x86
		{6E481F61-CF92-4881-8F88-46C83B3018F7}.Debug|x86.ActiveCfg = Debug|x86
		{6E481F61-CF92-4881-8F88-46C83B3018F7}.Debug|x86.Build.0 = Debug|x86
		{6E481F61-CF92-4881-8F88-46C83B3018F7}.net_2_0_Debug|Any CPU.ActiveCfg = Debug|x86
		{6E481F61-CF92-4881-8F88-46C83B3018F7}.net_2_0_Debug|Mixed Platforms.ActiveCfg = Debug|x86
		{6E481F61-CF92-4881-8F88-46C83B3018F7}.net_2_0_Debug|Mixed Platforms.Build.0 = Debug|x86
		{6E481F61-CF92-4881-8F88-46C83B3018F7}.net_2_0_Debug|x86.ActiveCfg = Debug|x86
		{6E481F61-CF92-4881-8F88-46C83B3018F7}.net_2_0_Debug|x86.Build.0 = Debug|x86
		{6E481F61-CF92-4881-8F88-46C83B3018F7}.net_2_0_Release|Any CPU.ActiveCfg = Release|x86
		{6E481F61-CF92-4881-8F88-46C83B3018F7}.net_2_0_Release|Mixed Platforms.ActiveCfg = Release|x86
		{6E481F61-CF92-4881-8F88-46C83B3018F7}.net_2_0_Release|Mixed Platforms.Build.0 = Release|x86
		{6E481F61-CF92-4881-8F88-46C83B3018F7}.net_2_0_Release|x86.ActiveCfg = Release|x86
		{6E481F61-CF92-4881-8F88-46C83B3018F7}.net_2_0_Release|x86.Build.0 = Release|x86
		{6E481F61-CF92-4881-8F88-46C83B3018F7}.net_3_5_Debug|Any CPU.ActiveCfg = Debug|x86
		{6E481F61-CF92-4881-8F88-46C83B3018F7}.net_3_5_Debug|Mixed Platforms.ActiveCfg = Debug|x86
		{6E481F61-CF92-4881-8F88-46C83B3018F7}.net_3_5_Debug|Mixed Platforms.Build.0 = Debug|x86
		{6E481F61-CF92-4881-8F88-46C83B3018F7}.net_3_5_Debug|x86.ActiveCfg = Debug|x86
		{6E481F61-CF92-4881-8F88-46C83B3018F7}.net_3_5_Debug|x86.Build.0 = Debug|x86
		{6E481F61-CF92-4881-8F88-46C83B3018F7}.net_3_5_Release|Any CPU.ActiveCfg = Release|x86
		{6E481F61-CF92-4881-8F88-46C83B3018F7}.net_3_5_Release|Mixed Platforms.ActiveCfg = Release|x86
		{6E481F61-CF92-4881-8F88-46C83B3018F7}.net_3_5_Release|Mixed Platforms.Build.0 = Release|x86
		{6E481F61-CF92-4881-8F88-46C83B3018F7}.net_3_5_Release|x86.ActiveCfg = Release|x86
		{6E481F61-CF92-4881-8F88-46C83B3018F7}.net_3_5_Release|x86.Build.0 = Release|x86
		{6E481F61-CF92-4881-8F88-46C83B3018F7}.net_4_0_Debug|Any CPU.ActiveCfg = Debug|x86
		{6E481F61-CF92-4881-8F88-46C83B3018F7}.net_4_0_Debug|Mixed Platforms.ActiveCfg = Debug|x86
		{6E481F61-CF92-4881-8F88-46C83B3018F7}.net_4_0_Debug|Mixed Platforms.Build.0 = Debug|x86
		{6E481F61-CF92-4881-8F88-46C83B3018F7}.net_4_0_Debug|x86.ActiveCfg = Debug|x86
		{6E481F61-CF92-4881-8F88-46C83B3018F7}.net_4_0_Debug|x86.Build.0 = Debug|x86
		{6E481F61-CF92-4881-8F88-46C83B3018F7}.net_4_0_Release|Any CPU.ActiveCfg = Release|x86
		{6E481F61-CF92-4881-8F88-46C83B3018F7}.net_4_0_Release|Mixed Platforms.ActiveCfg = Release|x86
		{6E481F61-CF92-4881-8F88-46C83B3018F7}.net_4_0_Release|Mixed Platforms.Build.0 = Release|x86
		{6E481F61-CF92-4881-8F88-46C83B3018F7}.net_4_0_Release|x86.ActiveCfg = Release|x86
		{6E481F61-CF92-4881-8F88-46C83B3018F7}.net_4_0_Release|x86.Build.0 = Release|x86
		{6E481F61-CF92-4881-8F88-46C83B3018F7}.Release|Any CPU.ActiveCfg = Release|x86
		{6E481F61-CF92-4881-8F88-46C83B3018F7}.Release|Mixed Platforms.ActiveCfg = Release|x86
		{6E481F61-CF92-4881-8F88-46C83B3018F7}.Release|Mixed Platforms.Build.0 = Release|x86
		{6E481F61-CF92-4881-8F88-46C83B3018F7}.Release|x86.ActiveCfg = Release|x86
		{6E481F61-CF92-4881-8F88-46C83B3018F7}.Release|x86.Build.0 = Release|x86
		{6E481F61-CF92-4881-8F88-46C83B3018F7}.silverlight_Debug|Any CPU.ActiveCfg = Debug|x86
		{6E481F61-CF92-4881-8F88-46C83B3018F7}.silverlight_Debug|Mixed Platforms.ActiveCfg = Debug|x86
		{6E481F61-CF92-4881-8F88-46C83B3018F7}.silverlight_Debug|Mixed Platforms.Build.0 = Debug|x86
		{6E481F61-CF92-4881-8F88-46C83B3018F7}.silverlight_Debug|x86.ActiveCfg = Debug|x86
		{6E481F61-CF92-4881-8F88-46C83B3018F7}.silverlight_Debug|x86.Build.0 = Debug|x86
		{6E481F61-CF92-4881-8F88-46C83B3018F7}.silverlight_Release|Any CPU.ActiveCfg = Release|x86
		{6E481F61-CF92-4881-8F88-46C83B3018F7}.silverlight_Release|Mixed Platforms.ActiveCfg = Release|x86
		{6E481F61-CF92-4881-8F88-46C83B3018F7}.silverlight_Release|Mixed Platforms.Build.0 = Release|x86
		{6E481F61-CF92-4881-8F88-46C83B3018F7}.silverlight_Release|x86.ActiveCfg = Release|x86
		{6E481F61-CF92-4881-8F88-46C83B3018F7}.silverlight_Release|x86.Build.0 = Release|x86
		{6E481F61-CF92-4881-8F88-46C83B3018F7}.winphone_Debug|Any CPU.ActiveCfg = Debug|x86
		{6E481F61-CF92-4881-8F88-46C83B3018F7}.winphone_Debug|Mixed Platforms.ActiveCfg = Debug|x86
		{6E481F61-CF92-4881-8F88-46C83B3018F7}.winphone_Debug|Mixed Platforms.Build.0 = Debug|x86
		{6E481F61-CF92-4881-8F88-46C83B3018F7}.winphone_Debug|x86.ActiveCfg = Debug|x86
		{6E481F61-CF92-4881-8F88-46C83B3018F7}.winphone_Debug|x86.Build.0 = Debug|x86
		{6E481F61-CF92-4881-8F88-46C83B3018F7}.winphone_Release|Any CPU.ActiveCfg = Release|x86
		{6E481F61-CF92-4881-8F88-46C83B3018F7}.winphone_Release|Mixed Platforms.ActiveCfg = Release|x86
		{6E481F61-CF92-4881-8F88-46C83B3018F7}.winphone_Release|Mixed Platforms.Build.0 = Release|x86
		{6E481F61-CF92-4881-8F88-46C83B3018F7}.winphone_Release|x86.ActiveCfg = Release|x86
		{6E481F61-CF92-4881-8F88-46C83B3018F7}.winphone_Release|x86.Build.0 = Release|x86
		{28912034-8A56-4B8E-BAA1-02C50149CA68}.Debug|Any CPU.ActiveCfg = Debug|Any CPU
		{28912034-8A56-4B8E-BAA1-02C50149CA68}.Debug|Any CPU.Build.0 = Debug|Any CPU
		{28912034-8A56-4B8E-BAA1-02C50149CA68}.Debug|Mixed Platforms.ActiveCfg = Debug|Any CPU
		{28912034-8A56-4B8E-BAA1-02C50149CA68}.Debug|Mixed Platforms.Build.0 = Debug|Any CPU
		{28912034-8A56-4B8E-BAA1-02C50149CA68}.Debug|x86.ActiveCfg = Debug|Any CPU
		{28912034-8A56-4B8E-BAA1-02C50149CA68}.net_2_0_Debug|Any CPU.ActiveCfg = Debug|Any CPU
		{28912034-8A56-4B8E-BAA1-02C50149CA68}.net_2_0_Debug|Any CPU.Build.0 = Debug|Any CPU
		{28912034-8A56-4B8E-BAA1-02C50149CA68}.net_2_0_Debug|Mixed Platforms.ActiveCfg = Debug|Any CPU
		{28912034-8A56-4B8E-BAA1-02C50149CA68}.net_2_0_Debug|Mixed Platforms.Build.0 = Debug|Any CPU
		{28912034-8A56-4B8E-BAA1-02C50149CA68}.net_2_0_Debug|x86.ActiveCfg = Debug|Any CPU
		{28912034-8A56-4B8E-BAA1-02C50149CA68}.net_2_0_Release|Any CPU.ActiveCfg = Release|Any CPU
		{28912034-8A56-4B8E-BAA1-02C50149CA68}.net_2_0_Release|Any CPU.Build.0 = Release|Any CPU
		{28912034-8A56-4B8E-BAA1-02C50149CA68}.net_2_0_Release|Mixed Platforms.ActiveCfg = Release|Any CPU
		{28912034-8A56-4B8E-BAA1-02C50149CA68}.net_2_0_Release|Mixed Platforms.Build.0 = Release|Any CPU
		{28912034-8A56-4B8E-BAA1-02C50149CA68}.net_2_0_Release|x86.ActiveCfg = Release|Any CPU
		{28912034-8A56-4B8E-BAA1-02C50149CA68}.net_3_5_Debug|Any CPU.ActiveCfg = Debug|Any CPU
		{28912034-8A56-4B8E-BAA1-02C50149CA68}.net_3_5_Debug|Any CPU.Build.0 = Debug|Any CPU
		{28912034-8A56-4B8E-BAA1-02C50149CA68}.net_3_5_Debug|Mixed Platforms.ActiveCfg = Debug|Any CPU
		{28912034-8A56-4B8E-BAA1-02C50149CA68}.net_3_5_Debug|Mixed Platforms.Build.0 = Debug|Any CPU
		{28912034-8A56-4B8E-BAA1-02C50149CA68}.net_3_5_Debug|x86.ActiveCfg = Debug|Any CPU
		{28912034-8A56-4B8E-BAA1-02C50149CA68}.net_3_5_Release|Any CPU.ActiveCfg = Release|Any CPU
		{28912034-8A56-4B8E-BAA1-02C50149CA68}.net_3_5_Release|Any CPU.Build.0 = Release|Any CPU
		{28912034-8A56-4B8E-BAA1-02C50149CA68}.net_3_5_Release|Mixed Platforms.ActiveCfg = Release|Any CPU
		{28912034-8A56-4B8E-BAA1-02C50149CA68}.net_3_5_Release|Mixed Platforms.Build.0 = Release|Any CPU
		{28912034-8A56-4B8E-BAA1-02C50149CA68}.net_3_5_Release|x86.ActiveCfg = Release|Any CPU
		{28912034-8A56-4B8E-BAA1-02C50149CA68}.net_4_0_Debug|Any CPU.ActiveCfg = Debug|Any CPU
		{28912034-8A56-4B8E-BAA1-02C50149CA68}.net_4_0_Debug|Any CPU.Build.0 = Debug|Any CPU
		{28912034-8A56-4B8E-BAA1-02C50149CA68}.net_4_0_Debug|Mixed Platforms.ActiveCfg = Debug|Any CPU
		{28912034-8A56-4B8E-BAA1-02C50149CA68}.net_4_0_Debug|Mixed Platforms.Build.0 = Debug|Any CPU
		{28912034-8A56-4B8E-BAA1-02C50149CA68}.net_4_0_Debug|x86.ActiveCfg = Debug|Any CPU
		{28912034-8A56-4B8E-BAA1-02C50149CA68}.net_4_0_Release|Any CPU.ActiveCfg = Release|Any CPU
		{28912034-8A56-4B8E-BAA1-02C50149CA68}.net_4_0_Release|Any CPU.Build.0 = Release|Any CPU
		{28912034-8A56-4B8E-BAA1-02C50149CA68}.net_4_0_Release|Mixed Platforms.ActiveCfg = Release|Any CPU
		{28912034-8A56-4B8E-BAA1-02C50149CA68}.net_4_0_Release|Mixed Platforms.Build.0 = Release|Any CPU
		{28912034-8A56-4B8E-BAA1-02C50149CA68}.net_4_0_Release|x86.ActiveCfg = Release|Any CPU
		{28912034-8A56-4B8E-BAA1-02C50149CA68}.Release|Any CPU.ActiveCfg = Release|Any CPU
		{28912034-8A56-4B8E-BAA1-02C50149CA68}.Release|Any CPU.Build.0 = Release|Any CPU
		{28912034-8A56-4B8E-BAA1-02C50149CA68}.Release|Mixed Platforms.ActiveCfg = Release|Any CPU
		{28912034-8A56-4B8E-BAA1-02C50149CA68}.Release|Mixed Platforms.Build.0 = Release|Any CPU
		{28912034-8A56-4B8E-BAA1-02C50149CA68}.Release|x86.ActiveCfg = Release|Any CPU
		{28912034-8A56-4B8E-BAA1-02C50149CA68}.silverlight_Debug|Any CPU.ActiveCfg = Debug|Any CPU
		{28912034-8A56-4B8E-BAA1-02C50149CA68}.silverlight_Debug|Any CPU.Build.0 = Debug|Any CPU
		{28912034-8A56-4B8E-BAA1-02C50149CA68}.silverlight_Debug|Mixed Platforms.ActiveCfg = Debug|Any CPU
		{28912034-8A56-4B8E-BAA1-02C50149CA68}.silverlight_Debug|Mixed Platforms.Build.0 = Debug|Any CPU
		{28912034-8A56-4B8E-BAA1-02C50149CA68}.silverlight_Debug|x86.ActiveCfg = Debug|Any CPU
		{28912034-8A56-4B8E-BAA1-02C50149CA68}.silverlight_Release|Any CPU.ActiveCfg = Release|Any CPU
		{28912034-8A56-4B8E-BAA1-02C50149CA68}.silverlight_Release|Any CPU.Build.0 = Release|Any CPU
		{28912034-8A56-4B8E-BAA1-02C50149CA68}.silverlight_Release|Mixed Platforms.ActiveCfg = Release|Any CPU
		{28912034-8A56-4B8E-BAA1-02C50149CA68}.silverlight_Release|Mixed Platforms.Build.0 = Release|Any CPU
		{28912034-8A56-4B8E-BAA1-02C50149CA68}.silverlight_Release|x86.ActiveCfg = Release|Any CPU
		{28912034-8A56-4B8E-BAA1-02C50149CA68}.winphone_Debug|Any CPU.ActiveCfg = Debug|Any CPU
		{28912034-8A56-4B8E-BAA1-02C50149CA68}.winphone_Debug|Any CPU.Build.0 = Debug|Any CPU
		{28912034-8A56-4B8E-BAA1-02C50149CA68}.winphone_Debug|Mixed Platforms.ActiveCfg = Debug|Any CPU
		{28912034-8A56-4B8E-BAA1-02C50149CA68}.winphone_Debug|Mixed Platforms.Build.0 = Debug|Any CPU
		{28912034-8A56-4B8E-BAA1-02C50149CA68}.winphone_Debug|x86.ActiveCfg = Debug|Any CPU
		{28912034-8A56-4B8E-BAA1-02C50149CA68}.winphone_Release|Any CPU.ActiveCfg = Release|Any CPU
		{28912034-8A56-4B8E-BAA1-02C50149CA68}.winphone_Release|Any CPU.Build.0 = Release|Any CPU
		{28912034-8A56-4B8E-BAA1-02C50149CA68}.winphone_Release|Mixed Platforms.ActiveCfg = Release|Any CPU
		{28912034-8A56-4B8E-BAA1-02C50149CA68}.winphone_Release|Mixed Platforms.Build.0 = Release|Any CPU
		{28912034-8A56-4B8E-BAA1-02C50149CA68}.winphone_Release|x86.ActiveCfg = Release|Any CPU
		{2158446B-9E58-4E9D-BDC4-27A5A90365D1}.Debug|Any CPU.ActiveCfg = Debug|Any CPU
		{2158446B-9E58-4E9D-BDC4-27A5A90365D1}.Debug|Any CPU.Build.0 = Debug|Any CPU
		{2158446B-9E58-4E9D-BDC4-27A5A90365D1}.Debug|Mixed Platforms.ActiveCfg = Debug|Any CPU
		{2158446B-9E58-4E9D-BDC4-27A5A90365D1}.Debug|Mixed Platforms.Build.0 = Debug|Any CPU
		{2158446B-9E58-4E9D-BDC4-27A5A90365D1}.Debug|x86.ActiveCfg = Debug|Any CPU
		{2158446B-9E58-4E9D-BDC4-27A5A90365D1}.net_2_0_Debug|Any CPU.ActiveCfg = Debug|Any CPU
		{2158446B-9E58-4E9D-BDC4-27A5A90365D1}.net_2_0_Debug|Any CPU.Build.0 = Debug|Any CPU
		{2158446B-9E58-4E9D-BDC4-27A5A90365D1}.net_2_0_Debug|Mixed Platforms.ActiveCfg = Debug|Any CPU
		{2158446B-9E58-4E9D-BDC4-27A5A90365D1}.net_2_0_Debug|Mixed Platforms.Build.0 = Debug|Any CPU
		{2158446B-9E58-4E9D-BDC4-27A5A90365D1}.net_2_0_Debug|x86.ActiveCfg = Debug|Any CPU
		{2158446B-9E58-4E9D-BDC4-27A5A90365D1}.net_2_0_Release|Any CPU.ActiveCfg = Release|Any CPU
		{2158446B-9E58-4E9D-BDC4-27A5A90365D1}.net_2_0_Release|Any CPU.Build.0 = Release|Any CPU
		{2158446B-9E58-4E9D-BDC4-27A5A90365D1}.net_2_0_Release|Mixed Platforms.ActiveCfg = Release|Any CPU
		{2158446B-9E58-4E9D-BDC4-27A5A90365D1}.net_2_0_Release|Mixed Platforms.Build.0 = Release|Any CPU
		{2158446B-9E58-4E9D-BDC4-27A5A90365D1}.net_2_0_Release|x86.ActiveCfg = Release|Any CPU
		{2158446B-9E58-4E9D-BDC4-27A5A90365D1}.net_3_5_Debug|Any CPU.ActiveCfg = Debug|Any CPU
		{2158446B-9E58-4E9D-BDC4-27A5A90365D1}.net_3_5_Debug|Any CPU.Build.0 = Debug|Any CPU
		{2158446B-9E58-4E9D-BDC4-27A5A90365D1}.net_3_5_Debug|Mixed Platforms.ActiveCfg = Debug|Any CPU
		{2158446B-9E58-4E9D-BDC4-27A5A90365D1}.net_3_5_Debug|Mixed Platforms.Build.0 = Debug|Any CPU
		{2158446B-9E58-4E9D-BDC4-27A5A90365D1}.net_3_5_Debug|x86.ActiveCfg = Debug|Any CPU
		{2158446B-9E58-4E9D-BDC4-27A5A90365D1}.net_3_5_Release|Any CPU.ActiveCfg = Release|Any CPU
		{2158446B-9E58-4E9D-BDC4-27A5A90365D1}.net_3_5_Release|Any CPU.Build.0 = Release|Any CPU
		{2158446B-9E58-4E9D-BDC4-27A5A90365D1}.net_3_5_Release|Mixed Platforms.ActiveCfg = Release|Any CPU
		{2158446B-9E58-4E9D-BDC4-27A5A90365D1}.net_3_5_Release|Mixed Platforms.Build.0 = Release|Any CPU
		{2158446B-9E58-4E9D-BDC4-27A5A90365D1}.net_3_5_Release|x86.ActiveCfg = Release|Any CPU
		{2158446B-9E58-4E9D-BDC4-27A5A90365D1}.net_4_0_Debug|Any CPU.ActiveCfg = Debug|Any CPU
		{2158446B-9E58-4E9D-BDC4-27A5A90365D1}.net_4_0_Debug|Any CPU.Build.0 = Debug|Any CPU
		{2158446B-9E58-4E9D-BDC4-27A5A90365D1}.net_4_0_Debug|Mixed Platforms.ActiveCfg = Debug|Any CPU
		{2158446B-9E58-4E9D-BDC4-27A5A90365D1}.net_4_0_Debug|Mixed Platforms.Build.0 = Debug|Any CPU
		{2158446B-9E58-4E9D-BDC4-27A5A90365D1}.net_4_0_Debug|x86.ActiveCfg = Debug|Any CPU
		{2158446B-9E58-4E9D-BDC4-27A5A90365D1}.net_4_0_Release|Any CPU.ActiveCfg = Release|Any CPU
		{2158446B-9E58-4E9D-BDC4-27A5A90365D1}.net_4_0_Release|Any CPU.Build.0 = Release|Any CPU
		{2158446B-9E58-4E9D-BDC4-27A5A90365D1}.net_4_0_Release|Mixed Platforms.ActiveCfg = Release|Any CPU
		{2158446B-9E58-4E9D-BDC4-27A5A90365D1}.net_4_0_Release|Mixed Platforms.Build.0 = Release|Any CPU
		{2158446B-9E58-4E9D-BDC4-27A5A90365D1}.net_4_0_Release|x86.ActiveCfg = Release|Any CPU
		{2158446B-9E58-4E9D-BDC4-27A5A90365D1}.Release|Any CPU.ActiveCfg = Release|Any CPU
		{2158446B-9E58-4E9D-BDC4-27A5A90365D1}.Release|Any CPU.Build.0 = Release|Any CPU
		{2158446B-9E58-4E9D-BDC4-27A5A90365D1}.Release|Mixed Platforms.ActiveCfg = Release|Any CPU
		{2158446B-9E58-4E9D-BDC4-27A5A90365D1}.Release|Mixed Platforms.Build.0 = Release|Any CPU
		{2158446B-9E58-4E9D-BDC4-27A5A90365D1}.Release|x86.ActiveCfg = Release|Any CPU
		{2158446B-9E58-4E9D-BDC4-27A5A90365D1}.silverlight_Debug|Any CPU.ActiveCfg = Debug|Any CPU
		{2158446B-9E58-4E9D-BDC4-27A5A90365D1}.silverlight_Debug|Any CPU.Build.0 = Debug|Any CPU
		{2158446B-9E58-4E9D-BDC4-27A5A90365D1}.silverlight_Debug|Mixed Platforms.ActiveCfg = Debug|Any CPU
		{2158446B-9E58-4E9D-BDC4-27A5A90365D1}.silverlight_Debug|Mixed Platforms.Build.0 = Debug|Any CPU
		{2158446B-9E58-4E9D-BDC4-27A5A90365D1}.silverlight_Debug|x86.ActiveCfg = Debug|Any CPU
		{2158446B-9E58-4E9D-BDC4-27A5A90365D1}.silverlight_Release|Any CPU.ActiveCfg = Release|Any CPU
		{2158446B-9E58-4E9D-BDC4-27A5A90365D1}.silverlight_Release|Any CPU.Build.0 = Release|Any CPU
		{2158446B-9E58-4E9D-BDC4-27A5A90365D1}.silverlight_Release|Mixed Platforms.ActiveCfg = Release|Any CPU
		{2158446B-9E58-4E9D-BDC4-27A5A90365D1}.silverlight_Release|Mixed Platforms.Build.0 = Release|Any CPU
		{2158446B-9E58-4E9D-BDC4-27A5A90365D1}.silverlight_Release|x86.ActiveCfg = Release|Any CPU
		{2158446B-9E58-4E9D-BDC4-27A5A90365D1}.winphone_Debug|Any CPU.ActiveCfg = Debug|Any CPU
		{2158446B-9E58-4E9D-BDC4-27A5A90365D1}.winphone_Debug|Any CPU.Build.0 = Debug|Any CPU
		{2158446B-9E58-4E9D-BDC4-27A5A90365D1}.winphone_Debug|Mixed Platforms.ActiveCfg = Debug|Any CPU
		{2158446B-9E58-4E9D-BDC4-27A5A90365D1}.winphone_Debug|Mixed Platforms.Build.0 = Debug|Any CPU
		{2158446B-9E58-4E9D-BDC4-27A5A90365D1}.winphone_Debug|x86.ActiveCfg = Debug|Any CPU
		{2158446B-9E58-4E9D-BDC4-27A5A90365D1}.winphone_Release|Any CPU.ActiveCfg = Release|Any CPU
		{2158446B-9E58-4E9D-BDC4-27A5A90365D1}.winphone_Release|Any CPU.Build.0 = Release|Any CPU
		{2158446B-9E58-4E9D-BDC4-27A5A90365D1}.winphone_Release|Mixed Platforms.ActiveCfg = Release|Any CPU
		{2158446B-9E58-4E9D-BDC4-27A5A90365D1}.winphone_Release|Mixed Platforms.Build.0 = Release|Any CPU
		{2158446B-9E58-4E9D-BDC4-27A5A90365D1}.winphone_Release|x86.ActiveCfg = Release|Any CPU
		{D68133BD-1E63-496E-9EDE-4FBDBF77B486}.Debug|Any CPU.ActiveCfg = winphone_Debug|Any CPU
		{D68133BD-1E63-496E-9EDE-4FBDBF77B486}.Debug|Any CPU.Build.0 = winphone_Debug|Any CPU
		{D68133BD-1E63-496E-9EDE-4FBDBF77B486}.Debug|Mixed Platforms.ActiveCfg = winphone_Release|Any CPU
		{D68133BD-1E63-496E-9EDE-4FBDBF77B486}.Debug|Mixed Platforms.Build.0 = winphone_Release|Any CPU
		{D68133BD-1E63-496E-9EDE-4FBDBF77B486}.Debug|x86.ActiveCfg = winphone_Release|Any CPU
		{D68133BD-1E63-496E-9EDE-4FBDBF77B486}.net_2_0_Debug|Any CPU.ActiveCfg = net_2_0_Debug|Any CPU
		{D68133BD-1E63-496E-9EDE-4FBDBF77B486}.net_2_0_Debug|Any CPU.Build.0 = net_2_0_Debug|Any CPU
		{D68133BD-1E63-496E-9EDE-4FBDBF77B486}.net_2_0_Debug|Mixed Platforms.ActiveCfg = net_2_0_Debug|Any CPU
		{D68133BD-1E63-496E-9EDE-4FBDBF77B486}.net_2_0_Debug|Mixed Platforms.Build.0 = net_2_0_Debug|Any CPU
		{D68133BD-1E63-496E-9EDE-4FBDBF77B486}.net_2_0_Debug|x86.ActiveCfg = net_2_0_Debug|Any CPU
		{D68133BD-1E63-496E-9EDE-4FBDBF77B486}.net_2_0_Release|Any CPU.ActiveCfg = net_2_0_Release|Any CPU
		{D68133BD-1E63-496E-9EDE-4FBDBF77B486}.net_2_0_Release|Any CPU.Build.0 = net_2_0_Release|Any CPU
		{D68133BD-1E63-496E-9EDE-4FBDBF77B486}.net_2_0_Release|Mixed Platforms.ActiveCfg = net_2_0_Release|Any CPU
		{D68133BD-1E63-496E-9EDE-4FBDBF77B486}.net_2_0_Release|Mixed Platforms.Build.0 = net_2_0_Release|Any CPU
		{D68133BD-1E63-496E-9EDE-4FBDBF77B486}.net_2_0_Release|x86.ActiveCfg = net_2_0_Release|Any CPU
		{D68133BD-1E63-496E-9EDE-4FBDBF77B486}.net_3_5_Debug|Any CPU.ActiveCfg = net_3_5_Debug|Any CPU
		{D68133BD-1E63-496E-9EDE-4FBDBF77B486}.net_3_5_Debug|Any CPU.Build.0 = net_3_5_Debug|Any CPU
		{D68133BD-1E63-496E-9EDE-4FBDBF77B486}.net_3_5_Debug|Mixed Platforms.ActiveCfg = net_3_5_Debug|Any CPU
		{D68133BD-1E63-496E-9EDE-4FBDBF77B486}.net_3_5_Debug|Mixed Platforms.Build.0 = net_3_5_Debug|Any CPU
		{D68133BD-1E63-496E-9EDE-4FBDBF77B486}.net_3_5_Debug|x86.ActiveCfg = net_3_5_Debug|Any CPU
		{D68133BD-1E63-496E-9EDE-4FBDBF77B486}.net_3_5_Release|Any CPU.ActiveCfg = net_3_5_Release|Any CPU
		{D68133BD-1E63-496E-9EDE-4FBDBF77B486}.net_3_5_Release|Any CPU.Build.0 = net_3_5_Release|Any CPU
		{D68133BD-1E63-496E-9EDE-4FBDBF77B486}.net_3_5_Release|Mixed Platforms.ActiveCfg = net_3_5_Release|Any CPU
		{D68133BD-1E63-496E-9EDE-4FBDBF77B486}.net_3_5_Release|Mixed Platforms.Build.0 = net_3_5_Release|Any CPU
		{D68133BD-1E63-496E-9EDE-4FBDBF77B486}.net_3_5_Release|x86.ActiveCfg = net_3_5_Release|Any CPU
		{D68133BD-1E63-496E-9EDE-4FBDBF77B486}.net_4_0_Debug|Any CPU.ActiveCfg = net_4_0_Debug|Any CPU
		{D68133BD-1E63-496E-9EDE-4FBDBF77B486}.net_4_0_Debug|Any CPU.Build.0 = net_4_0_Debug|Any CPU
		{D68133BD-1E63-496E-9EDE-4FBDBF77B486}.net_4_0_Debug|Mixed Platforms.ActiveCfg = net_4_0_Debug|Any CPU
		{D68133BD-1E63-496E-9EDE-4FBDBF77B486}.net_4_0_Debug|Mixed Platforms.Build.0 = net_4_0_Debug|Any CPU
		{D68133BD-1E63-496E-9EDE-4FBDBF77B486}.net_4_0_Debug|x86.ActiveCfg = net_4_0_Debug|Any CPU
		{D68133BD-1E63-496E-9EDE-4FBDBF77B486}.net_4_0_Release|Any CPU.ActiveCfg = net_4_0_Release|Any CPU
		{D68133BD-1E63-496E-9EDE-4FBDBF77B486}.net_4_0_Release|Any CPU.Build.0 = net_4_0_Release|Any CPU
		{D68133BD-1E63-496E-9EDE-4FBDBF77B486}.net_4_0_Release|Mixed Platforms.ActiveCfg = net_4_0_Release|Any CPU
		{D68133BD-1E63-496E-9EDE-4FBDBF77B486}.net_4_0_Release|Mixed Platforms.Build.0 = net_4_0_Release|Any CPU
		{D68133BD-1E63-496E-9EDE-4FBDBF77B486}.net_4_0_Release|x86.ActiveCfg = net_4_0_Release|Any CPU
		{D68133BD-1E63-496E-9EDE-4FBDBF77B486}.Release|Any CPU.ActiveCfg = winphone_Release|Any CPU
		{D68133BD-1E63-496E-9EDE-4FBDBF77B486}.Release|Any CPU.Build.0 = winphone_Release|Any CPU
		{D68133BD-1E63-496E-9EDE-4FBDBF77B486}.Release|Mixed Platforms.ActiveCfg = winphone_Release|Any CPU
		{D68133BD-1E63-496E-9EDE-4FBDBF77B486}.Release|Mixed Platforms.Build.0 = winphone_Release|Any CPU
		{D68133BD-1E63-496E-9EDE-4FBDBF77B486}.Release|x86.ActiveCfg = winphone_Release|Any CPU
		{D68133BD-1E63-496E-9EDE-4FBDBF77B486}.silverlight_Debug|Any CPU.ActiveCfg = silverlight_Debug|Any CPU
		{D68133BD-1E63-496E-9EDE-4FBDBF77B486}.silverlight_Debug|Any CPU.Build.0 = silverlight_Debug|Any CPU
		{D68133BD-1E63-496E-9EDE-4FBDBF77B486}.silverlight_Debug|Mixed Platforms.ActiveCfg = silverlight_Debug|Any CPU
		{D68133BD-1E63-496E-9EDE-4FBDBF77B486}.silverlight_Debug|Mixed Platforms.Build.0 = silverlight_Debug|Any CPU
		{D68133BD-1E63-496E-9EDE-4FBDBF77B486}.silverlight_Debug|x86.ActiveCfg = silverlight_Debug|Any CPU
		{D68133BD-1E63-496E-9EDE-4FBDBF77B486}.silverlight_Release|Any CPU.ActiveCfg = silverlight_Release|Any CPU
		{D68133BD-1E63-496E-9EDE-4FBDBF77B486}.silverlight_Release|Any CPU.Build.0 = silverlight_Release|Any CPU
		{D68133BD-1E63-496E-9EDE-4FBDBF77B486}.silverlight_Release|Mixed Platforms.ActiveCfg = silverlight_Release|Any CPU
		{D68133BD-1E63-496E-9EDE-4FBDBF77B486}.silverlight_Release|Mixed Platforms.Build.0 = silverlight_Release|Any CPU
		{D68133BD-1E63-496E-9EDE-4FBDBF77B486}.silverlight_Release|x86.ActiveCfg = silverlight_Release|Any CPU
		{D68133BD-1E63-496E-9EDE-4FBDBF77B486}.winphone_Debug|Any CPU.ActiveCfg = winphone_Debug|Any CPU
		{D68133BD-1E63-496E-9EDE-4FBDBF77B486}.winphone_Debug|Any CPU.Build.0 = winphone_Debug|Any CPU
		{D68133BD-1E63-496E-9EDE-4FBDBF77B486}.winphone_Debug|Mixed Platforms.ActiveCfg = winphone_Debug|Any CPU
		{D68133BD-1E63-496E-9EDE-4FBDBF77B486}.winphone_Debug|Mixed Platforms.Build.0 = winphone_Debug|Any CPU
		{D68133BD-1E63-496E-9EDE-4FBDBF77B486}.winphone_Debug|x86.ActiveCfg = winphone_Debug|Any CPU
		{D68133BD-1E63-496E-9EDE-4FBDBF77B486}.winphone_Release|Any CPU.ActiveCfg = winphone_Release|Any CPU
		{D68133BD-1E63-496E-9EDE-4FBDBF77B486}.winphone_Release|Any CPU.Build.0 = winphone_Release|Any CPU
		{D68133BD-1E63-496E-9EDE-4FBDBF77B486}.winphone_Release|Mixed Platforms.ActiveCfg = winphone_Release|Any CPU
		{D68133BD-1E63-496E-9EDE-4FBDBF77B486}.winphone_Release|Mixed Platforms.Build.0 = winphone_Release|Any CPU
		{D68133BD-1E63-496E-9EDE-4FBDBF77B486}.winphone_Release|x86.ActiveCfg = winphone_Release|Any CPU
		{63E6915C-7EA4-4D76-AB28-0D7191EEA626}.Debug|Any CPU.ActiveCfg = net_4_0_Debug|Any CPU
		{63E6915C-7EA4-4D76-AB28-0D7191EEA626}.Debug|Any CPU.Build.0 = net_4_0_Debug|Any CPU
		{63E6915C-7EA4-4D76-AB28-0D7191EEA626}.Debug|Mixed Platforms.ActiveCfg = net_4_0_Release|Any CPU
		{63E6915C-7EA4-4D76-AB28-0D7191EEA626}.Debug|Mixed Platforms.Build.0 = net_4_0_Release|Any CPU
		{63E6915C-7EA4-4D76-AB28-0D7191EEA626}.Debug|x86.ActiveCfg = net_4_0_Release|Any CPU
		{63E6915C-7EA4-4D76-AB28-0D7191EEA626}.net_2_0_Debug|Any CPU.ActiveCfg = net_2_0_Debug|Any CPU
		{63E6915C-7EA4-4D76-AB28-0D7191EEA626}.net_2_0_Debug|Any CPU.Build.0 = net_2_0_Debug|Any CPU
		{63E6915C-7EA4-4D76-AB28-0D7191EEA626}.net_2_0_Debug|Mixed Platforms.ActiveCfg = net_2_0_Debug|Any CPU
		{63E6915C-7EA4-4D76-AB28-0D7191EEA626}.net_2_0_Debug|Mixed Platforms.Build.0 = net_2_0_Debug|Any CPU
		{63E6915C-7EA4-4D76-AB28-0D7191EEA626}.net_2_0_Debug|x86.ActiveCfg = net_2_0_Debug|Any CPU
		{63E6915C-7EA4-4D76-AB28-0D7191EEA626}.net_2_0_Release|Any CPU.ActiveCfg = net_2_0_Release|Any CPU
		{63E6915C-7EA4-4D76-AB28-0D7191EEA626}.net_2_0_Release|Any CPU.Build.0 = net_2_0_Release|Any CPU
		{63E6915C-7EA4-4D76-AB28-0D7191EEA626}.net_2_0_Release|Mixed Platforms.ActiveCfg = net_2_0_Release|Any CPU
		{63E6915C-7EA4-4D76-AB28-0D7191EEA626}.net_2_0_Release|Mixed Platforms.Build.0 = net_2_0_Release|Any CPU
		{63E6915C-7EA4-4D76-AB28-0D7191EEA626}.net_2_0_Release|x86.ActiveCfg = net_2_0_Release|Any CPU
		{63E6915C-7EA4-4D76-AB28-0D7191EEA626}.net_3_5_Debug|Any CPU.ActiveCfg = net_3_5_Debug|Any CPU
		{63E6915C-7EA4-4D76-AB28-0D7191EEA626}.net_3_5_Debug|Any CPU.Build.0 = net_3_5_Debug|Any CPU
		{63E6915C-7EA4-4D76-AB28-0D7191EEA626}.net_3_5_Debug|Mixed Platforms.ActiveCfg = net_3_5_Debug|Any CPU
		{63E6915C-7EA4-4D76-AB28-0D7191EEA626}.net_3_5_Debug|Mixed Platforms.Build.0 = net_3_5_Debug|Any CPU
		{63E6915C-7EA4-4D76-AB28-0D7191EEA626}.net_3_5_Debug|x86.ActiveCfg = net_3_5_Debug|Any CPU
		{63E6915C-7EA4-4D76-AB28-0D7191EEA626}.net_3_5_Release|Any CPU.ActiveCfg = net_3_5_Release|Any CPU
		{63E6915C-7EA4-4D76-AB28-0D7191EEA626}.net_3_5_Release|Any CPU.Build.0 = net_3_5_Release|Any CPU
		{63E6915C-7EA4-4D76-AB28-0D7191EEA626}.net_3_5_Release|Mixed Platforms.ActiveCfg = net_3_5_Release|Any CPU
		{63E6915C-7EA4-4D76-AB28-0D7191EEA626}.net_3_5_Release|Mixed Platforms.Build.0 = net_3_5_Release|Any CPU
		{63E6915C-7EA4-4D76-AB28-0D7191EEA626}.net_3_5_Release|x86.ActiveCfg = net_3_5_Release|Any CPU
		{63E6915C-7EA4-4D76-AB28-0D7191EEA626}.net_4_0_Debug|Any CPU.ActiveCfg = net_4_0_Debug|Any CPU
		{63E6915C-7EA4-4D76-AB28-0D7191EEA626}.net_4_0_Debug|Any CPU.Build.0 = net_4_0_Debug|Any CPU
		{63E6915C-7EA4-4D76-AB28-0D7191EEA626}.net_4_0_Debug|Mixed Platforms.ActiveCfg = net_4_0_Debug|Any CPU
		{63E6915C-7EA4-4D76-AB28-0D7191EEA626}.net_4_0_Debug|Mixed Platforms.Build.0 = net_4_0_Debug|Any CPU
		{63E6915C-7EA4-4D76-AB28-0D7191EEA626}.net_4_0_Debug|x86.ActiveCfg = net_4_0_Debug|Any CPU
		{63E6915C-7EA4-4D76-AB28-0D7191EEA626}.net_4_0_Release|Any CPU.ActiveCfg = net_4_0_Release|Any CPU
		{63E6915C-7EA4-4D76-AB28-0D7191EEA626}.net_4_0_Release|Any CPU.Build.0 = net_4_0_Release|Any CPU
		{63E6915C-7EA4-4D76-AB28-0D7191EEA626}.net_4_0_Release|Mixed Platforms.ActiveCfg = net_4_0_Release|Any CPU
		{63E6915C-7EA4-4D76-AB28-0D7191EEA626}.net_4_0_Release|Mixed Platforms.Build.0 = net_4_0_Release|Any CPU
		{63E6915C-7EA4-4D76-AB28-0D7191EEA626}.net_4_0_Release|x86.ActiveCfg = net_4_0_Release|Any CPU
		{63E6915C-7EA4-4D76-AB28-0D7191EEA626}.Release|Any CPU.ActiveCfg = net_4_0_Release|Any CPU
		{63E6915C-7EA4-4D76-AB28-0D7191EEA626}.Release|Any CPU.Build.0 = net_4_0_Release|Any CPU
		{63E6915C-7EA4-4D76-AB28-0D7191EEA626}.Release|Mixed Platforms.ActiveCfg = net_4_0_Release|Any CPU
		{63E6915C-7EA4-4D76-AB28-0D7191EEA626}.Release|Mixed Platforms.Build.0 = net_4_0_Release|Any CPU
		{63E6915C-7EA4-4D76-AB28-0D7191EEA626}.Release|x86.ActiveCfg = net_4_0_Release|Any CPU
		{63E6915C-7EA4-4D76-AB28-0D7191EEA626}.silverlight_Debug|Any CPU.ActiveCfg = net_4_0_Release|Any CPU
		{63E6915C-7EA4-4D76-AB28-0D7191EEA626}.silverlight_Debug|Any CPU.Build.0 = net_4_0_Release|Any CPU
		{63E6915C-7EA4-4D76-AB28-0D7191EEA626}.silverlight_Debug|Mixed Platforms.ActiveCfg = net_4_0_Release|Any CPU
		{63E6915C-7EA4-4D76-AB28-0D7191EEA626}.silverlight_Debug|Mixed Platforms.Build.0 = net_4_0_Release|Any CPU
		{63E6915C-7EA4-4D76-AB28-0D7191EEA626}.silverlight_Debug|x86.ActiveCfg = net_4_0_Release|Any CPU
		{63E6915C-7EA4-4D76-AB28-0D7191EEA626}.silverlight_Release|Any CPU.ActiveCfg = net_4_0_Release|Any CPU
		{63E6915C-7EA4-4D76-AB28-0D7191EEA626}.silverlight_Release|Any CPU.Build.0 = net_4_0_Release|Any CPU
		{63E6915C-7EA4-4D76-AB28-0D7191EEA626}.silverlight_Release|Mixed Platforms.ActiveCfg = net_4_0_Release|Any CPU
		{63E6915C-7EA4-4D76-AB28-0D7191EEA626}.silverlight_Release|Mixed Platforms.Build.0 = net_4_0_Release|Any CPU
		{63E6915C-7EA4-4D76-AB28-0D7191EEA626}.silverlight_Release|x86.ActiveCfg = net_4_0_Release|Any CPU
		{63E6915C-7EA4-4D76-AB28-0D7191EEA626}.winphone_Debug|Any CPU.ActiveCfg = net_4_0_Release|Any CPU
		{63E6915C-7EA4-4D76-AB28-0D7191EEA626}.winphone_Debug|Any CPU.Build.0 = net_4_0_Release|Any CPU
		{63E6915C-7EA4-4D76-AB28-0D7191EEA626}.winphone_Debug|Mixed Platforms.ActiveCfg = net_4_0_Release|Any CPU
		{63E6915C-7EA4-4D76-AB28-0D7191EEA626}.winphone_Debug|Mixed Platforms.Build.0 = net_4_0_Release|Any CPU
		{63E6915C-7EA4-4D76-AB28-0D7191EEA626}.winphone_Debug|x86.ActiveCfg = net_4_0_Release|Any CPU
		{63E6915C-7EA4-4D76-AB28-0D7191EEA626}.winphone_Release|Any CPU.ActiveCfg = net_4_0_Release|Any CPU
		{63E6915C-7EA4-4D76-AB28-0D7191EEA626}.winphone_Release|Any CPU.Build.0 = net_4_0_Release|Any CPU
		{63E6915C-7EA4-4D76-AB28-0D7191EEA626}.winphone_Release|Mixed Platforms.ActiveCfg = net_4_0_Release|Any CPU
		{63E6915C-7EA4-4D76-AB28-0D7191EEA626}.winphone_Release|Mixed Platforms.Build.0 = net_4_0_Release|Any CPU
		{63E6915C-7EA4-4D76-AB28-0D7191EEA626}.winphone_Release|x86.ActiveCfg = net_4_0_Release|Any CPU
		{8559DD7F-A16F-46D0-A05A-9139FAEBA8FD}.Debug|Any CPU.ActiveCfg = net_4_0_Debug|Any CPU
		{8559DD7F-A16F-46D0-A05A-9139FAEBA8FD}.Debug|Any CPU.Build.0 = net_4_0_Debug|Any CPU
		{8559DD7F-A16F-46D0-A05A-9139FAEBA8FD}.Debug|Mixed Platforms.ActiveCfg = net_4_0_Release|Any CPU
		{8559DD7F-A16F-46D0-A05A-9139FAEBA8FD}.Debug|Mixed Platforms.Build.0 = net_4_0_Release|Any CPU
		{8559DD7F-A16F-46D0-A05A-9139FAEBA8FD}.Debug|x86.ActiveCfg = net_4_0_Release|Any CPU
		{8559DD7F-A16F-46D0-A05A-9139FAEBA8FD}.net_2_0_Debug|Any CPU.ActiveCfg = net_2_0_Debug|Any CPU
		{8559DD7F-A16F-46D0-A05A-9139FAEBA8FD}.net_2_0_Debug|Any CPU.Build.0 = net_2_0_Debug|Any CPU
		{8559DD7F-A16F-46D0-A05A-9139FAEBA8FD}.net_2_0_Debug|Mixed Platforms.ActiveCfg = net_2_0_Debug|Any CPU
		{8559DD7F-A16F-46D0-A05A-9139FAEBA8FD}.net_2_0_Debug|Mixed Platforms.Build.0 = net_2_0_Debug|Any CPU
		{8559DD7F-A16F-46D0-A05A-9139FAEBA8FD}.net_2_0_Debug|x86.ActiveCfg = net_2_0_Debug|Any CPU
		{8559DD7F-A16F-46D0-A05A-9139FAEBA8FD}.net_2_0_Release|Any CPU.ActiveCfg = net_2_0_Release|Any CPU
		{8559DD7F-A16F-46D0-A05A-9139FAEBA8FD}.net_2_0_Release|Any CPU.Build.0 = net_2_0_Release|Any CPU
		{8559DD7F-A16F-46D0-A05A-9139FAEBA8FD}.net_2_0_Release|Mixed Platforms.ActiveCfg = net_2_0_Release|Any CPU
		{8559DD7F-A16F-46D0-A05A-9139FAEBA8FD}.net_2_0_Release|Mixed Platforms.Build.0 = net_2_0_Release|Any CPU
		{8559DD7F-A16F-46D0-A05A-9139FAEBA8FD}.net_2_0_Release|x86.ActiveCfg = net_2_0_Release|Any CPU
		{8559DD7F-A16F-46D0-A05A-9139FAEBA8FD}.net_3_5_Debug|Any CPU.ActiveCfg = net_3_5_Debug|Any CPU
		{8559DD7F-A16F-46D0-A05A-9139FAEBA8FD}.net_3_5_Debug|Any CPU.Build.0 = net_3_5_Debug|Any CPU
		{8559DD7F-A16F-46D0-A05A-9139FAEBA8FD}.net_3_5_Debug|Mixed Platforms.ActiveCfg = net_3_5_Debug|Any CPU
		{8559DD7F-A16F-46D0-A05A-9139FAEBA8FD}.net_3_5_Debug|Mixed Platforms.Build.0 = net_3_5_Debug|Any CPU
		{8559DD7F-A16F-46D0-A05A-9139FAEBA8FD}.net_3_5_Debug|x86.ActiveCfg = net_3_5_Debug|Any CPU
		{8559DD7F-A16F-46D0-A05A-9139FAEBA8FD}.net_3_5_Release|Any CPU.ActiveCfg = net_3_5_Release|Any CPU
		{8559DD7F-A16F-46D0-A05A-9139FAEBA8FD}.net_3_5_Release|Any CPU.Build.0 = net_3_5_Release|Any CPU
		{8559DD7F-A16F-46D0-A05A-9139FAEBA8FD}.net_3_5_Release|Mixed Platforms.ActiveCfg = net_3_5_Release|Any CPU
		{8559DD7F-A16F-46D0-A05A-9139FAEBA8FD}.net_3_5_Release|Mixed Platforms.Build.0 = net_3_5_Release|Any CPU
		{8559DD7F-A16F-46D0-A05A-9139FAEBA8FD}.net_3_5_Release|x86.ActiveCfg = net_3_5_Release|Any CPU
		{8559DD7F-A16F-46D0-A05A-9139FAEBA8FD}.net_4_0_Debug|Any CPU.ActiveCfg = net_4_0_Debug|Any CPU
		{8559DD7F-A16F-46D0-A05A-9139FAEBA8FD}.net_4_0_Debug|Any CPU.Build.0 = net_4_0_Debug|Any CPU
		{8559DD7F-A16F-46D0-A05A-9139FAEBA8FD}.net_4_0_Debug|Mixed Platforms.ActiveCfg = net_4_0_Debug|Any CPU
		{8559DD7F-A16F-46D0-A05A-9139FAEBA8FD}.net_4_0_Debug|Mixed Platforms.Build.0 = net_4_0_Debug|Any CPU
		{8559DD7F-A16F-46D0-A05A-9139FAEBA8FD}.net_4_0_Debug|x86.ActiveCfg = net_4_0_Debug|Any CPU
		{8559DD7F-A16F-46D0-A05A-9139FAEBA8FD}.net_4_0_Release|Any CPU.ActiveCfg = net_4_0_Release|Any CPU
		{8559DD7F-A16F-46D0-A05A-9139FAEBA8FD}.net_4_0_Release|Any CPU.Build.0 = net_4_0_Release|Any CPU
		{8559DD7F-A16F-46D0-A05A-9139FAEBA8FD}.net_4_0_Release|Mixed Platforms.ActiveCfg = net_4_0_Release|Any CPU
		{8559DD7F-A16F-46D0-A05A-9139FAEBA8FD}.net_4_0_Release|Mixed Platforms.Build.0 = net_4_0_Release|Any CPU
		{8559DD7F-A16F-46D0-A05A-9139FAEBA8FD}.net_4_0_Release|x86.ActiveCfg = net_4_0_Release|Any CPU
		{8559DD7F-A16F-46D0-A05A-9139FAEBA8FD}.Release|Any CPU.ActiveCfg = net_4_0_Release|Any CPU
		{8559DD7F-A16F-46D0-A05A-9139FAEBA8FD}.Release|Any CPU.Build.0 = net_4_0_Release|Any CPU
		{8559DD7F-A16F-46D0-A05A-9139FAEBA8FD}.Release|Mixed Platforms.ActiveCfg = net_4_0_Release|Any CPU
		{8559DD7F-A16F-46D0-A05A-9139FAEBA8FD}.Release|Mixed Platforms.Build.0 = net_4_0_Release|Any CPU
		{8559DD7F-A16F-46D0-A05A-9139FAEBA8FD}.Release|x86.ActiveCfg = net_4_0_Release|Any CPU
		{8559DD7F-A16F-46D0-A05A-9139FAEBA8FD}.silverlight_Debug|Any CPU.ActiveCfg = net_4_0_Release|Any CPU
		{8559DD7F-A16F-46D0-A05A-9139FAEBA8FD}.silverlight_Debug|Any CPU.Build.0 = net_4_0_Release|Any CPU
		{8559DD7F-A16F-46D0-A05A-9139FAEBA8FD}.silverlight_Debug|Mixed Platforms.ActiveCfg = net_4_0_Release|Any CPU
		{8559DD7F-A16F-46D0-A05A-9139FAEBA8FD}.silverlight_Debug|Mixed Platforms.Build.0 = net_4_0_Release|Any CPU
		{8559DD7F-A16F-46D0-A05A-9139FAEBA8FD}.silverlight_Debug|x86.ActiveCfg = net_4_0_Release|Any CPU
		{8559DD7F-A16F-46D0-A05A-9139FAEBA8FD}.silverlight_Release|Any CPU.ActiveCfg = net_4_0_Release|Any CPU
		{8559DD7F-A16F-46D0-A05A-9139FAEBA8FD}.silverlight_Release|Any CPU.Build.0 = net_4_0_Release|Any CPU
		{8559DD7F-A16F-46D0-A05A-9139FAEBA8FD}.silverlight_Release|Mixed Platforms.ActiveCfg = net_4_0_Release|Any CPU
		{8559DD7F-A16F-46D0-A05A-9139FAEBA8FD}.silverlight_Release|Mixed Platforms.Build.0 = net_4_0_Release|Any CPU
		{8559DD7F-A16F-46D0-A05A-9139FAEBA8FD}.silverlight_Release|x86.ActiveCfg = net_4_0_Release|Any CPU
		{8559DD7F-A16F-46D0-A05A-9139FAEBA8FD}.winphone_Debug|Any CPU.ActiveCfg = net_4_0_Release|Any CPU
		{8559DD7F-A16F-46D0-A05A-9139FAEBA8FD}.winphone_Debug|Any CPU.Build.0 = net_4_0_Release|Any CPU
		{8559DD7F-A16F-46D0-A05A-9139FAEBA8FD}.winphone_Debug|Mixed Platforms.ActiveCfg = net_4_0_Release|Any CPU
		{8559DD7F-A16F-46D0-A05A-9139FAEBA8FD}.winphone_Debug|Mixed Platforms.Build.0 = net_4_0_Release|Any CPU
		{8559DD7F-A16F-46D0-A05A-9139FAEBA8FD}.winphone_Debug|x86.ActiveCfg = net_4_0_Release|Any CPU
		{8559DD7F-A16F-46D0-A05A-9139FAEBA8FD}.winphone_Release|Any CPU.ActiveCfg = net_4_0_Release|Any CPU
		{8559DD7F-A16F-46D0-A05A-9139FAEBA8FD}.winphone_Release|Any CPU.Build.0 = net_4_0_Release|Any CPU
		{8559DD7F-A16F-46D0-A05A-9139FAEBA8FD}.winphone_Release|Mixed Platforms.ActiveCfg = net_4_0_Release|Any CPU
		{8559DD7F-A16F-46D0-A05A-9139FAEBA8FD}.winphone_Release|Mixed Platforms.Build.0 = net_4_0_Release|Any CPU
		{8559DD7F-A16F-46D0-A05A-9139FAEBA8FD}.winphone_Release|x86.ActiveCfg = net_4_0_Release|Any CPU
		{F3174301-EBC2-4F54-A7CE-49685110ACB8}.Debug|Any CPU.ActiveCfg = Debug|Any CPU
		{F3174301-EBC2-4F54-A7CE-49685110ACB8}.Debug|Any CPU.Build.0 = Debug|Any CPU
		{F3174301-EBC2-4F54-A7CE-49685110ACB8}.Debug|Mixed Platforms.ActiveCfg = Debug|Any CPU
		{F3174301-EBC2-4F54-A7CE-49685110ACB8}.Debug|Mixed Platforms.Build.0 = Debug|Any CPU
		{F3174301-EBC2-4F54-A7CE-49685110ACB8}.Debug|x86.ActiveCfg = Debug|Any CPU
		{F3174301-EBC2-4F54-A7CE-49685110ACB8}.net_2_0_Debug|Any CPU.ActiveCfg = Debug|Any CPU
		{F3174301-EBC2-4F54-A7CE-49685110ACB8}.net_2_0_Debug|Any CPU.Build.0 = Debug|Any CPU
		{F3174301-EBC2-4F54-A7CE-49685110ACB8}.net_2_0_Debug|Mixed Platforms.ActiveCfg = Debug|Any CPU
		{F3174301-EBC2-4F54-A7CE-49685110ACB8}.net_2_0_Debug|Mixed Platforms.Build.0 = Debug|Any CPU
		{F3174301-EBC2-4F54-A7CE-49685110ACB8}.net_2_0_Debug|x86.ActiveCfg = Debug|Any CPU
		{F3174301-EBC2-4F54-A7CE-49685110ACB8}.net_2_0_Release|Any CPU.ActiveCfg = Release|Any CPU
		{F3174301-EBC2-4F54-A7CE-49685110ACB8}.net_2_0_Release|Any CPU.Build.0 = Release|Any CPU
		{F3174301-EBC2-4F54-A7CE-49685110ACB8}.net_2_0_Release|Mixed Platforms.ActiveCfg = Release|Any CPU
		{F3174301-EBC2-4F54-A7CE-49685110ACB8}.net_2_0_Release|Mixed Platforms.Build.0 = Release|Any CPU
		{F3174301-EBC2-4F54-A7CE-49685110ACB8}.net_2_0_Release|x86.ActiveCfg = Release|Any CPU
		{F3174301-EBC2-4F54-A7CE-49685110ACB8}.net_3_5_Debug|Any CPU.ActiveCfg = Debug|Any CPU
		{F3174301-EBC2-4F54-A7CE-49685110ACB8}.net_3_5_Debug|Any CPU.Build.0 = Debug|Any CPU
		{F3174301-EBC2-4F54-A7CE-49685110ACB8}.net_3_5_Debug|Mixed Platforms.ActiveCfg = Debug|Any CPU
		{F3174301-EBC2-4F54-A7CE-49685110ACB8}.net_3_5_Debug|Mixed Platforms.Build.0 = Debug|Any CPU
		{F3174301-EBC2-4F54-A7CE-49685110ACB8}.net_3_5_Debug|x86.ActiveCfg = Debug|Any CPU
		{F3174301-EBC2-4F54-A7CE-49685110ACB8}.net_3_5_Release|Any CPU.ActiveCfg = Release|Any CPU
		{F3174301-EBC2-4F54-A7CE-49685110ACB8}.net_3_5_Release|Any CPU.Build.0 = Release|Any CPU
		{F3174301-EBC2-4F54-A7CE-49685110ACB8}.net_3_5_Release|Mixed Platforms.ActiveCfg = Release|Any CPU
		{F3174301-EBC2-4F54-A7CE-49685110ACB8}.net_3_5_Release|Mixed Platforms.Build.0 = Release|Any CPU
		{F3174301-EBC2-4F54-A7CE-49685110ACB8}.net_3_5_Release|x86.ActiveCfg = Release|Any CPU
		{F3174301-EBC2-4F54-A7CE-49685110ACB8}.net_4_0_Debug|Any CPU.ActiveCfg = Debug|Any CPU
		{F3174301-EBC2-4F54-A7CE-49685110ACB8}.net_4_0_Debug|Any CPU.Build.0 = Debug|Any CPU
		{F3174301-EBC2-4F54-A7CE-49685110ACB8}.net_4_0_Debug|Mixed Platforms.ActiveCfg = Debug|Any CPU
		{F3174301-EBC2-4F54-A7CE-49685110ACB8}.net_4_0_Debug|Mixed Platforms.Build.0 = Debug|Any CPU
		{F3174301-EBC2-4F54-A7CE-49685110ACB8}.net_4_0_Debug|x86.ActiveCfg = Debug|Any CPU
		{F3174301-EBC2-4F54-A7CE-49685110ACB8}.net_4_0_Release|Any CPU.ActiveCfg = Release|Any CPU
		{F3174301-EBC2-4F54-A7CE-49685110ACB8}.net_4_0_Release|Any CPU.Build.0 = Release|Any CPU
		{F3174301-EBC2-4F54-A7CE-49685110ACB8}.net_4_0_Release|Mixed Platforms.ActiveCfg = Release|Any CPU
		{F3174301-EBC2-4F54-A7CE-49685110ACB8}.net_4_0_Release|Mixed Platforms.Build.0 = Release|Any CPU
		{F3174301-EBC2-4F54-A7CE-49685110ACB8}.net_4_0_Release|x86.ActiveCfg = Release|Any CPU
		{F3174301-EBC2-4F54-A7CE-49685110ACB8}.Release|Any CPU.ActiveCfg = Release|Any CPU
		{F3174301-EBC2-4F54-A7CE-49685110ACB8}.Release|Any CPU.Build.0 = Release|Any CPU
		{F3174301-EBC2-4F54-A7CE-49685110ACB8}.Release|Mixed Platforms.ActiveCfg = Release|Any CPU
		{F3174301-EBC2-4F54-A7CE-49685110ACB8}.Release|Mixed Platforms.Build.0 = Release|Any CPU
		{F3174301-EBC2-4F54-A7CE-49685110ACB8}.Release|x86.ActiveCfg = Release|Any CPU
		{F3174301-EBC2-4F54-A7CE-49685110ACB8}.silverlight_Debug|Any CPU.ActiveCfg = Debug|Any CPU
		{F3174301-EBC2-4F54-A7CE-49685110ACB8}.silverlight_Debug|Any CPU.Build.0 = Debug|Any CPU
		{F3174301-EBC2-4F54-A7CE-49685110ACB8}.silverlight_Debug|Mixed Platforms.ActiveCfg = Debug|Any CPU
		{F3174301-EBC2-4F54-A7CE-49685110ACB8}.silverlight_Debug|Mixed Platforms.Build.0 = Debug|Any CPU
		{F3174301-EBC2-4F54-A7CE-49685110ACB8}.silverlight_Debug|x86.ActiveCfg = Debug|Any CPU
		{F3174301-EBC2-4F54-A7CE-49685110ACB8}.silverlight_Release|Any CPU.ActiveCfg = Release|Any CPU
		{F3174301-EBC2-4F54-A7CE-49685110ACB8}.silverlight_Release|Any CPU.Build.0 = Release|Any CPU
		{F3174301-EBC2-4F54-A7CE-49685110ACB8}.silverlight_Release|Mixed Platforms.ActiveCfg = Release|Any CPU
		{F3174301-EBC2-4F54-A7CE-49685110ACB8}.silverlight_Release|Mixed Platforms.Build.0 = Release|Any CPU
		{F3174301-EBC2-4F54-A7CE-49685110ACB8}.silverlight_Release|x86.ActiveCfg = Release|Any CPU
		{F3174301-EBC2-4F54-A7CE-49685110ACB8}.winphone_Debug|Any CPU.ActiveCfg = Debug|Any CPU
		{F3174301-EBC2-4F54-A7CE-49685110ACB8}.winphone_Debug|Any CPU.Build.0 = Debug|Any CPU
		{F3174301-EBC2-4F54-A7CE-49685110ACB8}.winphone_Debug|Mixed Platforms.ActiveCfg = Debug|Any CPU
		{F3174301-EBC2-4F54-A7CE-49685110ACB8}.winphone_Debug|Mixed Platforms.Build.0 = Debug|Any CPU
		{F3174301-EBC2-4F54-A7CE-49685110ACB8}.winphone_Debug|x86.ActiveCfg = Debug|Any CPU
		{F3174301-EBC2-4F54-A7CE-49685110ACB8}.winphone_Release|Any CPU.ActiveCfg = Release|Any CPU
		{F3174301-EBC2-4F54-A7CE-49685110ACB8}.winphone_Release|Any CPU.Build.0 = Release|Any CPU
		{F3174301-EBC2-4F54-A7CE-49685110ACB8}.winphone_Release|Mixed Platforms.ActiveCfg = Release|Any CPU
		{F3174301-EBC2-4F54-A7CE-49685110ACB8}.winphone_Release|Mixed Platforms.Build.0 = Release|Any CPU
		{F3174301-EBC2-4F54-A7CE-49685110ACB8}.winphone_Release|x86.ActiveCfg = Release|Any CPU
		{2AFA753F-41FB-4C83-BD19-D3E32A86C3C1}.Debug|Any CPU.ActiveCfg = Debug|Any CPU
		{2AFA753F-41FB-4C83-BD19-D3E32A86C3C1}.Debug|Any CPU.Build.0 = Debug|Any CPU
		{2AFA753F-41FB-4C83-BD19-D3E32A86C3C1}.Debug|Mixed Platforms.ActiveCfg = Debug|Any CPU
		{2AFA753F-41FB-4C83-BD19-D3E32A86C3C1}.Debug|Mixed Platforms.Build.0 = Debug|Any CPU
		{2AFA753F-41FB-4C83-BD19-D3E32A86C3C1}.Debug|x86.ActiveCfg = Debug|Any CPU
		{2AFA753F-41FB-4C83-BD19-D3E32A86C3C1}.net_2_0_Debug|Any CPU.ActiveCfg = Debug|Any CPU
		{2AFA753F-41FB-4C83-BD19-D3E32A86C3C1}.net_2_0_Debug|Any CPU.Build.0 = Debug|Any CPU
		{2AFA753F-41FB-4C83-BD19-D3E32A86C3C1}.net_2_0_Debug|Mixed Platforms.ActiveCfg = Debug|Any CPU
		{2AFA753F-41FB-4C83-BD19-D3E32A86C3C1}.net_2_0_Debug|Mixed Platforms.Build.0 = Debug|Any CPU
		{2AFA753F-41FB-4C83-BD19-D3E32A86C3C1}.net_2_0_Debug|x86.ActiveCfg = Debug|Any CPU
		{2AFA753F-41FB-4C83-BD19-D3E32A86C3C1}.net_2_0_Release|Any CPU.ActiveCfg = Release|Any CPU
		{2AFA753F-41FB-4C83-BD19-D3E32A86C3C1}.net_2_0_Release|Any CPU.Build.0 = Release|Any CPU
		{2AFA753F-41FB-4C83-BD19-D3E32A86C3C1}.net_2_0_Release|Mixed Platforms.ActiveCfg = Release|Any CPU
		{2AFA753F-41FB-4C83-BD19-D3E32A86C3C1}.net_2_0_Release|Mixed Platforms.Build.0 = Release|Any CPU
		{2AFA753F-41FB-4C83-BD19-D3E32A86C3C1}.net_2_0_Release|x86.ActiveCfg = Release|Any CPU
		{2AFA753F-41FB-4C83-BD19-D3E32A86C3C1}.net_3_5_Debug|Any CPU.ActiveCfg = Debug|Any CPU
		{2AFA753F-41FB-4C83-BD19-D3E32A86C3C1}.net_3_5_Debug|Any CPU.Build.0 = Debug|Any CPU
		{2AFA753F-41FB-4C83-BD19-D3E32A86C3C1}.net_3_5_Debug|Mixed Platforms.ActiveCfg = Debug|Any CPU
		{2AFA753F-41FB-4C83-BD19-D3E32A86C3C1}.net_3_5_Debug|Mixed Platforms.Build.0 = Debug|Any CPU
		{2AFA753F-41FB-4C83-BD19-D3E32A86C3C1}.net_3_5_Debug|x86.ActiveCfg = Debug|Any CPU
		{2AFA753F-41FB-4C83-BD19-D3E32A86C3C1}.net_3_5_Release|Any CPU.ActiveCfg = Release|Any CPU
		{2AFA753F-41FB-4C83-BD19-D3E32A86C3C1}.net_3_5_Release|Any CPU.Build.0 = Release|Any CPU
		{2AFA753F-41FB-4C83-BD19-D3E32A86C3C1}.net_3_5_Release|Mixed Platforms.ActiveCfg = Release|Any CPU
		{2AFA753F-41FB-4C83-BD19-D3E32A86C3C1}.net_3_5_Release|Mixed Platforms.Build.0 = Release|Any CPU
		{2AFA753F-41FB-4C83-BD19-D3E32A86C3C1}.net_3_5_Release|x86.ActiveCfg = Release|Any CPU
		{2AFA753F-41FB-4C83-BD19-D3E32A86C3C1}.net_4_0_Debug|Any CPU.ActiveCfg = Debug|Any CPU
		{2AFA753F-41FB-4C83-BD19-D3E32A86C3C1}.net_4_0_Debug|Any CPU.Build.0 = Debug|Any CPU
		{2AFA753F-41FB-4C83-BD19-D3E32A86C3C1}.net_4_0_Debug|Mixed Platforms.ActiveCfg = Debug|Any CPU
		{2AFA753F-41FB-4C83-BD19-D3E32A86C3C1}.net_4_0_Debug|Mixed Platforms.Build.0 = Debug|Any CPU
		{2AFA753F-41FB-4C83-BD19-D3E32A86C3C1}.net_4_0_Debug|x86.ActiveCfg = Debug|Any CPU
		{2AFA753F-41FB-4C83-BD19-D3E32A86C3C1}.net_4_0_Release|Any CPU.ActiveCfg = Release|Any CPU
		{2AFA753F-41FB-4C83-BD19-D3E32A86C3C1}.net_4_0_Release|Any CPU.Build.0 = Release|Any CPU
		{2AFA753F-41FB-4C83-BD19-D3E32A86C3C1}.net_4_0_Release|Mixed Platforms.ActiveCfg = Release|Any CPU
		{2AFA753F-41FB-4C83-BD19-D3E32A86C3C1}.net_4_0_Release|Mixed Platforms.Build.0 = Release|Any CPU
		{2AFA753F-41FB-4C83-BD19-D3E32A86C3C1}.net_4_0_Release|x86.ActiveCfg = Release|Any CPU
		{2AFA753F-41FB-4C83-BD19-D3E32A86C3C1}.Release|Any CPU.ActiveCfg = Release|Any CPU
		{2AFA753F-41FB-4C83-BD19-D3E32A86C3C1}.Release|Any CPU.Build.0 = Release|Any CPU
		{2AFA753F-41FB-4C83-BD19-D3E32A86C3C1}.Release|Mixed Platforms.ActiveCfg = Release|Any CPU
		{2AFA753F-41FB-4C83-BD19-D3E32A86C3C1}.Release|Mixed Platforms.Build.0 = Release|Any CPU
		{2AFA753F-41FB-4C83-BD19-D3E32A86C3C1}.Release|x86.ActiveCfg = Release|Any CPU
		{2AFA753F-41FB-4C83-BD19-D3E32A86C3C1}.silverlight_Debug|Any CPU.ActiveCfg = Debug|Any CPU
		{2AFA753F-41FB-4C83-BD19-D3E32A86C3C1}.silverlight_Debug|Any CPU.Build.0 = Debug|Any CPU
		{2AFA753F-41FB-4C83-BD19-D3E32A86C3C1}.silverlight_Debug|Mixed Platforms.ActiveCfg = Debug|Any CPU
		{2AFA753F-41FB-4C83-BD19-D3E32A86C3C1}.silverlight_Debug|Mixed Platforms.Build.0 = Debug|Any CPU
		{2AFA753F-41FB-4C83-BD19-D3E32A86C3C1}.silverlight_Debug|x86.ActiveCfg = Debug|Any CPU
		{2AFA753F-41FB-4C83-BD19-D3E32A86C3C1}.silverlight_Release|Any CPU.ActiveCfg = Release|Any CPU
		{2AFA753F-41FB-4C83-BD19-D3E32A86C3C1}.silverlight_Release|Any CPU.Build.0 = Release|Any CPU
		{2AFA753F-41FB-4C83-BD19-D3E32A86C3C1}.silverlight_Release|Mixed Platforms.ActiveCfg = Release|Any CPU
		{2AFA753F-41FB-4C83-BD19-D3E32A86C3C1}.silverlight_Release|Mixed Platforms.Build.0 = Release|Any CPU
		{2AFA753F-41FB-4C83-BD19-D3E32A86C3C1}.silverlight_Release|x86.ActiveCfg = Release|Any CPU
		{2AFA753F-41FB-4C83-BD19-D3E32A86C3C1}.winphone_Debug|Any CPU.ActiveCfg = Debug|Any CPU
		{2AFA753F-41FB-4C83-BD19-D3E32A86C3C1}.winphone_Debug|Any CPU.Build.0 = Debug|Any CPU
		{2AFA753F-41FB-4C83-BD19-D3E32A86C3C1}.winphone_Debug|Mixed Platforms.ActiveCfg = Debug|Any CPU
		{2AFA753F-41FB-4C83-BD19-D3E32A86C3C1}.winphone_Debug|Mixed Platforms.Build.0 = Debug|Any CPU
		{2AFA753F-41FB-4C83-BD19-D3E32A86C3C1}.winphone_Debug|x86.ActiveCfg = Debug|Any CPU
		{2AFA753F-41FB-4C83-BD19-D3E32A86C3C1}.winphone_Release|Any CPU.ActiveCfg = Release|Any CPU
		{2AFA753F-41FB-4C83-BD19-D3E32A86C3C1}.winphone_Release|Any CPU.Build.0 = Release|Any CPU
		{2AFA753F-41FB-4C83-BD19-D3E32A86C3C1}.winphone_Release|Mixed Platforms.ActiveCfg = Release|Any CPU
		{2AFA753F-41FB-4C83-BD19-D3E32A86C3C1}.winphone_Release|Mixed Platforms.Build.0 = Release|Any CPU
		{2AFA753F-41FB-4C83-BD19-D3E32A86C3C1}.winphone_Release|x86.ActiveCfg = Release|Any CPU
		{776E1BD4-3A2A-4DE8-8534-DACA7802CBDC}.Debug|Any CPU.ActiveCfg = Debug|Any CPU
		{776E1BD4-3A2A-4DE8-8534-DACA7802CBDC}.Debug|Any CPU.Build.0 = Debug|Any CPU
		{776E1BD4-3A2A-4DE8-8534-DACA7802CBDC}.Debug|Mixed Platforms.ActiveCfg = Debug|Any CPU
		{776E1BD4-3A2A-4DE8-8534-DACA7802CBDC}.Debug|Mixed Platforms.Build.0 = Debug|Any CPU
		{776E1BD4-3A2A-4DE8-8534-DACA7802CBDC}.Debug|x86.ActiveCfg = Debug|Any CPU
		{776E1BD4-3A2A-4DE8-8534-DACA7802CBDC}.net_2_0_Debug|Any CPU.ActiveCfg = Debug|Any CPU
		{776E1BD4-3A2A-4DE8-8534-DACA7802CBDC}.net_2_0_Debug|Any CPU.Build.0 = Debug|Any CPU
		{776E1BD4-3A2A-4DE8-8534-DACA7802CBDC}.net_2_0_Debug|Mixed Platforms.ActiveCfg = Debug|Any CPU
		{776E1BD4-3A2A-4DE8-8534-DACA7802CBDC}.net_2_0_Debug|Mixed Platforms.Build.0 = Debug|Any CPU
		{776E1BD4-3A2A-4DE8-8534-DACA7802CBDC}.net_2_0_Debug|x86.ActiveCfg = Debug|Any CPU
		{776E1BD4-3A2A-4DE8-8534-DACA7802CBDC}.net_2_0_Release|Any CPU.ActiveCfg = Release|Any CPU
		{776E1BD4-3A2A-4DE8-8534-DACA7802CBDC}.net_2_0_Release|Any CPU.Build.0 = Release|Any CPU
		{776E1BD4-3A2A-4DE8-8534-DACA7802CBDC}.net_2_0_Release|Mixed Platforms.ActiveCfg = Release|Any CPU
		{776E1BD4-3A2A-4DE8-8534-DACA7802CBDC}.net_2_0_Release|Mixed Platforms.Build.0 = Release|Any CPU
		{776E1BD4-3A2A-4DE8-8534-DACA7802CBDC}.net_2_0_Release|x86.ActiveCfg = Release|Any CPU
		{776E1BD4-3A2A-4DE8-8534-DACA7802CBDC}.net_3_5_Debug|Any CPU.ActiveCfg = Debug|Any CPU
		{776E1BD4-3A2A-4DE8-8534-DACA7802CBDC}.net_3_5_Debug|Any CPU.Build.0 = Debug|Any CPU
		{776E1BD4-3A2A-4DE8-8534-DACA7802CBDC}.net_3_5_Debug|Mixed Platforms.ActiveCfg = Debug|Any CPU
		{776E1BD4-3A2A-4DE8-8534-DACA7802CBDC}.net_3_5_Debug|Mixed Platforms.Build.0 = Debug|Any CPU
		{776E1BD4-3A2A-4DE8-8534-DACA7802CBDC}.net_3_5_Debug|x86.ActiveCfg = Debug|Any CPU
		{776E1BD4-3A2A-4DE8-8534-DACA7802CBDC}.net_3_5_Release|Any CPU.ActiveCfg = Release|Any CPU
		{776E1BD4-3A2A-4DE8-8534-DACA7802CBDC}.net_3_5_Release|Any CPU.Build.0 = Release|Any CPU
		{776E1BD4-3A2A-4DE8-8534-DACA7802CBDC}.net_3_5_Release|Mixed Platforms.ActiveCfg = Release|Any CPU
		{776E1BD4-3A2A-4DE8-8534-DACA7802CBDC}.net_3_5_Release|Mixed Platforms.Build.0 = Release|Any CPU
		{776E1BD4-3A2A-4DE8-8534-DACA7802CBDC}.net_3_5_Release|x86.ActiveCfg = Release|Any CPU
		{776E1BD4-3A2A-4DE8-8534-DACA7802CBDC}.net_4_0_Debug|Any CPU.ActiveCfg = Debug|Any CPU
		{776E1BD4-3A2A-4DE8-8534-DACA7802CBDC}.net_4_0_Debug|Any CPU.Build.0 = Debug|Any CPU
		{776E1BD4-3A2A-4DE8-8534-DACA7802CBDC}.net_4_0_Debug|Mixed Platforms.ActiveCfg = Debug|Any CPU
		{776E1BD4-3A2A-4DE8-8534-DACA7802CBDC}.net_4_0_Debug|Mixed Platforms.Build.0 = Debug|Any CPU
		{776E1BD4-3A2A-4DE8-8534-DACA7802CBDC}.net_4_0_Debug|x86.ActiveCfg = Debug|Any CPU
		{776E1BD4-3A2A-4DE8-8534-DACA7802CBDC}.net_4_0_Release|Any CPU.ActiveCfg = Release|Any CPU
		{776E1BD4-3A2A-4DE8-8534-DACA7802CBDC}.net_4_0_Release|Any CPU.Build.0 = Release|Any CPU
		{776E1BD4-3A2A-4DE8-8534-DACA7802CBDC}.net_4_0_Release|Mixed Platforms.ActiveCfg = Release|Any CPU
		{776E1BD4-3A2A-4DE8-8534-DACA7802CBDC}.net_4_0_Release|Mixed Platforms.Build.0 = Release|Any CPU
		{776E1BD4-3A2A-4DE8-8534-DACA7802CBDC}.net_4_0_Release|x86.ActiveCfg = Release|Any CPU
		{776E1BD4-3A2A-4DE8-8534-DACA7802CBDC}.Release|Any CPU.ActiveCfg = Release|Any CPU
		{776E1BD4-3A2A-4DE8-8534-DACA7802CBDC}.Release|Any CPU.Build.0 = Release|Any CPU
		{776E1BD4-3A2A-4DE8-8534-DACA7802CBDC}.Release|Mixed Platforms.ActiveCfg = Release|Any CPU
		{776E1BD4-3A2A-4DE8-8534-DACA7802CBDC}.Release|Mixed Platforms.Build.0 = Release|Any CPU
		{776E1BD4-3A2A-4DE8-8534-DACA7802CBDC}.Release|x86.ActiveCfg = Release|Any CPU
		{776E1BD4-3A2A-4DE8-8534-DACA7802CBDC}.silverlight_Debug|Any CPU.ActiveCfg = Debug|Any CPU
		{776E1BD4-3A2A-4DE8-8534-DACA7802CBDC}.silverlight_Debug|Any CPU.Build.0 = Debug|Any CPU
		{776E1BD4-3A2A-4DE8-8534-DACA7802CBDC}.silverlight_Debug|Mixed Platforms.ActiveCfg = Debug|Any CPU
		{776E1BD4-3A2A-4DE8-8534-DACA7802CBDC}.silverlight_Debug|Mixed Platforms.Build.0 = Debug|Any CPU
		{776E1BD4-3A2A-4DE8-8534-DACA7802CBDC}.silverlight_Debug|x86.ActiveCfg = Debug|Any CPU
		{776E1BD4-3A2A-4DE8-8534-DACA7802CBDC}.silverlight_Release|Any CPU.ActiveCfg = Release|Any CPU
		{776E1BD4-3A2A-4DE8-8534-DACA7802CBDC}.silverlight_Release|Any CPU.Build.0 = Release|Any CPU
		{776E1BD4-3A2A-4DE8-8534-DACA7802CBDC}.silverlight_Release|Mixed Platforms.ActiveCfg = Release|Any CPU
		{776E1BD4-3A2A-4DE8-8534-DACA7802CBDC}.silverlight_Release|Mixed Platforms.Build.0 = Release|Any CPU
		{776E1BD4-3A2A-4DE8-8534-DACA7802CBDC}.silverlight_Release|x86.ActiveCfg = Release|Any CPU
		{776E1BD4-3A2A-4DE8-8534-DACA7802CBDC}.winphone_Debug|Any CPU.ActiveCfg = Debug|Any CPU
		{776E1BD4-3A2A-4DE8-8534-DACA7802CBDC}.winphone_Debug|Any CPU.Build.0 = Debug|Any CPU
		{776E1BD4-3A2A-4DE8-8534-DACA7802CBDC}.winphone_Debug|Mixed Platforms.ActiveCfg = Debug|Any CPU
		{776E1BD4-3A2A-4DE8-8534-DACA7802CBDC}.winphone_Debug|Mixed Platforms.Build.0 = Debug|Any CPU
		{776E1BD4-3A2A-4DE8-8534-DACA7802CBDC}.winphone_Debug|x86.ActiveCfg = Debug|Any CPU
		{776E1BD4-3A2A-4DE8-8534-DACA7802CBDC}.winphone_Release|Any CPU.ActiveCfg = Release|Any CPU
		{776E1BD4-3A2A-4DE8-8534-DACA7802CBDC}.winphone_Release|Any CPU.Build.0 = Release|Any CPU
		{776E1BD4-3A2A-4DE8-8534-DACA7802CBDC}.winphone_Release|Mixed Platforms.ActiveCfg = Release|Any CPU
		{776E1BD4-3A2A-4DE8-8534-DACA7802CBDC}.winphone_Release|Mixed Platforms.Build.0 = Release|Any CPU
		{776E1BD4-3A2A-4DE8-8534-DACA7802CBDC}.winphone_Release|x86.ActiveCfg = Release|Any CPU
	EndGlobalSection
	GlobalSection(SolutionProperties) = preSolution
		HideSolutionNode = FALSE
	EndGlobalSection
	GlobalSection(NestedProjects) = preSolution
		{D68133BD-1E63-496E-9EDE-4FBDBF77B486} = {AD2CC209-7B86-4925-94A7-4F200AE44E4B}
		{63E6915C-7EA4-4D76-AB28-0D7191EEA626} = {AD2CC209-7B86-4925-94A7-4F200AE44E4B}
		{8559DD7F-A16F-46D0-A05A-9139FAEBA8FD} = {AD2CC209-7B86-4925-94A7-4F200AE44E4B}
	EndGlobalSection
EndGlobal
