
Microsoft Visual Studio Solution File, Format Version 10.00
# Visual Studio 2008
Project("{FAE04EC0-301F-11D3-BF4B-00C04F79EFBC}") = "FluentAspect.Sample.CF", "FluentAspect.Sample\FluentAspect.Sample.CF.csproj", "{8CB7699F-6B65-414E-B15F-19FEE6A31BB6}"
EndProject
Project("{FAE04EC0-301F-11D3-BF4B-00C04F79EFBC}") = "FluentAspect.Core.CF", "FluentAspect.Core\FluentAspect.Core.CF.csproj", "{C7767C6F-3874-4D30-989E-D6A15F737FD0}"
EndProject
Global
	GlobalSection(SolutionConfigurationPlatforms) = preSolution
		Debug|Any CPU = Debug|Any CPU
		Release|Any CPU = Release|Any CPU
	EndGlobalSection
	GlobalSection(ProjectConfigurationPlatforms) = postSolution
		{8CB7699F-6B65-414E-B15F-19FEE6A31BB6}.Debug|Any CPU.ActiveCfg = Debug|Any CPU
		{8CB7699F-6B65-414E-B15F-19FEE6A31BB6}.Debug|Any CPU.Build.0 = Debug|Any CPU
		{8CB7699F-6B65-414E-B15F-19FEE6A31BB6}.Debug|Any CPU.Deploy.0 = Debug|Any CPU
		{8CB7699F-6B65-414E-B15F-19FEE6A31BB6}.Release|Any CPU.ActiveCfg = Release|Any CPU
		{8CB7699F-6B65-414E-B15F-19FEE6A31BB6}.Release|Any CPU.Build.0 = Release|Any CPU
		{8CB7699F-6B65-414E-B15F-19FEE6A31BB6}.Release|Any CPU.Deploy.0 = Release|Any CPU
		{C7767C6F-3874-4D30-989E-D6A15F737FD0}.Debug|Any CPU.ActiveCfg = Debug|Any CPU
		{C7767C6F-3874-4D30-989E-D6A15F737FD0}.Debug|Any CPU.Build.0 = Debug|Any CPU
		{C7767C6F-3874-4D30-989E-D6A15F737FD0}.Release|Any CPU.ActiveCfg = Release|Any CPU
		{C7767C6F-3874-4D30-989E-D6A15F737FD0}.Release|Any CPU.Build.0 = Release|Any CPU
	EndGlobalSection
	GlobalSection(SolutionProperties) = preSolution
		HideSolutionNode = FALSE
	EndGlobalSection
EndGlobal
