
Microsoft Visual Studio Solution File, Format Version 11.00
# Visual Studio 2010
Project("{FAE04EC0-301F-11D3-BF4B-00C04F79EFBC}") = "NetAspect.Core", "NetAspect.Core\NetAspect.Core.csproj", "{F5E3F3E9-13C1-4CD3-B15A-6F5F3422BDB7}"
EndProject
Project("{2150E333-8FDC-42A3-9474-1A3956D46DE8}") = "Tools", "Tools", "{4E5B2029-DF23-4FDC-AD7E-42AA78E3A466}"
EndProject
Project("{FAE04EC0-301F-11D3-BF4B-00C04F79EFBC}") = "NetAspect.Doc.Builder", "NetAspect.Doc.Builder\NetAspect.Doc.Builder.csproj", "{D5344E3D-230B-4902-9B8C-6BBDAE5CA7A6}"
EndProject
Project("{2150E333-8FDC-42A3-9474-1A3956D46DE8}") = ".nuget", ".nuget", "{729DF49E-B27E-483F-86E9-55F61B3F9AA6}"
	ProjectSection(SolutionItems) = preProject
		.nuget\NuGet.Config = .nuget\NuGet.Config
		.nuget\NuGet.exe = .nuget\NuGet.exe
		.nuget\NuGet.targets = .nuget\NuGet.targets
	EndProjectSection
EndProject
Project("{FAE04EC0-301F-11D3-BF4B-00C04F79EFBC}") = "NetAspect.Sample.Dep", "NetAspect.Sample.Dep\NetAspect.Sample.Dep.csproj", "{584095D8-E7A6-42EF-B3C1-6A34F15B4B40}"
EndProject
Project("{FAE04EC0-301F-11D3-BF4B-00C04F79EFBC}") = "NetAspect.Weaver", "NetAspect.Weaver\NetAspect.Weaver.csproj", "{28912034-8A56-4B8E-BAA1-02C50149CA68}"
EndProject
Project("{FAE04EC0-301F-11D3-BF4B-00C04F79EFBC}") = "NetAspect.Weaver.Tasks", "NetAspect.Weaver.Tasks\NetAspect.Weaver.Tasks.csproj", "{776E1BD4-3A2A-4DE8-8534-DACA7802CBDC}"
EndProject
Project("{FAE04EC0-301F-11D3-BF4B-00C04F79EFBC}") = "NetAspect.Weaver.Tests", "NetAspect.Weaver.Tests\NetAspect.Weaver.Tests.csproj", "{2158446B-9E58-4E9D-BDC4-27A5A90365D1}"
EndProject
Project("{FAE04EC0-301F-11D3-BF4B-00C04F79EFBC}") = "NetAspect.SamplesExtractor", "NetAspect.SamplesExtractor\NetAspect.SamplesExtractor.csproj", "{453CE390-4B91-4BDC-A14B-DFE81B24338C}"
EndProject
Project("{FAE04EC0-301F-11D3-BF4B-00C04F79EFBC}") = "NetAspect.TestsExtractor", "NetAspect.TestsExtractor\NetAspect.TestsExtractor.csproj", "{C5B620C3-5A34-40C3-B648-7F1F5CC6D64B}"
EndProject
Global
	GlobalSection(SolutionConfigurationPlatforms) = preSolution
		Debug|Any CPU = Debug|Any CPU
		Debug|Mixed Platforms = Debug|Mixed Platforms
		Debug|x86 = Debug|x86
		net_2_0_Debug|Any CPU = net_2_0_Debug|Any CPU
		net_2_0_Debug|Mixed Platforms = net_2_0_Debug|Mixed Platforms
		net_2_0_Debug|x86 = net_2_0_Debug|x86
		net_2_0_Release|Any CPU = net_2_0_Release|Any CPU
		net_2_0_Release|Mixed Platforms = net_2_0_Release|Mixed Platforms
		net_2_0_Release|x86 = net_2_0_Release|x86
		net_3_5_Debug|Any CPU = net_3_5_Debug|Any CPU
		net_3_5_Debug|Mixed Platforms = net_3_5_Debug|Mixed Platforms
		net_3_5_Debug|x86 = net_3_5_Debug|x86
		net_3_5_Release|Any CPU = net_3_5_Release|Any CPU
		net_3_5_Release|Mixed Platforms = net_3_5_Release|Mixed Platforms
		net_3_5_Release|x86 = net_3_5_Release|x86
		net_4_0_Debug|Any CPU = net_4_0_Debug|Any CPU
		net_4_0_Debug|Mixed Platforms = net_4_0_Debug|Mixed Platforms
		net_4_0_Debug|x86 = net_4_0_Debug|x86
		net_4_0_Release|Any CPU = net_4_0_Release|Any CPU
		net_4_0_Release|Mixed Platforms = net_4_0_Release|Mixed Platforms
		net_4_0_Release|x86 = net_4_0_Release|x86
		net_4_5_Debug|Any CPU = net_4_5_Debug|Any CPU
		net_4_5_Debug|Mixed Platforms = net_4_5_Debug|Mixed Platforms
		net_4_5_Debug|x86 = net_4_5_Debug|x86
		net_4_5_Release|Any CPU = net_4_5_Release|Any CPU
		net_4_5_Release|Mixed Platforms = net_4_5_Release|Mixed Platforms
		net_4_5_Release|x86 = net_4_5_Release|x86
		Release|Any CPU = Release|Any CPU
		Release|Mixed Platforms = Release|Mixed Platforms
		Release|x86 = Release|x86
		silverlight_Debug|Any CPU = silverlight_Debug|Any CPU
		silverlight_Debug|Mixed Platforms = silverlight_Debug|Mixed Platforms
		silverlight_Debug|x86 = silverlight_Debug|x86
		silverlight_Release|Any CPU = silverlight_Release|Any CPU
		silverlight_Release|Mixed Platforms = silverlight_Release|Mixed Platforms
		silverlight_Release|x86 = silverlight_Release|x86
		winphone_Debug|Any CPU = winphone_Debug|Any CPU
		winphone_Debug|Mixed Platforms = winphone_Debug|Mixed Platforms
		winphone_Debug|x86 = winphone_Debug|x86
		winphone_Release|Any CPU = winphone_Release|Any CPU
		winphone_Release|Mixed Platforms = winphone_Release|Mixed Platforms
		winphone_Release|x86 = winphone_Release|x86
	EndGlobalSection
	GlobalSection(ProjectConfigurationPlatforms) = postSolution
		{F5E3F3E9-13C1-4CD3-B15A-6F5F3422BDB7}.Debug|Any CPU.ActiveCfg = Debug|Any CPU
		{F5E3F3E9-13C1-4CD3-B15A-6F5F3422BDB7}.Debug|Any CPU.Build.0 = Debug|Any CPU
		{F5E3F3E9-13C1-4CD3-B15A-6F5F3422BDB7}.Debug|Mixed Platforms.ActiveCfg = Debug|Any CPU
		{F5E3F3E9-13C1-4CD3-B15A-6F5F3422BDB7}.Debug|Mixed Platforms.Build.0 = Debug|Any CPU
		{F5E3F3E9-13C1-4CD3-B15A-6F5F3422BDB7}.Debug|x86.ActiveCfg = Debug|Any CPU
		{F5E3F3E9-13C1-4CD3-B15A-6F5F3422BDB7}.Debug|x86.Build.0 = Debug|Any CPU
		{F5E3F3E9-13C1-4CD3-B15A-6F5F3422BDB7}.net_2_0_Debug|Any CPU.ActiveCfg = Debug|Any CPU
		{F5E3F3E9-13C1-4CD3-B15A-6F5F3422BDB7}.net_2_0_Debug|Any CPU.Build.0 = Debug|Any CPU
		{F5E3F3E9-13C1-4CD3-B15A-6F5F3422BDB7}.net_2_0_Debug|Mixed Platforms.ActiveCfg = Debug|Any CPU
		{F5E3F3E9-13C1-4CD3-B15A-6F5F3422BDB7}.net_2_0_Debug|Mixed Platforms.Build.0 = Debug|Any CPU
		{F5E3F3E9-13C1-4CD3-B15A-6F5F3422BDB7}.net_2_0_Debug|x86.ActiveCfg = Debug|Any CPU
		{F5E3F3E9-13C1-4CD3-B15A-6F5F3422BDB7}.net_2_0_Release|Any CPU.ActiveCfg = Release|Any CPU
		{F5E3F3E9-13C1-4CD3-B15A-6F5F3422BDB7}.net_2_0_Release|Any CPU.Build.0 = Release|Any CPU
		{F5E3F3E9-13C1-4CD3-B15A-6F5F3422BDB7}.net_2_0_Release|Mixed Platforms.ActiveCfg = Release|Any CPU
		{F5E3F3E9-13C1-4CD3-B15A-6F5F3422BDB7}.net_2_0_Release|Mixed Platforms.Build.0 = Release|Any CPU
		{F5E3F3E9-13C1-4CD3-B15A-6F5F3422BDB7}.net_2_0_Release|x86.ActiveCfg = Release|Any CPU
		{F5E3F3E9-13C1-4CD3-B15A-6F5F3422BDB7}.net_3_5_Debug|Any CPU.ActiveCfg = Debug|Any CPU
		{F5E3F3E9-13C1-4CD3-B15A-6F5F3422BDB7}.net_3_5_Debug|Any CPU.Build.0 = Debug|Any CPU
		{F5E3F3E9-13C1-4CD3-B15A-6F5F3422BDB7}.net_3_5_Debug|Mixed Platforms.ActiveCfg = Debug|Any CPU
		{F5E3F3E9-13C1-4CD3-B15A-6F5F3422BDB7}.net_3_5_Debug|Mixed Platforms.Build.0 = Debug|Any CPU
		{F5E3F3E9-13C1-4CD3-B15A-6F5F3422BDB7}.net_3_5_Debug|x86.ActiveCfg = Debug|Any CPU
		{F5E3F3E9-13C1-4CD3-B15A-6F5F3422BDB7}.net_3_5_Release|Any CPU.ActiveCfg = Release|Any CPU
		{F5E3F3E9-13C1-4CD3-B15A-6F5F3422BDB7}.net_3_5_Release|Any CPU.Build.0 = Release|Any CPU
		{F5E3F3E9-13C1-4CD3-B15A-6F5F3422BDB7}.net_3_5_Release|Mixed Platforms.ActiveCfg = Release|Any CPU
		{F5E3F3E9-13C1-4CD3-B15A-6F5F3422BDB7}.net_3_5_Release|Mixed Platforms.Build.0 = Release|Any CPU
		{F5E3F3E9-13C1-4CD3-B15A-6F5F3422BDB7}.net_3_5_Release|x86.ActiveCfg = Release|Any CPU
		{F5E3F3E9-13C1-4CD3-B15A-6F5F3422BDB7}.net_4_0_Debug|Any CPU.ActiveCfg = Debug|Any CPU
		{F5E3F3E9-13C1-4CD3-B15A-6F5F3422BDB7}.net_4_0_Debug|Any CPU.Build.0 = Debug|Any CPU
		{F5E3F3E9-13C1-4CD3-B15A-6F5F3422BDB7}.net_4_0_Debug|Mixed Platforms.ActiveCfg = Debug|Any CPU
		{F5E3F3E9-13C1-4CD3-B15A-6F5F3422BDB7}.net_4_0_Debug|Mixed Platforms.Build.0 = Debug|Any CPU
		{F5E3F3E9-13C1-4CD3-B15A-6F5F3422BDB7}.net_4_0_Debug|x86.ActiveCfg = Debug|Any CPU
		{F5E3F3E9-13C1-4CD3-B15A-6F5F3422BDB7}.net_4_0_Release|Any CPU.ActiveCfg = Release|Any CPU
		{F5E3F3E9-13C1-4CD3-B15A-6F5F3422BDB7}.net_4_0_Release|Any CPU.Build.0 = Release|Any CPU
		{F5E3F3E9-13C1-4CD3-B15A-6F5F3422BDB7}.net_4_0_Release|Mixed Platforms.ActiveCfg = Release|Any CPU
		{F5E3F3E9-13C1-4CD3-B15A-6F5F3422BDB7}.net_4_0_Release|Mixed Platforms.Build.0 = Release|Any CPU
		{F5E3F3E9-13C1-4CD3-B15A-6F5F3422BDB7}.net_4_0_Release|x86.ActiveCfg = Release|Any CPU
		{F5E3F3E9-13C1-4CD3-B15A-6F5F3422BDB7}.net_4_5_Debug|Any CPU.ActiveCfg = Debug|Any CPU
		{F5E3F3E9-13C1-4CD3-B15A-6F5F3422BDB7}.net_4_5_Debug|Any CPU.Build.0 = Debug|Any CPU
		{F5E3F3E9-13C1-4CD3-B15A-6F5F3422BDB7}.net_4_5_Debug|Mixed Platforms.ActiveCfg = Debug|Any CPU
		{F5E3F3E9-13C1-4CD3-B15A-6F5F3422BDB7}.net_4_5_Debug|Mixed Platforms.Build.0 = Debug|Any CPU
		{F5E3F3E9-13C1-4CD3-B15A-6F5F3422BDB7}.net_4_5_Debug|x86.ActiveCfg = Debug|Any CPU
		{F5E3F3E9-13C1-4CD3-B15A-6F5F3422BDB7}.net_4_5_Release|Any CPU.ActiveCfg = Release|Any CPU
		{F5E3F3E9-13C1-4CD3-B15A-6F5F3422BDB7}.net_4_5_Release|Any CPU.Build.0 = Release|Any CPU
		{F5E3F3E9-13C1-4CD3-B15A-6F5F3422BDB7}.net_4_5_Release|Mixed Platforms.ActiveCfg = Release|Any CPU
		{F5E3F3E9-13C1-4CD3-B15A-6F5F3422BDB7}.net_4_5_Release|Mixed Platforms.Build.0 = Release|Any CPU
		{F5E3F3E9-13C1-4CD3-B15A-6F5F3422BDB7}.net_4_5_Release|x86.ActiveCfg = Release|Any CPU
		{F5E3F3E9-13C1-4CD3-B15A-6F5F3422BDB7}.Release|Any CPU.ActiveCfg = Release|Any CPU
		{F5E3F3E9-13C1-4CD3-B15A-6F5F3422BDB7}.Release|Any CPU.Build.0 = Release|Any CPU
		{F5E3F3E9-13C1-4CD3-B15A-6F5F3422BDB7}.Release|Mixed Platforms.ActiveCfg = Release|Any CPU
		{F5E3F3E9-13C1-4CD3-B15A-6F5F3422BDB7}.Release|Mixed Platforms.Build.0 = Release|Any CPU
		{F5E3F3E9-13C1-4CD3-B15A-6F5F3422BDB7}.Release|x86.ActiveCfg = Release|Any CPU
		{F5E3F3E9-13C1-4CD3-B15A-6F5F3422BDB7}.silverlight_Debug|Any CPU.ActiveCfg = Debug|Any CPU
		{F5E3F3E9-13C1-4CD3-B15A-6F5F3422BDB7}.silverlight_Debug|Any CPU.Build.0 = Debug|Any CPU
		{F5E3F3E9-13C1-4CD3-B15A-6F5F3422BDB7}.silverlight_Debug|Mixed Platforms.ActiveCfg = Debug|Any CPU
		{F5E3F3E9-13C1-4CD3-B15A-6F5F3422BDB7}.silverlight_Debug|Mixed Platforms.Build.0 = Debug|Any CPU
		{F5E3F3E9-13C1-4CD3-B15A-6F5F3422BDB7}.silverlight_Debug|x86.ActiveCfg = Debug|Any CPU
		{F5E3F3E9-13C1-4CD3-B15A-6F5F3422BDB7}.silverlight_Release|Any CPU.ActiveCfg = Release|Any CPU
		{F5E3F3E9-13C1-4CD3-B15A-6F5F3422BDB7}.silverlight_Release|Any CPU.Build.0 = Release|Any CPU
		{F5E3F3E9-13C1-4CD3-B15A-6F5F3422BDB7}.silverlight_Release|Mixed Platforms.ActiveCfg = Release|Any CPU
		{F5E3F3E9-13C1-4CD3-B15A-6F5F3422BDB7}.silverlight_Release|Mixed Platforms.Build.0 = Release|Any CPU
		{F5E3F3E9-13C1-4CD3-B15A-6F5F3422BDB7}.silverlight_Release|x86.ActiveCfg = Release|Any CPU
		{F5E3F3E9-13C1-4CD3-B15A-6F5F3422BDB7}.winphone_Debug|Any CPU.ActiveCfg = Debug|Any CPU
		{F5E3F3E9-13C1-4CD3-B15A-6F5F3422BDB7}.winphone_Debug|Any CPU.Build.0 = Debug|Any CPU
		{F5E3F3E9-13C1-4CD3-B15A-6F5F3422BDB7}.winphone_Debug|Mixed Platforms.ActiveCfg = Debug|Any CPU
		{F5E3F3E9-13C1-4CD3-B15A-6F5F3422BDB7}.winphone_Debug|Mixed Platforms.Build.0 = Debug|Any CPU
		{F5E3F3E9-13C1-4CD3-B15A-6F5F3422BDB7}.winphone_Debug|x86.ActiveCfg = Debug|Any CPU
		{F5E3F3E9-13C1-4CD3-B15A-6F5F3422BDB7}.winphone_Release|Any CPU.ActiveCfg = Release|Any CPU
		{F5E3F3E9-13C1-4CD3-B15A-6F5F3422BDB7}.winphone_Release|Any CPU.Build.0 = Release|Any CPU
		{F5E3F3E9-13C1-4CD3-B15A-6F5F3422BDB7}.winphone_Release|Mixed Platforms.ActiveCfg = Release|Any CPU
		{F5E3F3E9-13C1-4CD3-B15A-6F5F3422BDB7}.winphone_Release|Mixed Platforms.Build.0 = Release|Any CPU
		{F5E3F3E9-13C1-4CD3-B15A-6F5F3422BDB7}.winphone_Release|x86.ActiveCfg = Release|Any CPU
		{D5344E3D-230B-4902-9B8C-6BBDAE5CA7A6}.Debug|Any CPU.ActiveCfg = Debug|x86
		{D5344E3D-230B-4902-9B8C-6BBDAE5CA7A6}.Debug|Mixed Platforms.ActiveCfg = Debug|x86
		{D5344E3D-230B-4902-9B8C-6BBDAE5CA7A6}.Debug|Mixed Platforms.Build.0 = Debug|x86
		{D5344E3D-230B-4902-9B8C-6BBDAE5CA7A6}.Debug|x86.ActiveCfg = Debug|x86
		{D5344E3D-230B-4902-9B8C-6BBDAE5CA7A6}.Debug|x86.Build.0 = Debug|x86
		{D5344E3D-230B-4902-9B8C-6BBDAE5CA7A6}.net_2_0_Debug|Any CPU.ActiveCfg = Debug|x86
		{D5344E3D-230B-4902-9B8C-6BBDAE5CA7A6}.net_2_0_Debug|Mixed Platforms.ActiveCfg = Debug|x86
		{D5344E3D-230B-4902-9B8C-6BBDAE5CA7A6}.net_2_0_Debug|Mixed Platforms.Build.0 = Debug|x86
		{D5344E3D-230B-4902-9B8C-6BBDAE5CA7A6}.net_2_0_Debug|x86.ActiveCfg = Debug|x86
		{D5344E3D-230B-4902-9B8C-6BBDAE5CA7A6}.net_2_0_Debug|x86.Build.0 = Debug|x86
		{D5344E3D-230B-4902-9B8C-6BBDAE5CA7A6}.net_2_0_Release|Any CPU.ActiveCfg = Release|x86
		{D5344E3D-230B-4902-9B8C-6BBDAE5CA7A6}.net_2_0_Release|Mixed Platforms.ActiveCfg = Release|x86
		{D5344E3D-230B-4902-9B8C-6BBDAE5CA7A6}.net_2_0_Release|Mixed Platforms.Build.0 = Release|x86
		{D5344E3D-230B-4902-9B8C-6BBDAE5CA7A6}.net_2_0_Release|x86.ActiveCfg = Release|x86
		{D5344E3D-230B-4902-9B8C-6BBDAE5CA7A6}.net_2_0_Release|x86.Build.0 = Release|x86
		{D5344E3D-230B-4902-9B8C-6BBDAE5CA7A6}.net_3_5_Debug|Any CPU.ActiveCfg = Debug|x86
		{D5344E3D-230B-4902-9B8C-6BBDAE5CA7A6}.net_3_5_Debug|Mixed Platforms.ActiveCfg = Debug|x86
		{D5344E3D-230B-4902-9B8C-6BBDAE5CA7A6}.net_3_5_Debug|Mixed Platforms.Build.0 = Debug|x86
		{D5344E3D-230B-4902-9B8C-6BBDAE5CA7A6}.net_3_5_Debug|x86.ActiveCfg = Debug|x86
		{D5344E3D-230B-4902-9B8C-6BBDAE5CA7A6}.net_3_5_Debug|x86.Build.0 = Debug|x86
		{D5344E3D-230B-4902-9B8C-6BBDAE5CA7A6}.net_3_5_Release|Any CPU.ActiveCfg = Release|x86
		{D5344E3D-230B-4902-9B8C-6BBDAE5CA7A6}.net_3_5_Release|Mixed Platforms.ActiveCfg = Release|x86
		{D5344E3D-230B-4902-9B8C-6BBDAE5CA7A6}.net_3_5_Release|Mixed Platforms.Build.0 = Release|x86
		{D5344E3D-230B-4902-9B8C-6BBDAE5CA7A6}.net_3_5_Release|x86.ActiveCfg = Release|x86
		{D5344E3D-230B-4902-9B8C-6BBDAE5CA7A6}.net_3_5_Release|x86.Build.0 = Release|x86
		{D5344E3D-230B-4902-9B8C-6BBDAE5CA7A6}.net_4_0_Debug|Any CPU.ActiveCfg = Debug|x86
		{D5344E3D-230B-4902-9B8C-6BBDAE5CA7A6}.net_4_0_Debug|Mixed Platforms.ActiveCfg = Debug|x86
		{D5344E3D-230B-4902-9B8C-6BBDAE5CA7A6}.net_4_0_Debug|Mixed Platforms.Build.0 = Debug|x86
		{D5344E3D-230B-4902-9B8C-6BBDAE5CA7A6}.net_4_0_Debug|x86.ActiveCfg = Debug|x86
		{D5344E3D-230B-4902-9B8C-6BBDAE5CA7A6}.net_4_0_Debug|x86.Build.0 = Debug|x86
		{D5344E3D-230B-4902-9B8C-6BBDAE5CA7A6}.net_4_0_Release|Any CPU.ActiveCfg = Release|x86
		{D5344E3D-230B-4902-9B8C-6BBDAE5CA7A6}.net_4_0_Release|Mixed Platforms.ActiveCfg = Release|x86
		{D5344E3D-230B-4902-9B8C-6BBDAE5CA7A6}.net_4_0_Release|Mixed Platforms.Build.0 = Release|x86
		{D5344E3D-230B-4902-9B8C-6BBDAE5CA7A6}.net_4_0_Release|x86.ActiveCfg = Release|x86
		{D5344E3D-230B-4902-9B8C-6BBDAE5CA7A6}.net_4_0_Release|x86.Build.0 = Release|x86
		{D5344E3D-230B-4902-9B8C-6BBDAE5CA7A6}.net_4_5_Debug|Any CPU.ActiveCfg = Debug|x86
		{D5344E3D-230B-4902-9B8C-6BBDAE5CA7A6}.net_4_5_Debug|Mixed Platforms.ActiveCfg = Debug|x86
		{D5344E3D-230B-4902-9B8C-6BBDAE5CA7A6}.net_4_5_Debug|Mixed Platforms.Build.0 = Debug|x86
		{D5344E3D-230B-4902-9B8C-6BBDAE5CA7A6}.net_4_5_Debug|x86.ActiveCfg = Debug|x86
		{D5344E3D-230B-4902-9B8C-6BBDAE5CA7A6}.net_4_5_Debug|x86.Build.0 = Debug|x86
		{D5344E3D-230B-4902-9B8C-6BBDAE5CA7A6}.net_4_5_Release|Any CPU.ActiveCfg = Release|x86
		{D5344E3D-230B-4902-9B8C-6BBDAE5CA7A6}.net_4_5_Release|Mixed Platforms.ActiveCfg = Release|x86
		{D5344E3D-230B-4902-9B8C-6BBDAE5CA7A6}.net_4_5_Release|Mixed Platforms.Build.0 = Release|x86
		{D5344E3D-230B-4902-9B8C-6BBDAE5CA7A6}.net_4_5_Release|x86.ActiveCfg = Release|x86
		{D5344E3D-230B-4902-9B8C-6BBDAE5CA7A6}.net_4_5_Release|x86.Build.0 = Release|x86
		{D5344E3D-230B-4902-9B8C-6BBDAE5CA7A6}.Release|Any CPU.ActiveCfg = Release|x86
		{D5344E3D-230B-4902-9B8C-6BBDAE5CA7A6}.Release|Mixed Platforms.ActiveCfg = Release|x86
		{D5344E3D-230B-4902-9B8C-6BBDAE5CA7A6}.Release|Mixed Platforms.Build.0 = Release|x86
		{D5344E3D-230B-4902-9B8C-6BBDAE5CA7A6}.Release|x86.ActiveCfg = Release|x86
		{D5344E3D-230B-4902-9B8C-6BBDAE5CA7A6}.Release|x86.Build.0 = Release|x86
		{D5344E3D-230B-4902-9B8C-6BBDAE5CA7A6}.silverlight_Debug|Any CPU.ActiveCfg = Debug|x86
		{D5344E3D-230B-4902-9B8C-6BBDAE5CA7A6}.silverlight_Debug|Mixed Platforms.ActiveCfg = Debug|x86
		{D5344E3D-230B-4902-9B8C-6BBDAE5CA7A6}.silverlight_Debug|Mixed Platforms.Build.0 = Debug|x86
		{D5344E3D-230B-4902-9B8C-6BBDAE5CA7A6}.silverlight_Debug|x86.ActiveCfg = Debug|x86
		{D5344E3D-230B-4902-9B8C-6BBDAE5CA7A6}.silverlight_Debug|x86.Build.0 = Debug|x86
		{D5344E3D-230B-4902-9B8C-6BBDAE5CA7A6}.silverlight_Release|Any CPU.ActiveCfg = Release|x86
		{D5344E3D-230B-4902-9B8C-6BBDAE5CA7A6}.silverlight_Release|Mixed Platforms.ActiveCfg = Release|x86
		{D5344E3D-230B-4902-9B8C-6BBDAE5CA7A6}.silverlight_Release|Mixed Platforms.Build.0 = Release|x86
		{D5344E3D-230B-4902-9B8C-6BBDAE5CA7A6}.silverlight_Release|x86.ActiveCfg = Release|x86
		{D5344E3D-230B-4902-9B8C-6BBDAE5CA7A6}.silverlight_Release|x86.Build.0 = Release|x86
		{D5344E3D-230B-4902-9B8C-6BBDAE5CA7A6}.winphone_Debug|Any CPU.ActiveCfg = Debug|x86
		{D5344E3D-230B-4902-9B8C-6BBDAE5CA7A6}.winphone_Debug|Mixed Platforms.ActiveCfg = Debug|x86
		{D5344E3D-230B-4902-9B8C-6BBDAE5CA7A6}.winphone_Debug|Mixed Platforms.Build.0 = Debug|x86
		{D5344E3D-230B-4902-9B8C-6BBDAE5CA7A6}.winphone_Debug|x86.ActiveCfg = Debug|x86
		{D5344E3D-230B-4902-9B8C-6BBDAE5CA7A6}.winphone_Debug|x86.Build.0 = Debug|x86
		{D5344E3D-230B-4902-9B8C-6BBDAE5CA7A6}.winphone_Release|Any CPU.ActiveCfg = Release|x86
		{D5344E3D-230B-4902-9B8C-6BBDAE5CA7A6}.winphone_Release|Mixed Platforms.ActiveCfg = Release|x86
		{D5344E3D-230B-4902-9B8C-6BBDAE5CA7A6}.winphone_Release|Mixed Platforms.Build.0 = Release|x86
		{D5344E3D-230B-4902-9B8C-6BBDAE5CA7A6}.winphone_Release|x86.ActiveCfg = Release|x86
		{D5344E3D-230B-4902-9B8C-6BBDAE5CA7A6}.winphone_Release|x86.Build.0 = Release|x86
		{584095D8-E7A6-42EF-B3C1-6A34F15B4B40}.Debug|Any CPU.ActiveCfg = Debug|Any CPU
		{584095D8-E7A6-42EF-B3C1-6A34F15B4B40}.Debug|Any CPU.Build.0 = Debug|Any CPU
		{584095D8-E7A6-42EF-B3C1-6A34F15B4B40}.Debug|Mixed Platforms.ActiveCfg = Debug|Any CPU
		{584095D8-E7A6-42EF-B3C1-6A34F15B4B40}.Debug|Mixed Platforms.Build.0 = Debug|Any CPU
		{584095D8-E7A6-42EF-B3C1-6A34F15B4B40}.Debug|x86.ActiveCfg = Debug|Any CPU
		{584095D8-E7A6-42EF-B3C1-6A34F15B4B40}.Debug|x86.Build.0 = Debug|Any CPU
		{584095D8-E7A6-42EF-B3C1-6A34F15B4B40}.net_2_0_Debug|Any CPU.ActiveCfg = Debug|Any CPU
		{584095D8-E7A6-42EF-B3C1-6A34F15B4B40}.net_2_0_Debug|Any CPU.Build.0 = Debug|Any CPU
		{584095D8-E7A6-42EF-B3C1-6A34F15B4B40}.net_2_0_Debug|Mixed Platforms.ActiveCfg = Debug|Any CPU
		{584095D8-E7A6-42EF-B3C1-6A34F15B4B40}.net_2_0_Debug|Mixed Platforms.Build.0 = Debug|Any CPU
		{584095D8-E7A6-42EF-B3C1-6A34F15B4B40}.net_2_0_Debug|x86.ActiveCfg = Debug|Any CPU
		{584095D8-E7A6-42EF-B3C1-6A34F15B4B40}.net_2_0_Release|Any CPU.ActiveCfg = Release|Any CPU
		{584095D8-E7A6-42EF-B3C1-6A34F15B4B40}.net_2_0_Release|Any CPU.Build.0 = Release|Any CPU
		{584095D8-E7A6-42EF-B3C1-6A34F15B4B40}.net_2_0_Release|Mixed Platforms.ActiveCfg = Release|Any CPU
		{584095D8-E7A6-42EF-B3C1-6A34F15B4B40}.net_2_0_Release|Mixed Platforms.Build.0 = Release|Any CPU
		{584095D8-E7A6-42EF-B3C1-6A34F15B4B40}.net_2_0_Release|x86.ActiveCfg = Release|Any CPU
		{584095D8-E7A6-42EF-B3C1-6A34F15B4B40}.net_3_5_Debug|Any CPU.ActiveCfg = Debug|Any CPU
		{584095D8-E7A6-42EF-B3C1-6A34F15B4B40}.net_3_5_Debug|Any CPU.Build.0 = Debug|Any CPU
		{584095D8-E7A6-42EF-B3C1-6A34F15B4B40}.net_3_5_Debug|Mixed Platforms.ActiveCfg = Debug|Any CPU
		{584095D8-E7A6-42EF-B3C1-6A34F15B4B40}.net_3_5_Debug|Mixed Platforms.Build.0 = Debug|Any CPU
		{584095D8-E7A6-42EF-B3C1-6A34F15B4B40}.net_3_5_Debug|x86.ActiveCfg = Debug|Any CPU
		{584095D8-E7A6-42EF-B3C1-6A34F15B4B40}.net_3_5_Release|Any CPU.ActiveCfg = Release|Any CPU
		{584095D8-E7A6-42EF-B3C1-6A34F15B4B40}.net_3_5_Release|Any CPU.Build.0 = Release|Any CPU
		{584095D8-E7A6-42EF-B3C1-6A34F15B4B40}.net_3_5_Release|Mixed Platforms.ActiveCfg = Release|Any CPU
		{584095D8-E7A6-42EF-B3C1-6A34F15B4B40}.net_3_5_Release|Mixed Platforms.Build.0 = Release|Any CPU
		{584095D8-E7A6-42EF-B3C1-6A34F15B4B40}.net_3_5_Release|x86.ActiveCfg = Release|Any CPU
		{584095D8-E7A6-42EF-B3C1-6A34F15B4B40}.net_4_0_Debug|Any CPU.ActiveCfg = Debug|Any CPU
		{584095D8-E7A6-42EF-B3C1-6A34F15B4B40}.net_4_0_Debug|Any CPU.Build.0 = Debug|Any CPU
		{584095D8-E7A6-42EF-B3C1-6A34F15B4B40}.net_4_0_Debug|Mixed Platforms.ActiveCfg = Debug|Any CPU
		{584095D8-E7A6-42EF-B3C1-6A34F15B4B40}.net_4_0_Debug|Mixed Platforms.Build.0 = Debug|Any CPU
		{584095D8-E7A6-42EF-B3C1-6A34F15B4B40}.net_4_0_Debug|x86.ActiveCfg = Debug|Any CPU
		{584095D8-E7A6-42EF-B3C1-6A34F15B4B40}.net_4_0_Release|Any CPU.ActiveCfg = Release|Any CPU
		{584095D8-E7A6-42EF-B3C1-6A34F15B4B40}.net_4_0_Release|Any CPU.Build.0 = Release|Any CPU
		{584095D8-E7A6-42EF-B3C1-6A34F15B4B40}.net_4_0_Release|Mixed Platforms.ActiveCfg = Release|Any CPU
		{584095D8-E7A6-42EF-B3C1-6A34F15B4B40}.net_4_0_Release|Mixed Platforms.Build.0 = Release|Any CPU
		{584095D8-E7A6-42EF-B3C1-6A34F15B4B40}.net_4_0_Release|x86.ActiveCfg = Release|Any CPU
		{584095D8-E7A6-42EF-B3C1-6A34F15B4B40}.net_4_5_Debug|Any CPU.ActiveCfg = Debug|Any CPU
		{584095D8-E7A6-42EF-B3C1-6A34F15B4B40}.net_4_5_Debug|Any CPU.Build.0 = Debug|Any CPU
		{584095D8-E7A6-42EF-B3C1-6A34F15B4B40}.net_4_5_Debug|Mixed Platforms.ActiveCfg = Debug|Any CPU
		{584095D8-E7A6-42EF-B3C1-6A34F15B4B40}.net_4_5_Debug|Mixed Platforms.Build.0 = Debug|Any CPU
		{584095D8-E7A6-42EF-B3C1-6A34F15B4B40}.net_4_5_Debug|x86.ActiveCfg = Debug|Any CPU
		{584095D8-E7A6-42EF-B3C1-6A34F15B4B40}.net_4_5_Release|Any CPU.ActiveCfg = Release|Any CPU
		{584095D8-E7A6-42EF-B3C1-6A34F15B4B40}.net_4_5_Release|Any CPU.Build.0 = Release|Any CPU
		{584095D8-E7A6-42EF-B3C1-6A34F15B4B40}.net_4_5_Release|Mixed Platforms.ActiveCfg = Release|Any CPU
		{584095D8-E7A6-42EF-B3C1-6A34F15B4B40}.net_4_5_Release|Mixed Platforms.Build.0 = Release|Any CPU
		{584095D8-E7A6-42EF-B3C1-6A34F15B4B40}.net_4_5_Release|x86.ActiveCfg = Release|Any CPU
		{584095D8-E7A6-42EF-B3C1-6A34F15B4B40}.Release|Any CPU.ActiveCfg = Release|Any CPU
		{584095D8-E7A6-42EF-B3C1-6A34F15B4B40}.Release|Any CPU.Build.0 = Release|Any CPU
		{584095D8-E7A6-42EF-B3C1-6A34F15B4B40}.Release|Mixed Platforms.ActiveCfg = Release|Any CPU
		{584095D8-E7A6-42EF-B3C1-6A34F15B4B40}.Release|Mixed Platforms.Build.0 = Release|Any CPU
		{584095D8-E7A6-42EF-B3C1-6A34F15B4B40}.Release|x86.ActiveCfg = Release|Any CPU
		{584095D8-E7A6-42EF-B3C1-6A34F15B4B40}.silverlight_Debug|Any CPU.ActiveCfg = Debug|Any CPU
		{584095D8-E7A6-42EF-B3C1-6A34F15B4B40}.silverlight_Debug|Any CPU.Build.0 = Debug|Any CPU
		{584095D8-E7A6-42EF-B3C1-6A34F15B4B40}.silverlight_Debug|Mixed Platforms.ActiveCfg = Debug|Any CPU
		{584095D8-E7A6-42EF-B3C1-6A34F15B4B40}.silverlight_Debug|Mixed Platforms.Build.0 = Debug|Any CPU
		{584095D8-E7A6-42EF-B3C1-6A34F15B4B40}.silverlight_Debug|x86.ActiveCfg = Debug|Any CPU
		{584095D8-E7A6-42EF-B3C1-6A34F15B4B40}.silverlight_Release|Any CPU.ActiveCfg = Release|Any CPU
		{584095D8-E7A6-42EF-B3C1-6A34F15B4B40}.silverlight_Release|Any CPU.Build.0 = Release|Any CPU
		{584095D8-E7A6-42EF-B3C1-6A34F15B4B40}.silverlight_Release|Mixed Platforms.ActiveCfg = Release|Any CPU
		{584095D8-E7A6-42EF-B3C1-6A34F15B4B40}.silverlight_Release|Mixed Platforms.Build.0 = Release|Any CPU
		{584095D8-E7A6-42EF-B3C1-6A34F15B4B40}.silverlight_Release|x86.ActiveCfg = Release|Any CPU
		{584095D8-E7A6-42EF-B3C1-6A34F15B4B40}.winphone_Debug|Any CPU.ActiveCfg = Debug|Any CPU
		{584095D8-E7A6-42EF-B3C1-6A34F15B4B40}.winphone_Debug|Any CPU.Build.0 = Debug|Any CPU
		{584095D8-E7A6-42EF-B3C1-6A34F15B4B40}.winphone_Debug|Mixed Platforms.ActiveCfg = Debug|Any CPU
		{584095D8-E7A6-42EF-B3C1-6A34F15B4B40}.winphone_Debug|Mixed Platforms.Build.0 = Debug|Any CPU
		{584095D8-E7A6-42EF-B3C1-6A34F15B4B40}.winphone_Debug|x86.ActiveCfg = Debug|Any CPU
		{584095D8-E7A6-42EF-B3C1-6A34F15B4B40}.winphone_Release|Any CPU.ActiveCfg = Release|Any CPU
		{584095D8-E7A6-42EF-B3C1-6A34F15B4B40}.winphone_Release|Any CPU.Build.0 = Release|Any CPU
		{584095D8-E7A6-42EF-B3C1-6A34F15B4B40}.winphone_Release|Mixed Platforms.ActiveCfg = Release|Any CPU
		{584095D8-E7A6-42EF-B3C1-6A34F15B4B40}.winphone_Release|Mixed Platforms.Build.0 = Release|Any CPU
		{584095D8-E7A6-42EF-B3C1-6A34F15B4B40}.winphone_Release|x86.ActiveCfg = Release|Any CPU
		{28912034-8A56-4B8E-BAA1-02C50149CA68}.Debug|Any CPU.ActiveCfg = Debug|Any CPU
		{28912034-8A56-4B8E-BAA1-02C50149CA68}.Debug|Any CPU.Build.0 = Debug|Any CPU
		{28912034-8A56-4B8E-BAA1-02C50149CA68}.Debug|Mixed Platforms.ActiveCfg = Debug|Any CPU
		{28912034-8A56-4B8E-BAA1-02C50149CA68}.Debug|Mixed Platforms.Build.0 = Debug|Any CPU
		{28912034-8A56-4B8E-BAA1-02C50149CA68}.Debug|x86.ActiveCfg = Debug|Any CPU
		{28912034-8A56-4B8E-BAA1-02C50149CA68}.Debug|x86.Build.0 = Debug|Any CPU
		{28912034-8A56-4B8E-BAA1-02C50149CA68}.net_2_0_Debug|Any CPU.ActiveCfg = Debug|Any CPU
		{28912034-8A56-4B8E-BAA1-02C50149CA68}.net_2_0_Debug|Any CPU.Build.0 = Debug|Any CPU
		{28912034-8A56-4B8E-BAA1-02C50149CA68}.net_2_0_Debug|Mixed Platforms.ActiveCfg = Debug|Any CPU
		{28912034-8A56-4B8E-BAA1-02C50149CA68}.net_2_0_Debug|Mixed Platforms.Build.0 = Debug|Any CPU
		{28912034-8A56-4B8E-BAA1-02C50149CA68}.net_2_0_Debug|x86.ActiveCfg = Debug|Any CPU
		{28912034-8A56-4B8E-BAA1-02C50149CA68}.net_2_0_Release|Any CPU.ActiveCfg = Release|Any CPU
		{28912034-8A56-4B8E-BAA1-02C50149CA68}.net_2_0_Release|Any CPU.Build.0 = Release|Any CPU
		{28912034-8A56-4B8E-BAA1-02C50149CA68}.net_2_0_Release|Mixed Platforms.ActiveCfg = Release|Any CPU
		{28912034-8A56-4B8E-BAA1-02C50149CA68}.net_2_0_Release|Mixed Platforms.Build.0 = Release|Any CPU
		{28912034-8A56-4B8E-BAA1-02C50149CA68}.net_2_0_Release|x86.ActiveCfg = Release|Any CPU
		{28912034-8A56-4B8E-BAA1-02C50149CA68}.net_3_5_Debug|Any CPU.ActiveCfg = Debug|Any CPU
		{28912034-8A56-4B8E-BAA1-02C50149CA68}.net_3_5_Debug|Any CPU.Build.0 = Debug|Any CPU
		{28912034-8A56-4B8E-BAA1-02C50149CA68}.net_3_5_Debug|Mixed Platforms.ActiveCfg = Debug|Any CPU
		{28912034-8A56-4B8E-BAA1-02C50149CA68}.net_3_5_Debug|Mixed Platforms.Build.0 = Debug|Any CPU
		{28912034-8A56-4B8E-BAA1-02C50149CA68}.net_3_5_Debug|x86.ActiveCfg = Debug|Any CPU
		{28912034-8A56-4B8E-BAA1-02C50149CA68}.net_3_5_Release|Any CPU.ActiveCfg = Release|Any CPU
		{28912034-8A56-4B8E-BAA1-02C50149CA68}.net_3_5_Release|Any CPU.Build.0 = Release|Any CPU
		{28912034-8A56-4B8E-BAA1-02C50149CA68}.net_3_5_Release|Mixed Platforms.ActiveCfg = Release|Any CPU
		{28912034-8A56-4B8E-BAA1-02C50149CA68}.net_3_5_Release|Mixed Platforms.Build.0 = Release|Any CPU
		{28912034-8A56-4B8E-BAA1-02C50149CA68}.net_3_5_Release|x86.ActiveCfg = Release|Any CPU
		{28912034-8A56-4B8E-BAA1-02C50149CA68}.net_4_0_Debug|Any CPU.ActiveCfg = Debug|Any CPU
		{28912034-8A56-4B8E-BAA1-02C50149CA68}.net_4_0_Debug|Any CPU.Build.0 = Debug|Any CPU
		{28912034-8A56-4B8E-BAA1-02C50149CA68}.net_4_0_Debug|Mixed Platforms.ActiveCfg = Debug|Any CPU
		{28912034-8A56-4B8E-BAA1-02C50149CA68}.net_4_0_Debug|Mixed Platforms.Build.0 = Debug|Any CPU
		{28912034-8A56-4B8E-BAA1-02C50149CA68}.net_4_0_Debug|x86.ActiveCfg = Debug|Any CPU
		{28912034-8A56-4B8E-BAA1-02C50149CA68}.net_4_0_Release|Any CPU.ActiveCfg = Release|Any CPU
		{28912034-8A56-4B8E-BAA1-02C50149CA68}.net_4_0_Release|Any CPU.Build.0 = Release|Any CPU
		{28912034-8A56-4B8E-BAA1-02C50149CA68}.net_4_0_Release|Mixed Platforms.ActiveCfg = Release|Any CPU
		{28912034-8A56-4B8E-BAA1-02C50149CA68}.net_4_0_Release|Mixed Platforms.Build.0 = Release|Any CPU
		{28912034-8A56-4B8E-BAA1-02C50149CA68}.net_4_0_Release|x86.ActiveCfg = Release|Any CPU
		{28912034-8A56-4B8E-BAA1-02C50149CA68}.net_4_5_Debug|Any CPU.ActiveCfg = Debug|Any CPU
		{28912034-8A56-4B8E-BAA1-02C50149CA68}.net_4_5_Debug|Any CPU.Build.0 = Debug|Any CPU
		{28912034-8A56-4B8E-BAA1-02C50149CA68}.net_4_5_Debug|Mixed Platforms.ActiveCfg = Debug|Any CPU
		{28912034-8A56-4B8E-BAA1-02C50149CA68}.net_4_5_Debug|Mixed Platforms.Build.0 = Debug|Any CPU
		{28912034-8A56-4B8E-BAA1-02C50149CA68}.net_4_5_Debug|x86.ActiveCfg = Debug|Any CPU
		{28912034-8A56-4B8E-BAA1-02C50149CA68}.net_4_5_Release|Any CPU.ActiveCfg = Release|Any CPU
		{28912034-8A56-4B8E-BAA1-02C50149CA68}.net_4_5_Release|Any CPU.Build.0 = Release|Any CPU
		{28912034-8A56-4B8E-BAA1-02C50149CA68}.net_4_5_Release|Mixed Platforms.ActiveCfg = Release|Any CPU
		{28912034-8A56-4B8E-BAA1-02C50149CA68}.net_4_5_Release|Mixed Platforms.Build.0 = Release|Any CPU
		{28912034-8A56-4B8E-BAA1-02C50149CA68}.net_4_5_Release|x86.ActiveCfg = Release|Any CPU
		{28912034-8A56-4B8E-BAA1-02C50149CA68}.Release|Any CPU.ActiveCfg = Release|Any CPU
		{28912034-8A56-4B8E-BAA1-02C50149CA68}.Release|Any CPU.Build.0 = Release|Any CPU
		{28912034-8A56-4B8E-BAA1-02C50149CA68}.Release|Mixed Platforms.ActiveCfg = Release|Any CPU
		{28912034-8A56-4B8E-BAA1-02C50149CA68}.Release|Mixed Platforms.Build.0 = Release|Any CPU
		{28912034-8A56-4B8E-BAA1-02C50149CA68}.Release|x86.ActiveCfg = Release|Any CPU
		{28912034-8A56-4B8E-BAA1-02C50149CA68}.silverlight_Debug|Any CPU.ActiveCfg = Debug|Any CPU
		{28912034-8A56-4B8E-BAA1-02C50149CA68}.silverlight_Debug|Any CPU.Build.0 = Debug|Any CPU
		{28912034-8A56-4B8E-BAA1-02C50149CA68}.silverlight_Debug|Mixed Platforms.ActiveCfg = Debug|Any CPU
		{28912034-8A56-4B8E-BAA1-02C50149CA68}.silverlight_Debug|Mixed Platforms.Build.0 = Debug|Any CPU
		{28912034-8A56-4B8E-BAA1-02C50149CA68}.silverlight_Debug|x86.ActiveCfg = Debug|Any CPU
		{28912034-8A56-4B8E-BAA1-02C50149CA68}.silverlight_Release|Any CPU.ActiveCfg = Release|Any CPU
		{28912034-8A56-4B8E-BAA1-02C50149CA68}.silverlight_Release|Any CPU.Build.0 = Release|Any CPU
		{28912034-8A56-4B8E-BAA1-02C50149CA68}.silverlight_Release|Mixed Platforms.ActiveCfg = Release|Any CPU
		{28912034-8A56-4B8E-BAA1-02C50149CA68}.silverlight_Release|Mixed Platforms.Build.0 = Release|Any CPU
		{28912034-8A56-4B8E-BAA1-02C50149CA68}.silverlight_Release|x86.ActiveCfg = Release|Any CPU
		{28912034-8A56-4B8E-BAA1-02C50149CA68}.winphone_Debug|Any CPU.ActiveCfg = Debug|Any CPU
		{28912034-8A56-4B8E-BAA1-02C50149CA68}.winphone_Debug|Any CPU.Build.0 = Debug|Any CPU
		{28912034-8A56-4B8E-BAA1-02C50149CA68}.winphone_Debug|Mixed Platforms.ActiveCfg = Debug|Any CPU
		{28912034-8A56-4B8E-BAA1-02C50149CA68}.winphone_Debug|Mixed Platforms.Build.0 = Debug|Any CPU
		{28912034-8A56-4B8E-BAA1-02C50149CA68}.winphone_Debug|x86.ActiveCfg = Debug|Any CPU
		{28912034-8A56-4B8E-BAA1-02C50149CA68}.winphone_Release|Any CPU.ActiveCfg = Release|Any CPU
		{28912034-8A56-4B8E-BAA1-02C50149CA68}.winphone_Release|Any CPU.Build.0 = Release|Any CPU
		{28912034-8A56-4B8E-BAA1-02C50149CA68}.winphone_Release|Mixed Platforms.ActiveCfg = Release|Any CPU
		{28912034-8A56-4B8E-BAA1-02C50149CA68}.winphone_Release|Mixed Platforms.Build.0 = Release|Any CPU
		{28912034-8A56-4B8E-BAA1-02C50149CA68}.winphone_Release|x86.ActiveCfg = Release|Any CPU
		{776E1BD4-3A2A-4DE8-8534-DACA7802CBDC}.Debug|Any CPU.ActiveCfg = Debug|Any CPU
		{776E1BD4-3A2A-4DE8-8534-DACA7802CBDC}.Debug|Any CPU.Build.0 = Debug|Any CPU
		{776E1BD4-3A2A-4DE8-8534-DACA7802CBDC}.Debug|Mixed Platforms.ActiveCfg = Debug|Any CPU
		{776E1BD4-3A2A-4DE8-8534-DACA7802CBDC}.Debug|Mixed Platforms.Build.0 = Debug|Any CPU
		{776E1BD4-3A2A-4DE8-8534-DACA7802CBDC}.Debug|x86.ActiveCfg = Debug|Any CPU
		{776E1BD4-3A2A-4DE8-8534-DACA7802CBDC}.Debug|x86.Build.0 = Debug|Any CPU
		{776E1BD4-3A2A-4DE8-8534-DACA7802CBDC}.net_2_0_Debug|Any CPU.ActiveCfg = Debug|Any CPU
		{776E1BD4-3A2A-4DE8-8534-DACA7802CBDC}.net_2_0_Debug|Any CPU.Build.0 = Debug|Any CPU
		{776E1BD4-3A2A-4DE8-8534-DACA7802CBDC}.net_2_0_Debug|Mixed Platforms.ActiveCfg = Debug|Any CPU
		{776E1BD4-3A2A-4DE8-8534-DACA7802CBDC}.net_2_0_Debug|Mixed Platforms.Build.0 = Debug|Any CPU
		{776E1BD4-3A2A-4DE8-8534-DACA7802CBDC}.net_2_0_Debug|x86.ActiveCfg = Debug|Any CPU
		{776E1BD4-3A2A-4DE8-8534-DACA7802CBDC}.net_2_0_Release|Any CPU.ActiveCfg = Release|Any CPU
		{776E1BD4-3A2A-4DE8-8534-DACA7802CBDC}.net_2_0_Release|Any CPU.Build.0 = Release|Any CPU
		{776E1BD4-3A2A-4DE8-8534-DACA7802CBDC}.net_2_0_Release|Mixed Platforms.ActiveCfg = Release|Any CPU
		{776E1BD4-3A2A-4DE8-8534-DACA7802CBDC}.net_2_0_Release|Mixed Platforms.Build.0 = Release|Any CPU
		{776E1BD4-3A2A-4DE8-8534-DACA7802CBDC}.net_2_0_Release|x86.ActiveCfg = Release|Any CPU
		{776E1BD4-3A2A-4DE8-8534-DACA7802CBDC}.net_3_5_Debug|Any CPU.ActiveCfg = Debug|Any CPU
		{776E1BD4-3A2A-4DE8-8534-DACA7802CBDC}.net_3_5_Debug|Any CPU.Build.0 = Debug|Any CPU
		{776E1BD4-3A2A-4DE8-8534-DACA7802CBDC}.net_3_5_Debug|Mixed Platforms.ActiveCfg = Debug|Any CPU
		{776E1BD4-3A2A-4DE8-8534-DACA7802CBDC}.net_3_5_Debug|Mixed Platforms.Build.0 = Debug|Any CPU
		{776E1BD4-3A2A-4DE8-8534-DACA7802CBDC}.net_3_5_Debug|x86.ActiveCfg = Debug|Any CPU
		{776E1BD4-3A2A-4DE8-8534-DACA7802CBDC}.net_3_5_Release|Any CPU.ActiveCfg = Release|Any CPU
		{776E1BD4-3A2A-4DE8-8534-DACA7802CBDC}.net_3_5_Release|Any CPU.Build.0 = Release|Any CPU
		{776E1BD4-3A2A-4DE8-8534-DACA7802CBDC}.net_3_5_Release|Mixed Platforms.ActiveCfg = Release|Any CPU
		{776E1BD4-3A2A-4DE8-8534-DACA7802CBDC}.net_3_5_Release|Mixed Platforms.Build.0 = Release|Any CPU
		{776E1BD4-3A2A-4DE8-8534-DACA7802CBDC}.net_3_5_Release|x86.ActiveCfg = Release|Any CPU
		{776E1BD4-3A2A-4DE8-8534-DACA7802CBDC}.net_4_0_Debug|Any CPU.ActiveCfg = Debug|Any CPU
		{776E1BD4-3A2A-4DE8-8534-DACA7802CBDC}.net_4_0_Debug|Any CPU.Build.0 = Debug|Any CPU
		{776E1BD4-3A2A-4DE8-8534-DACA7802CBDC}.net_4_0_Debug|Mixed Platforms.ActiveCfg = Debug|Any CPU
		{776E1BD4-3A2A-4DE8-8534-DACA7802CBDC}.net_4_0_Debug|Mixed Platforms.Build.0 = Debug|Any CPU
		{776E1BD4-3A2A-4DE8-8534-DACA7802CBDC}.net_4_0_Debug|x86.ActiveCfg = Debug|Any CPU
		{776E1BD4-3A2A-4DE8-8534-DACA7802CBDC}.net_4_0_Release|Any CPU.ActiveCfg = Release|Any CPU
		{776E1BD4-3A2A-4DE8-8534-DACA7802CBDC}.net_4_0_Release|Any CPU.Build.0 = Release|Any CPU
		{776E1BD4-3A2A-4DE8-8534-DACA7802CBDC}.net_4_0_Release|Mixed Platforms.ActiveCfg = Release|Any CPU
		{776E1BD4-3A2A-4DE8-8534-DACA7802CBDC}.net_4_0_Release|Mixed Platforms.Build.0 = Release|Any CPU
		{776E1BD4-3A2A-4DE8-8534-DACA7802CBDC}.net_4_0_Release|x86.ActiveCfg = Release|Any CPU
		{776E1BD4-3A2A-4DE8-8534-DACA7802CBDC}.net_4_5_Debug|Any CPU.ActiveCfg = Debug|Any CPU
		{776E1BD4-3A2A-4DE8-8534-DACA7802CBDC}.net_4_5_Debug|Any CPU.Build.0 = Debug|Any CPU
		{776E1BD4-3A2A-4DE8-8534-DACA7802CBDC}.net_4_5_Debug|Mixed Platforms.ActiveCfg = Debug|Any CPU
		{776E1BD4-3A2A-4DE8-8534-DACA7802CBDC}.net_4_5_Debug|Mixed Platforms.Build.0 = Debug|Any CPU
		{776E1BD4-3A2A-4DE8-8534-DACA7802CBDC}.net_4_5_Debug|x86.ActiveCfg = Debug|Any CPU
		{776E1BD4-3A2A-4DE8-8534-DACA7802CBDC}.net_4_5_Release|Any CPU.ActiveCfg = Release|Any CPU
		{776E1BD4-3A2A-4DE8-8534-DACA7802CBDC}.net_4_5_Release|Any CPU.Build.0 = Release|Any CPU
		{776E1BD4-3A2A-4DE8-8534-DACA7802CBDC}.net_4_5_Release|Mixed Platforms.ActiveCfg = Release|Any CPU
		{776E1BD4-3A2A-4DE8-8534-DACA7802CBDC}.net_4_5_Release|Mixed Platforms.Build.0 = Release|Any CPU
		{776E1BD4-3A2A-4DE8-8534-DACA7802CBDC}.net_4_5_Release|x86.ActiveCfg = Release|Any CPU
		{776E1BD4-3A2A-4DE8-8534-DACA7802CBDC}.Release|Any CPU.ActiveCfg = Release|Any CPU
		{776E1BD4-3A2A-4DE8-8534-DACA7802CBDC}.Release|Any CPU.Build.0 = Release|Any CPU
		{776E1BD4-3A2A-4DE8-8534-DACA7802CBDC}.Release|Mixed Platforms.ActiveCfg = Release|Any CPU
		{776E1BD4-3A2A-4DE8-8534-DACA7802CBDC}.Release|Mixed Platforms.Build.0 = Release|Any CPU
		{776E1BD4-3A2A-4DE8-8534-DACA7802CBDC}.Release|x86.ActiveCfg = Release|Any CPU
		{776E1BD4-3A2A-4DE8-8534-DACA7802CBDC}.silverlight_Debug|Any CPU.ActiveCfg = Debug|Any CPU
		{776E1BD4-3A2A-4DE8-8534-DACA7802CBDC}.silverlight_Debug|Any CPU.Build.0 = Debug|Any CPU
		{776E1BD4-3A2A-4DE8-8534-DACA7802CBDC}.silverlight_Debug|Mixed Platforms.ActiveCfg = Debug|Any CPU
		{776E1BD4-3A2A-4DE8-8534-DACA7802CBDC}.silverlight_Debug|Mixed Platforms.Build.0 = Debug|Any CPU
		{776E1BD4-3A2A-4DE8-8534-DACA7802CBDC}.silverlight_Debug|x86.ActiveCfg = Debug|Any CPU
		{776E1BD4-3A2A-4DE8-8534-DACA7802CBDC}.silverlight_Release|Any CPU.ActiveCfg = Release|Any CPU
		{776E1BD4-3A2A-4DE8-8534-DACA7802CBDC}.silverlight_Release|Any CPU.Build.0 = Release|Any CPU
		{776E1BD4-3A2A-4DE8-8534-DACA7802CBDC}.silverlight_Release|Mixed Platforms.ActiveCfg = Release|Any CPU
		{776E1BD4-3A2A-4DE8-8534-DACA7802CBDC}.silverlight_Release|Mixed Platforms.Build.0 = Release|Any CPU
		{776E1BD4-3A2A-4DE8-8534-DACA7802CBDC}.silverlight_Release|x86.ActiveCfg = Release|Any CPU
		{776E1BD4-3A2A-4DE8-8534-DACA7802CBDC}.winphone_Debug|Any CPU.ActiveCfg = Debug|Any CPU
		{776E1BD4-3A2A-4DE8-8534-DACA7802CBDC}.winphone_Debug|Any CPU.Build.0 = Debug|Any CPU
		{776E1BD4-3A2A-4DE8-8534-DACA7802CBDC}.winphone_Debug|Mixed Platforms.ActiveCfg = Debug|Any CPU
		{776E1BD4-3A2A-4DE8-8534-DACA7802CBDC}.winphone_Debug|Mixed Platforms.Build.0 = Debug|Any CPU
		{776E1BD4-3A2A-4DE8-8534-DACA7802CBDC}.winphone_Debug|x86.ActiveCfg = Debug|Any CPU
		{776E1BD4-3A2A-4DE8-8534-DACA7802CBDC}.winphone_Release|Any CPU.ActiveCfg = Release|Any CPU
		{776E1BD4-3A2A-4DE8-8534-DACA7802CBDC}.winphone_Release|Any CPU.Build.0 = Release|Any CPU
		{776E1BD4-3A2A-4DE8-8534-DACA7802CBDC}.winphone_Release|Mixed Platforms.ActiveCfg = Release|Any CPU
		{776E1BD4-3A2A-4DE8-8534-DACA7802CBDC}.winphone_Release|Mixed Platforms.Build.0 = Release|Any CPU
		{776E1BD4-3A2A-4DE8-8534-DACA7802CBDC}.winphone_Release|x86.ActiveCfg = Release|Any CPU
		{2158446B-9E58-4E9D-BDC4-27A5A90365D1}.Debug|Any CPU.ActiveCfg = Debug|Any CPU
		{2158446B-9E58-4E9D-BDC4-27A5A90365D1}.Debug|Any CPU.Build.0 = Debug|Any CPU
		{2158446B-9E58-4E9D-BDC4-27A5A90365D1}.Debug|Mixed Platforms.ActiveCfg = Debug|Any CPU
		{2158446B-9E58-4E9D-BDC4-27A5A90365D1}.Debug|Mixed Platforms.Build.0 = Debug|Any CPU
		{2158446B-9E58-4E9D-BDC4-27A5A90365D1}.Debug|x86.ActiveCfg = Debug|Any CPU
		{2158446B-9E58-4E9D-BDC4-27A5A90365D1}.Debug|x86.Build.0 = Debug|Any CPU
		{2158446B-9E58-4E9D-BDC4-27A5A90365D1}.net_2_0_Debug|Any CPU.ActiveCfg = Debug|Any CPU
		{2158446B-9E58-4E9D-BDC4-27A5A90365D1}.net_2_0_Debug|Any CPU.Build.0 = Debug|Any CPU
		{2158446B-9E58-4E9D-BDC4-27A5A90365D1}.net_2_0_Debug|Mixed Platforms.ActiveCfg = Debug|Any CPU
		{2158446B-9E58-4E9D-BDC4-27A5A90365D1}.net_2_0_Debug|Mixed Platforms.Build.0 = Debug|Any CPU
		{2158446B-9E58-4E9D-BDC4-27A5A90365D1}.net_2_0_Debug|x86.ActiveCfg = Debug|Any CPU
		{2158446B-9E58-4E9D-BDC4-27A5A90365D1}.net_2_0_Release|Any CPU.ActiveCfg = Release|Any CPU
		{2158446B-9E58-4E9D-BDC4-27A5A90365D1}.net_2_0_Release|Any CPU.Build.0 = Release|Any CPU
		{2158446B-9E58-4E9D-BDC4-27A5A90365D1}.net_2_0_Release|Mixed Platforms.ActiveCfg = Release|Any CPU
		{2158446B-9E58-4E9D-BDC4-27A5A90365D1}.net_2_0_Release|Mixed Platforms.Build.0 = Release|Any CPU
		{2158446B-9E58-4E9D-BDC4-27A5A90365D1}.net_2_0_Release|x86.ActiveCfg = Release|Any CPU
		{2158446B-9E58-4E9D-BDC4-27A5A90365D1}.net_3_5_Debug|Any CPU.ActiveCfg = Debug|Any CPU
		{2158446B-9E58-4E9D-BDC4-27A5A90365D1}.net_3_5_Debug|Any CPU.Build.0 = Debug|Any CPU
		{2158446B-9E58-4E9D-BDC4-27A5A90365D1}.net_3_5_Debug|Mixed Platforms.ActiveCfg = Debug|Any CPU
		{2158446B-9E58-4E9D-BDC4-27A5A90365D1}.net_3_5_Debug|Mixed Platforms.Build.0 = Debug|Any CPU
		{2158446B-9E58-4E9D-BDC4-27A5A90365D1}.net_3_5_Debug|x86.ActiveCfg = Debug|Any CPU
		{2158446B-9E58-4E9D-BDC4-27A5A90365D1}.net_3_5_Release|Any CPU.ActiveCfg = Release|Any CPU
		{2158446B-9E58-4E9D-BDC4-27A5A90365D1}.net_3_5_Release|Any CPU.Build.0 = Release|Any CPU
		{2158446B-9E58-4E9D-BDC4-27A5A90365D1}.net_3_5_Release|Mixed Platforms.ActiveCfg = Release|Any CPU
		{2158446B-9E58-4E9D-BDC4-27A5A90365D1}.net_3_5_Release|Mixed Platforms.Build.0 = Release|Any CPU
		{2158446B-9E58-4E9D-BDC4-27A5A90365D1}.net_3_5_Release|x86.ActiveCfg = Release|Any CPU
		{2158446B-9E58-4E9D-BDC4-27A5A90365D1}.net_4_0_Debug|Any CPU.ActiveCfg = Debug|Any CPU
		{2158446B-9E58-4E9D-BDC4-27A5A90365D1}.net_4_0_Debug|Any CPU.Build.0 = Debug|Any CPU
		{2158446B-9E58-4E9D-BDC4-27A5A90365D1}.net_4_0_Debug|Mixed Platforms.ActiveCfg = Debug|Any CPU
		{2158446B-9E58-4E9D-BDC4-27A5A90365D1}.net_4_0_Debug|Mixed Platforms.Build.0 = Debug|Any CPU
		{2158446B-9E58-4E9D-BDC4-27A5A90365D1}.net_4_0_Debug|x86.ActiveCfg = Debug|Any CPU
		{2158446B-9E58-4E9D-BDC4-27A5A90365D1}.net_4_0_Release|Any CPU.ActiveCfg = Release|Any CPU
		{2158446B-9E58-4E9D-BDC4-27A5A90365D1}.net_4_0_Release|Any CPU.Build.0 = Release|Any CPU
		{2158446B-9E58-4E9D-BDC4-27A5A90365D1}.net_4_0_Release|Mixed Platforms.ActiveCfg = Release|Any CPU
		{2158446B-9E58-4E9D-BDC4-27A5A90365D1}.net_4_0_Release|Mixed Platforms.Build.0 = Release|Any CPU
		{2158446B-9E58-4E9D-BDC4-27A5A90365D1}.net_4_0_Release|x86.ActiveCfg = Release|Any CPU
		{2158446B-9E58-4E9D-BDC4-27A5A90365D1}.net_4_5_Debug|Any CPU.ActiveCfg = Debug|Any CPU
		{2158446B-9E58-4E9D-BDC4-27A5A90365D1}.net_4_5_Debug|Any CPU.Build.0 = Debug|Any CPU
		{2158446B-9E58-4E9D-BDC4-27A5A90365D1}.net_4_5_Debug|Mixed Platforms.ActiveCfg = Debug|Any CPU
		{2158446B-9E58-4E9D-BDC4-27A5A90365D1}.net_4_5_Debug|Mixed Platforms.Build.0 = Debug|Any CPU
		{2158446B-9E58-4E9D-BDC4-27A5A90365D1}.net_4_5_Debug|x86.ActiveCfg = Debug|Any CPU
		{2158446B-9E58-4E9D-BDC4-27A5A90365D1}.net_4_5_Release|Any CPU.ActiveCfg = Release|Any CPU
		{2158446B-9E58-4E9D-BDC4-27A5A90365D1}.net_4_5_Release|Any CPU.Build.0 = Release|Any CPU
		{2158446B-9E58-4E9D-BDC4-27A5A90365D1}.net_4_5_Release|Mixed Platforms.ActiveCfg = Release|Any CPU
		{2158446B-9E58-4E9D-BDC4-27A5A90365D1}.net_4_5_Release|Mixed Platforms.Build.0 = Release|Any CPU
		{2158446B-9E58-4E9D-BDC4-27A5A90365D1}.net_4_5_Release|x86.ActiveCfg = Release|Any CPU
		{2158446B-9E58-4E9D-BDC4-27A5A90365D1}.Release|Any CPU.ActiveCfg = Release|Any CPU
		{2158446B-9E58-4E9D-BDC4-27A5A90365D1}.Release|Any CPU.Build.0 = Release|Any CPU
		{2158446B-9E58-4E9D-BDC4-27A5A90365D1}.Release|Mixed Platforms.ActiveCfg = Release|Any CPU
		{2158446B-9E58-4E9D-BDC4-27A5A90365D1}.Release|Mixed Platforms.Build.0 = Release|Any CPU
		{2158446B-9E58-4E9D-BDC4-27A5A90365D1}.Release|x86.ActiveCfg = Release|Any CPU
		{2158446B-9E58-4E9D-BDC4-27A5A90365D1}.silverlight_Debug|Any CPU.ActiveCfg = Debug|Any CPU
		{2158446B-9E58-4E9D-BDC4-27A5A90365D1}.silverlight_Debug|Any CPU.Build.0 = Debug|Any CPU
		{2158446B-9E58-4E9D-BDC4-27A5A90365D1}.silverlight_Debug|Mixed Platforms.ActiveCfg = Debug|Any CPU
		{2158446B-9E58-4E9D-BDC4-27A5A90365D1}.silverlight_Debug|Mixed Platforms.Build.0 = Debug|Any CPU
		{2158446B-9E58-4E9D-BDC4-27A5A90365D1}.silverlight_Debug|x86.ActiveCfg = Debug|Any CPU
		{2158446B-9E58-4E9D-BDC4-27A5A90365D1}.silverlight_Release|Any CPU.ActiveCfg = Release|Any CPU
		{2158446B-9E58-4E9D-BDC4-27A5A90365D1}.silverlight_Release|Any CPU.Build.0 = Release|Any CPU
		{2158446B-9E58-4E9D-BDC4-27A5A90365D1}.silverlight_Release|Mixed Platforms.ActiveCfg = Release|Any CPU
		{2158446B-9E58-4E9D-BDC4-27A5A90365D1}.silverlight_Release|Mixed Platforms.Build.0 = Release|Any CPU
		{2158446B-9E58-4E9D-BDC4-27A5A90365D1}.silverlight_Release|x86.ActiveCfg = Release|Any CPU
		{2158446B-9E58-4E9D-BDC4-27A5A90365D1}.winphone_Debug|Any CPU.ActiveCfg = Debug|Any CPU
		{2158446B-9E58-4E9D-BDC4-27A5A90365D1}.winphone_Debug|Any CPU.Build.0 = Debug|Any CPU
		{2158446B-9E58-4E9D-BDC4-27A5A90365D1}.winphone_Debug|Mixed Platforms.ActiveCfg = Debug|Any CPU
		{2158446B-9E58-4E9D-BDC4-27A5A90365D1}.winphone_Debug|Mixed Platforms.Build.0 = Debug|Any CPU
		{2158446B-9E58-4E9D-BDC4-27A5A90365D1}.winphone_Debug|x86.ActiveCfg = Debug|Any CPU
		{2158446B-9E58-4E9D-BDC4-27A5A90365D1}.winphone_Release|Any CPU.ActiveCfg = Release|Any CPU
		{2158446B-9E58-4E9D-BDC4-27A5A90365D1}.winphone_Release|Any CPU.Build.0 = Release|Any CPU
		{2158446B-9E58-4E9D-BDC4-27A5A90365D1}.winphone_Release|Mixed Platforms.ActiveCfg = Release|Any CPU
		{2158446B-9E58-4E9D-BDC4-27A5A90365D1}.winphone_Release|Mixed Platforms.Build.0 = Release|Any CPU
		{2158446B-9E58-4E9D-BDC4-27A5A90365D1}.winphone_Release|x86.ActiveCfg = Release|Any CPU
		{453CE390-4B91-4BDC-A14B-DFE81B24338C}.Debug|Any CPU.ActiveCfg = Debug|x86
		{453CE390-4B91-4BDC-A14B-DFE81B24338C}.Debug|Mixed Platforms.ActiveCfg = Debug|x86
		{453CE390-4B91-4BDC-A14B-DFE81B24338C}.Debug|Mixed Platforms.Build.0 = Debug|x86
		{453CE390-4B91-4BDC-A14B-DFE81B24338C}.Debug|x86.ActiveCfg = Debug|x86
		{453CE390-4B91-4BDC-A14B-DFE81B24338C}.Debug|x86.Build.0 = Debug|x86
		{453CE390-4B91-4BDC-A14B-DFE81B24338C}.net_2_0_Debug|Any CPU.ActiveCfg = Debug|x86
		{453CE390-4B91-4BDC-A14B-DFE81B24338C}.net_2_0_Debug|Mixed Platforms.ActiveCfg = Debug|x86
		{453CE390-4B91-4BDC-A14B-DFE81B24338C}.net_2_0_Debug|Mixed Platforms.Build.0 = Debug|x86
		{453CE390-4B91-4BDC-A14B-DFE81B24338C}.net_2_0_Debug|x86.ActiveCfg = Debug|x86
		{453CE390-4B91-4BDC-A14B-DFE81B24338C}.net_2_0_Debug|x86.Build.0 = Debug|x86
		{453CE390-4B91-4BDC-A14B-DFE81B24338C}.net_2_0_Release|Any CPU.ActiveCfg = Release|x86
		{453CE390-4B91-4BDC-A14B-DFE81B24338C}.net_2_0_Release|Mixed Platforms.ActiveCfg = Release|x86
		{453CE390-4B91-4BDC-A14B-DFE81B24338C}.net_2_0_Release|Mixed Platforms.Build.0 = Release|x86
		{453CE390-4B91-4BDC-A14B-DFE81B24338C}.net_2_0_Release|x86.ActiveCfg = Release|x86
		{453CE390-4B91-4BDC-A14B-DFE81B24338C}.net_2_0_Release|x86.Build.0 = Release|x86
		{453CE390-4B91-4BDC-A14B-DFE81B24338C}.net_3_5_Debug|Any CPU.ActiveCfg = Debug|x86
		{453CE390-4B91-4BDC-A14B-DFE81B24338C}.net_3_5_Debug|Mixed Platforms.ActiveCfg = Debug|x86
		{453CE390-4B91-4BDC-A14B-DFE81B24338C}.net_3_5_Debug|Mixed Platforms.Build.0 = Debug|x86
		{453CE390-4B91-4BDC-A14B-DFE81B24338C}.net_3_5_Debug|x86.ActiveCfg = Debug|x86
		{453CE390-4B91-4BDC-A14B-DFE81B24338C}.net_3_5_Debug|x86.Build.0 = Debug|x86
		{453CE390-4B91-4BDC-A14B-DFE81B24338C}.net_3_5_Release|Any CPU.ActiveCfg = Release|x86
		{453CE390-4B91-4BDC-A14B-DFE81B24338C}.net_3_5_Release|Mixed Platforms.ActiveCfg = Release|x86
		{453CE390-4B91-4BDC-A14B-DFE81B24338C}.net_3_5_Release|Mixed Platforms.Build.0 = Release|x86
		{453CE390-4B91-4BDC-A14B-DFE81B24338C}.net_3_5_Release|x86.ActiveCfg = Release|x86
		{453CE390-4B91-4BDC-A14B-DFE81B24338C}.net_3_5_Release|x86.Build.0 = Release|x86
		{453CE390-4B91-4BDC-A14B-DFE81B24338C}.net_4_0_Debug|Any CPU.ActiveCfg = Debug|x86
		{453CE390-4B91-4BDC-A14B-DFE81B24338C}.net_4_0_Debug|Mixed Platforms.ActiveCfg = Debug|x86
		{453CE390-4B91-4BDC-A14B-DFE81B24338C}.net_4_0_Debug|Mixed Platforms.Build.0 = Debug|x86
		{453CE390-4B91-4BDC-A14B-DFE81B24338C}.net_4_0_Debug|x86.ActiveCfg = Debug|x86
		{453CE390-4B91-4BDC-A14B-DFE81B24338C}.net_4_0_Debug|x86.Build.0 = Debug|x86
		{453CE390-4B91-4BDC-A14B-DFE81B24338C}.net_4_0_Release|Any CPU.ActiveCfg = Release|x86
		{453CE390-4B91-4BDC-A14B-DFE81B24338C}.net_4_0_Release|Mixed Platforms.ActiveCfg = Release|x86
		{453CE390-4B91-4BDC-A14B-DFE81B24338C}.net_4_0_Release|Mixed Platforms.Build.0 = Release|x86
		{453CE390-4B91-4BDC-A14B-DFE81B24338C}.net_4_0_Release|x86.ActiveCfg = Release|x86
		{453CE390-4B91-4BDC-A14B-DFE81B24338C}.net_4_0_Release|x86.Build.0 = Release|x86
		{453CE390-4B91-4BDC-A14B-DFE81B24338C}.net_4_5_Debug|Any CPU.ActiveCfg = Debug|x86
		{453CE390-4B91-4BDC-A14B-DFE81B24338C}.net_4_5_Debug|Mixed Platforms.ActiveCfg = Debug|x86
		{453CE390-4B91-4BDC-A14B-DFE81B24338C}.net_4_5_Debug|Mixed Platforms.Build.0 = Debug|x86
		{453CE390-4B91-4BDC-A14B-DFE81B24338C}.net_4_5_Debug|x86.ActiveCfg = Debug|x86
		{453CE390-4B91-4BDC-A14B-DFE81B24338C}.net_4_5_Debug|x86.Build.0 = Debug|x86
		{453CE390-4B91-4BDC-A14B-DFE81B24338C}.net_4_5_Release|Any CPU.ActiveCfg = Release|x86
		{453CE390-4B91-4BDC-A14B-DFE81B24338C}.net_4_5_Release|Mixed Platforms.ActiveCfg = Release|x86
		{453CE390-4B91-4BDC-A14B-DFE81B24338C}.net_4_5_Release|Mixed Platforms.Build.0 = Release|x86
		{453CE390-4B91-4BDC-A14B-DFE81B24338C}.net_4_5_Release|x86.ActiveCfg = Release|x86
		{453CE390-4B91-4BDC-A14B-DFE81B24338C}.net_4_5_Release|x86.Build.0 = Release|x86
		{453CE390-4B91-4BDC-A14B-DFE81B24338C}.Release|Any CPU.ActiveCfg = Release|x86
		{453CE390-4B91-4BDC-A14B-DFE81B24338C}.Release|Mixed Platforms.ActiveCfg = Release|x86
		{453CE390-4B91-4BDC-A14B-DFE81B24338C}.Release|Mixed Platforms.Build.0 = Release|x86
		{453CE390-4B91-4BDC-A14B-DFE81B24338C}.Release|x86.ActiveCfg = Release|x86
		{453CE390-4B91-4BDC-A14B-DFE81B24338C}.Release|x86.Build.0 = Release|x86
		{453CE390-4B91-4BDC-A14B-DFE81B24338C}.silverlight_Debug|Any CPU.ActiveCfg = Debug|x86
		{453CE390-4B91-4BDC-A14B-DFE81B24338C}.silverlight_Debug|Mixed Platforms.ActiveCfg = Debug|x86
		{453CE390-4B91-4BDC-A14B-DFE81B24338C}.silverlight_Debug|Mixed Platforms.Build.0 = Debug|x86
		{453CE390-4B91-4BDC-A14B-DFE81B24338C}.silverlight_Debug|x86.ActiveCfg = Debug|x86
		{453CE390-4B91-4BDC-A14B-DFE81B24338C}.silverlight_Debug|x86.Build.0 = Debug|x86
		{453CE390-4B91-4BDC-A14B-DFE81B24338C}.silverlight_Release|Any CPU.ActiveCfg = Release|x86
		{453CE390-4B91-4BDC-A14B-DFE81B24338C}.silverlight_Release|Mixed Platforms.ActiveCfg = Release|x86
		{453CE390-4B91-4BDC-A14B-DFE81B24338C}.silverlight_Release|Mixed Platforms.Build.0 = Release|x86
		{453CE390-4B91-4BDC-A14B-DFE81B24338C}.silverlight_Release|x86.ActiveCfg = Release|x86
		{453CE390-4B91-4BDC-A14B-DFE81B24338C}.silverlight_Release|x86.Build.0 = Release|x86
		{453CE390-4B91-4BDC-A14B-DFE81B24338C}.winphone_Debug|Any CPU.ActiveCfg = Debug|x86
		{453CE390-4B91-4BDC-A14B-DFE81B24338C}.winphone_Debug|Mixed Platforms.ActiveCfg = Debug|x86
		{453CE390-4B91-4BDC-A14B-DFE81B24338C}.winphone_Debug|Mixed Platforms.Build.0 = Debug|x86
		{453CE390-4B91-4BDC-A14B-DFE81B24338C}.winphone_Debug|x86.ActiveCfg = Debug|x86
		{453CE390-4B91-4BDC-A14B-DFE81B24338C}.winphone_Debug|x86.Build.0 = Debug|x86
		{453CE390-4B91-4BDC-A14B-DFE81B24338C}.winphone_Release|Any CPU.ActiveCfg = Release|x86
		{453CE390-4B91-4BDC-A14B-DFE81B24338C}.winphone_Release|Mixed Platforms.ActiveCfg = Release|x86
		{453CE390-4B91-4BDC-A14B-DFE81B24338C}.winphone_Release|Mixed Platforms.Build.0 = Release|x86
		{453CE390-4B91-4BDC-A14B-DFE81B24338C}.winphone_Release|x86.ActiveCfg = Release|x86
		{453CE390-4B91-4BDC-A14B-DFE81B24338C}.winphone_Release|x86.Build.0 = Release|x86
		{C5B620C3-5A34-40C3-B648-7F1F5CC6D64B}.Debug|Any CPU.ActiveCfg = Debug|x86
		{C5B620C3-5A34-40C3-B648-7F1F5CC6D64B}.Debug|Mixed Platforms.ActiveCfg = Debug|x86
		{C5B620C3-5A34-40C3-B648-7F1F5CC6D64B}.Debug|Mixed Platforms.Build.0 = Debug|x86
		{C5B620C3-5A34-40C3-B648-7F1F5CC6D64B}.Debug|x86.ActiveCfg = Debug|x86
		{C5B620C3-5A34-40C3-B648-7F1F5CC6D64B}.Debug|x86.Build.0 = Debug|x86
		{C5B620C3-5A34-40C3-B648-7F1F5CC6D64B}.net_2_0_Debug|Any CPU.ActiveCfg = Debug|x86
		{C5B620C3-5A34-40C3-B648-7F1F5CC6D64B}.net_2_0_Debug|Mixed Platforms.ActiveCfg = Debug|x86
		{C5B620C3-5A34-40C3-B648-7F1F5CC6D64B}.net_2_0_Debug|Mixed Platforms.Build.0 = Debug|x86
		{C5B620C3-5A34-40C3-B648-7F1F5CC6D64B}.net_2_0_Debug|x86.ActiveCfg = Debug|x86
		{C5B620C3-5A34-40C3-B648-7F1F5CC6D64B}.net_2_0_Debug|x86.Build.0 = Debug|x86
		{C5B620C3-5A34-40C3-B648-7F1F5CC6D64B}.net_2_0_Release|Any CPU.ActiveCfg = Release|x86
		{C5B620C3-5A34-40C3-B648-7F1F5CC6D64B}.net_2_0_Release|Mixed Platforms.ActiveCfg = Release|x86
		{C5B620C3-5A34-40C3-B648-7F1F5CC6D64B}.net_2_0_Release|Mixed Platforms.Build.0 = Release|x86
		{C5B620C3-5A34-40C3-B648-7F1F5CC6D64B}.net_2_0_Release|x86.ActiveCfg = Release|x86
		{C5B620C3-5A34-40C3-B648-7F1F5CC6D64B}.net_2_0_Release|x86.Build.0 = Release|x86
		{C5B620C3-5A34-40C3-B648-7F1F5CC6D64B}.net_3_5_Debug|Any CPU.ActiveCfg = Debug|x86
		{C5B620C3-5A34-40C3-B648-7F1F5CC6D64B}.net_3_5_Debug|Mixed Platforms.ActiveCfg = Debug|x86
		{C5B620C3-5A34-40C3-B648-7F1F5CC6D64B}.net_3_5_Debug|Mixed Platforms.Build.0 = Debug|x86
		{C5B620C3-5A34-40C3-B648-7F1F5CC6D64B}.net_3_5_Debug|x86.ActiveCfg = Debug|x86
		{C5B620C3-5A34-40C3-B648-7F1F5CC6D64B}.net_3_5_Debug|x86.Build.0 = Debug|x86
		{C5B620C3-5A34-40C3-B648-7F1F5CC6D64B}.net_3_5_Release|Any CPU.ActiveCfg = Release|x86
		{C5B620C3-5A34-40C3-B648-7F1F5CC6D64B}.net_3_5_Release|Mixed Platforms.ActiveCfg = Release|x86
		{C5B620C3-5A34-40C3-B648-7F1F5CC6D64B}.net_3_5_Release|Mixed Platforms.Build.0 = Release|x86
		{C5B620C3-5A34-40C3-B648-7F1F5CC6D64B}.net_3_5_Release|x86.ActiveCfg = Release|x86
		{C5B620C3-5A34-40C3-B648-7F1F5CC6D64B}.net_3_5_Release|x86.Build.0 = Release|x86
		{C5B620C3-5A34-40C3-B648-7F1F5CC6D64B}.net_4_0_Debug|Any CPU.ActiveCfg = Debug|x86
		{C5B620C3-5A34-40C3-B648-7F1F5CC6D64B}.net_4_0_Debug|Mixed Platforms.ActiveCfg = Debug|x86
		{C5B620C3-5A34-40C3-B648-7F1F5CC6D64B}.net_4_0_Debug|Mixed Platforms.Build.0 = Debug|x86
		{C5B620C3-5A34-40C3-B648-7F1F5CC6D64B}.net_4_0_Debug|x86.ActiveCfg = Debug|x86
		{C5B620C3-5A34-40C3-B648-7F1F5CC6D64B}.net_4_0_Debug|x86.Build.0 = Debug|x86
		{C5B620C3-5A34-40C3-B648-7F1F5CC6D64B}.net_4_0_Release|Any CPU.ActiveCfg = Release|x86
		{C5B620C3-5A34-40C3-B648-7F1F5CC6D64B}.net_4_0_Release|Mixed Platforms.ActiveCfg = Release|x86
		{C5B620C3-5A34-40C3-B648-7F1F5CC6D64B}.net_4_0_Release|Mixed Platforms.Build.0 = Release|x86
		{C5B620C3-5A34-40C3-B648-7F1F5CC6D64B}.net_4_0_Release|x86.ActiveCfg = Release|x86
		{C5B620C3-5A34-40C3-B648-7F1F5CC6D64B}.net_4_0_Release|x86.Build.0 = Release|x86
		{C5B620C3-5A34-40C3-B648-7F1F5CC6D64B}.net_4_5_Debug|Any CPU.ActiveCfg = Debug|x86
		{C5B620C3-5A34-40C3-B648-7F1F5CC6D64B}.net_4_5_Debug|Mixed Platforms.ActiveCfg = Debug|x86
		{C5B620C3-5A34-40C3-B648-7F1F5CC6D64B}.net_4_5_Debug|Mixed Platforms.Build.0 = Debug|x86
		{C5B620C3-5A34-40C3-B648-7F1F5CC6D64B}.net_4_5_Debug|x86.ActiveCfg = Debug|x86
		{C5B620C3-5A34-40C3-B648-7F1F5CC6D64B}.net_4_5_Debug|x86.Build.0 = Debug|x86
		{C5B620C3-5A34-40C3-B648-7F1F5CC6D64B}.net_4_5_Release|Any CPU.ActiveCfg = Release|x86
		{C5B620C3-5A34-40C3-B648-7F1F5CC6D64B}.net_4_5_Release|Mixed Platforms.ActiveCfg = Release|x86
		{C5B620C3-5A34-40C3-B648-7F1F5CC6D64B}.net_4_5_Release|Mixed Platforms.Build.0 = Release|x86
		{C5B620C3-5A34-40C3-B648-7F1F5CC6D64B}.net_4_5_Release|x86.ActiveCfg = Release|x86
		{C5B620C3-5A34-40C3-B648-7F1F5CC6D64B}.net_4_5_Release|x86.Build.0 = Release|x86
		{C5B620C3-5A34-40C3-B648-7F1F5CC6D64B}.Release|Any CPU.ActiveCfg = Release|x86
		{C5B620C3-5A34-40C3-B648-7F1F5CC6D64B}.Release|Mixed Platforms.ActiveCfg = Release|x86
		{C5B620C3-5A34-40C3-B648-7F1F5CC6D64B}.Release|Mixed Platforms.Build.0 = Release|x86
		{C5B620C3-5A34-40C3-B648-7F1F5CC6D64B}.Release|x86.ActiveCfg = Release|x86
		{C5B620C3-5A34-40C3-B648-7F1F5CC6D64B}.Release|x86.Build.0 = Release|x86
		{C5B620C3-5A34-40C3-B648-7F1F5CC6D64B}.silverlight_Debug|Any CPU.ActiveCfg = Debug|x86
		{C5B620C3-5A34-40C3-B648-7F1F5CC6D64B}.silverlight_Debug|Mixed Platforms.ActiveCfg = Debug|x86
		{C5B620C3-5A34-40C3-B648-7F1F5CC6D64B}.silverlight_Debug|Mixed Platforms.Build.0 = Debug|x86
		{C5B620C3-5A34-40C3-B648-7F1F5CC6D64B}.silverlight_Debug|x86.ActiveCfg = Debug|x86
		{C5B620C3-5A34-40C3-B648-7F1F5CC6D64B}.silverlight_Debug|x86.Build.0 = Debug|x86
		{C5B620C3-5A34-40C3-B648-7F1F5CC6D64B}.silverlight_Release|Any CPU.ActiveCfg = Release|x86
		{C5B620C3-5A34-40C3-B648-7F1F5CC6D64B}.silverlight_Release|Mixed Platforms.ActiveCfg = Release|x86
		{C5B620C3-5A34-40C3-B648-7F1F5CC6D64B}.silverlight_Release|Mixed Platforms.Build.0 = Release|x86
		{C5B620C3-5A34-40C3-B648-7F1F5CC6D64B}.silverlight_Release|x86.ActiveCfg = Release|x86
		{C5B620C3-5A34-40C3-B648-7F1F5CC6D64B}.silverlight_Release|x86.Build.0 = Release|x86
		{C5B620C3-5A34-40C3-B648-7F1F5CC6D64B}.winphone_Debug|Any CPU.ActiveCfg = Debug|x86
		{C5B620C3-5A34-40C3-B648-7F1F5CC6D64B}.winphone_Debug|Mixed Platforms.ActiveCfg = Debug|x86
		{C5B620C3-5A34-40C3-B648-7F1F5CC6D64B}.winphone_Debug|Mixed Platforms.Build.0 = Debug|x86
		{C5B620C3-5A34-40C3-B648-7F1F5CC6D64B}.winphone_Debug|x86.ActiveCfg = Debug|x86
		{C5B620C3-5A34-40C3-B648-7F1F5CC6D64B}.winphone_Debug|x86.Build.0 = Debug|x86
		{C5B620C3-5A34-40C3-B648-7F1F5CC6D64B}.winphone_Release|Any CPU.ActiveCfg = Release|x86
		{C5B620C3-5A34-40C3-B648-7F1F5CC6D64B}.winphone_Release|Mixed Platforms.ActiveCfg = Release|x86
		{C5B620C3-5A34-40C3-B648-7F1F5CC6D64B}.winphone_Release|Mixed Platforms.Build.0 = Release|x86
		{C5B620C3-5A34-40C3-B648-7F1F5CC6D64B}.winphone_Release|x86.ActiveCfg = Release|x86
		{C5B620C3-5A34-40C3-B648-7F1F5CC6D64B}.winphone_Release|x86.Build.0 = Release|x86
	EndGlobalSection
	GlobalSection(SolutionProperties) = preSolution
		HideSolutionNode = FALSE
	EndGlobalSection
	GlobalSection(NestedProjects) = preSolution
		{D5344E3D-230B-4902-9B8C-6BBDAE5CA7A6} = {4E5B2029-DF23-4FDC-AD7E-42AA78E3A466}
		{453CE390-4B91-4BDC-A14B-DFE81B24338C} = {4E5B2029-DF23-4FDC-AD7E-42AA78E3A466}
		{C5B620C3-5A34-40C3-B648-7F1F5CC6D64B} = {4E5B2029-DF23-4FDC-AD7E-42AA78E3A466}
	EndGlobalSection
EndGlobal
